{
  "version": 4,
  "terraform_version": "1.14.8",
  "serial": 170,
  "lineage": "9c0f1c6f-93f7-c20e-35c7-3f831a7be8db",
  "outputs": {
    "ALB_DNS_NAME": {
      "value": "three-tier-alb-881728508.ap-south-1.elb.amazonaws.com",
      "type": "string"
    },
    "DATABASE_NAME": {
      "value": "cloudethix",
      "type": "string"
    },
    "DATABASE_PORT": {
      "value": 3306,
      "type": "number"
    },
    "INSTANCE_ID": {
      "value": "i-0da9f1709bfe2bf07",
      "type": "string"
    },
    "PRIVATE_IP": {
      "value": "10.0.3.179",
      "type": "string"
    },
    "RDS_ENDPOINT": {
      "value": "three-tier-db.c9e08egmmmsp.ap-south-1.rds.amazonaws.com:3306",
      "type": "string"
    },
    "TARGET_GROUP_ARN": {
      "value": "arn:aws:elasticloadbalancing:ap-south-1:423636639962:targetgroup/Application-TG/602744377c2fee65",
      "type": "string"
    }
  },
  "resources": [
    {
      "mode": "data",
      "type": "aws_ami",
      "name": "amazon_linux",
      "provider": "provider[\"registry.terraform.io/hashicorp/aws\"]",
      "instances": [
        {
          "schema_version": 0,
          "attributes": {
            "allow_unsafe_filter": null,
            "architecture": "x86_64",
            "arn": "arn:aws:ec2:ap-south-1::image/ami-0081672cf20076b76",
            "block_device_mappings": [
              {
                "device_name": "/dev/xvda",
                "ebs": {
                  "delete_on_termination": "true",
                  "encrypted": "false",
                  "iops": "3000",
                  "snapshot_id": "snap-035cd856317121458",
                  "throughput": "125",
                  "volume_initialization_rate": "0",
                  "volume_size": "30",
                  "volume_type": "gp3"
                },
                "no_device": "",
                "virtual_name": ""
              }
            ],
            "boot_mode": "uefi-preferred",
            "creation_date": "2026-08-06T00:49:28.000Z",
            "deprecation_time": "2028-08-06T00:49:28.000Z",
            "description": "Amazon Linux AMI 2023.0.20260805 x86_64 ECS HVM EBS",
            "ena_support": true,
            "executable_users": null,
            "filter": [
              {
                "name": "name",
                "values": [
                  "al2023-ami-*-x86_64"
                ]
              }
            ],
            "hypervisor": "xen",
            "id": "ami-0081672cf20076b76",
            "image_id": "ami-0081672cf20076b76",
            "image_location": "amazon/al2023-ami-ecs-hvm-2023.0.20260805-kernel-6.1-x86_64",
            "image_owner_alias": "amazon",
            "image_type": "machine",
            "imds_support": "v2.0",
            "include_deprecated": false,
            "kernel_id": "",
            "last_launched_time": "",
            "most_recent": true,
            "name": "al2023-ami-ecs-hvm-2023.0.20260805-kernel-6.1-x86_64",
            "name_regex": null,
            "owner_id": "591542846629",
            "owners": [
              "amazon"
            ],
            "platform": "",
            "platform_details": "Linux/UNIX",
            "product_codes": [],
            "public": true,
            "ramdisk_id": "",
            "region": "ap-south-1",
            "root_device_name": "/dev/xvda",
            "root_device_type": "ebs",
            "root_snapshot_id": "snap-035cd856317121458",
            "sriov_net_support": "simple",
            "state": "available",
            "state_reason": {
              "code": "UNSET",
              "message": "UNSET"
            },
            "tags": {},
            "timeouts": null,
            "tpm_support": "",
            "uefi_data": null,
            "usage_operation": "RunInstances",
            "virtualization_type": "hvm"
          },
          "sensitive_attributes": [],
          "identity_schema_version": 0
        }
      ]
    },
    {
      "module": "module.Security_groups",
      "mode": "managed",
      "type": "aws_security_group",
      "name": "this_alb_sg",
      "provider": "provider[\"registry.terraform.io/hashicorp/aws\"]",
      "instances": [
        {
          "schema_version": 1,
          "attributes": {
            "arn": "arn:aws:ec2:ap-south-1:423636639962:security-group/sg-006cec3ba7c67dddd",
            "description": "security group from ALB",
            "egress": [
              {
                "cidr_blocks": [
                  "0.0.0.0/0"
                ],
                "description": "",
                "from_port": 0,
                "ipv6_cidr_blocks": [],
                "prefix_list_ids": [],
                "protocol": "-1",
                "security_groups": [],
                "self": false,
                "to_port": 0
              }
            ],
            "id": "sg-006cec3ba7c67dddd",
            "ingress": [
              {
                "cidr_blocks": [
                  "0.0.0.0/0"
                ],
                "description": "",
                "from_port": 443,
                "ipv6_cidr_blocks": [],
                "prefix_list_ids": [],
                "protocol": "tcp",
                "security_groups": [],
                "self": false,
                "to_port": 443
              },
              {
                "cidr_blocks": [
                  "0.0.0.0/0"
                ],
                "description": "",
                "from_port": 80,
                "ipv6_cidr_blocks": [],
                "prefix_list_ids": [],
                "protocol": "tcp",
                "security_groups": [],
                "self": false,
                "to_port": 80
              }
            ],
            "name": "alb-sg",
            "name_prefix": "",
            "owner_id": "423636639962",
            "region": "ap-south-1",
            "revoke_rules_on_delete": false,
            "tags": {
              "Name": "alb-sg"
            },
            "tags_all": {
              "Name": "alb-sg"
            },
            "timeouts": null,
            "vpc_id": "vpc-0ee7cdbf4d506c65e"
          },
          "sensitive_attributes": [],
          "identity_schema_version": 0,
          "identity": {
            "account_id": "423636639962",
            "id": "sg-006cec3ba7c67dddd",
            "region": "ap-south-1"
          },
          "private": "eyJlMmJmYjczMC1lY2FhLTExZTYtOGY4OC0zNDM2M2JjN2M0YzAiOnsiY3JlYXRlIjo2MDAwMDAwMDAwMDAsImRlbGV0ZSI6OTAwMDAwMDAwMDAwfSwic2NoZW1hX3ZlcnNpb24iOiIxIn0=",
          "dependencies": [
            "module.networking.aws_vpc.this_vpc"
          ]
        }
      ]
    },
    {
      "module": "module.Security_groups",
      "mode": "managed",
      "type": "aws_security_group",
      "name": "this_app_sg",
      "provider": "provider[\"registry.terraform.io/hashicorp/aws\"]",
      "instances": [
        {
          "schema_version": 1,
          "attributes": {
            "arn": "arn:aws:ec2:ap-south-1:423636639962:security-group/sg-08611db6c7bae0c07",
            "description": "Application security group",
            "egress": [
              {
                "cidr_blocks": [
                  "0.0.0.0/0"
                ],
                "description": "",
                "from_port": 0,
                "ipv6_cidr_blocks": [],
                "prefix_list_ids": [],
                "protocol": "-1",
                "security_groups": [],
                "self": false,
                "to_port": 0
              }
            ],
            "id": "sg-08611db6c7bae0c07",
            "ingress": [
              {
                "cidr_blocks": [],
                "description": "",
                "from_port": 80,
                "ipv6_cidr_blocks": [],
                "prefix_list_ids": [],
                "protocol": "tcp",
                "security_groups": [
                  "sg-006cec3ba7c67dddd"
                ],
                "self": false,
                "to_port": 80
              }
            ],
            "name": "application-sg",
            "name_prefix": "",
            "owner_id": "423636639962",
            "region": "ap-south-1",
            "revoke_rules_on_delete": false,
            "tags": {
              "Name": "application-sg"
            },
            "tags_all": {
              "Name": "application-sg"
            },
            "timeouts": null,
            "vpc_id": "vpc-0ee7cdbf4d506c65e"
          },
          "sensitive_attributes": [],
          "identity_schema_version": 0,
          "identity": {
            "account_id": "423636639962",
            "id": "sg-08611db6c7bae0c07",
            "region": "ap-south-1"
          },
          "private": "eyJlMmJmYjczMC1lY2FhLTExZTYtOGY4OC0zNDM2M2JjN2M0YzAiOnsiY3JlYXRlIjo2MDAwMDAwMDAwMDAsImRlbGV0ZSI6OTAwMDAwMDAwMDAwfSwic2NoZW1hX3ZlcnNpb24iOiIxIn0=",
          "dependencies": [
            "module.Security_groups.aws_security_group.this_alb_sg",
            "module.networking.aws_vpc.this_vpc"
          ]
        }
      ]
    },
    {
      "module": "module.Security_groups",
      "mode": "managed",
      "type": "aws_security_group",
      "name": "this_db_sg",
      "provider": "provider[\"registry.terraform.io/hashicorp/aws\"]",
      "instances": [
        {
          "schema_version": 1,
          "attributes": {
            "arn": "arn:aws:ec2:ap-south-1:423636639962:security-group/sg-04745b76e90d12dc5",
            "description": "Database Security group",
            "egress": [
              {
                "cidr_blocks": [
                  "0.0.0.0/0"
                ],
                "description": "",
                "from_port": 0,
                "ipv6_cidr_blocks": [],
                "prefix_list_ids": [],
                "protocol": "-1",
                "security_groups": [],
                "self": false,
                "to_port": 0
              }
            ],
            "id": "sg-04745b76e90d12dc5",
            "ingress": [
              {
                "cidr_blocks": [],
                "description": "",
                "from_port": 3306,
                "ipv6_cidr_blocks": [],
                "prefix_list_ids": [],
                "protocol": "tcp",
                "security_groups": [
                  "sg-08611db6c7bae0c07"
                ],
                "self": false,
                "to_port": 3306
              }
            ],
            "name": "database-sg",
            "name_prefix": "",
            "owner_id": "423636639962",
            "region": "ap-south-1",
            "revoke_rules_on_delete": false,
            "tags": {
              "Name": "database-sg"
            },
            "tags_all": {
              "Name": "database-sg"
            },
            "timeouts": null,
            "vpc_id": "vpc-0ee7cdbf4d506c65e"
          },
          "sensitive_attributes": [],
          "identity_schema_version": 0,
          "identity": {
            "account_id": "423636639962",
            "id": "sg-04745b76e90d12dc5",
            "region": "ap-south-1"
          },
          "private": "eyJlMmJmYjczMC1lY2FhLTExZTYtOGY4OC0zNDM2M2JjN2M0YzAiOnsiY3JlYXRlIjo2MDAwMDAwMDAwMDAsImRlbGV0ZSI6OTAwMDAwMDAwMDAwfSwic2NoZW1hX3ZlcnNpb24iOiIxIn0=",
          "dependencies": [
            "module.Security_groups.aws_security_group.this_alb_sg",
            "module.Security_groups.aws_security_group.this_app_sg",
            "module.networking.aws_vpc.this_vpc"
          ]
        }
      ]
    },
    {
      "module": "module.alb",
      "mode": "managed",
      "type": "aws_lb",
      "name": "this_alb",
      "provider": "provider[\"registry.terraform.io/hashicorp/aws\"]",
      "instances": [
        {
          "schema_version": 0,
          "attributes": {
            "access_logs": [
              {
                "bucket": "",
                "enabled": false,
                "prefix": ""
              }
            ],
            "arn": "arn:aws:elasticloadbalancing:ap-south-1:423636639962:loadbalancer/app/three-tier-alb/5394d67df4581ad6",
            "arn_suffix": "app/three-tier-alb/5394d67df4581ad6",
            "client_keep_alive": 3600,
            "connection_logs": [
              {
                "bucket": "",
                "enabled": false,
                "prefix": ""
              }
            ],
            "customer_owned_ipv4_pool": "",
            "desync_mitigation_mode": "defensive",
            "dns_name": "three-tier-alb-881728508.ap-south-1.elb.amazonaws.com",
            "dns_record_client_routing_policy": null,
            "drop_invalid_header_fields": false,
            "enable_cross_zone_load_balancing": true,
            "enable_deletion_protection": false,
            "enable_http2": true,
            "enable_prefix_for_ipv6_source_nat": "off",
            "enable_tls_version_and_cipher_suite_headers": false,
            "enable_waf_fail_open": false,
            "enable_xff_client_port": false,
            "enable_zonal_shift": false,
            "enforce_security_group_inbound_rules_on_private_link_traffic": "",
            "health_check_logs": [
              {
                "bucket": "",
                "enabled": false,
                "prefix": ""
              }
            ],
            "id": "arn:aws:elasticloadbalancing:ap-south-1:423636639962:loadbalancer/app/three-tier-alb/5394d67df4581ad6",
            "idle_timeout": 60,
            "internal": false,
            "ip_address_type": "ipv4",
            "ipam_pools": [],
            "load_balancer_type": "application",
            "minimum_load_balancer_capacity": [],
            "name": "three-tier-alb",
            "name_prefix": "",
            "preserve_host_header": false,
            "region": "ap-south-1",
            "secondary_ips_auto_assigned_per_subnet": null,
            "security_groups": [
              "sg-006cec3ba7c67dddd"
            ],
            "subnet_mapping": [
              {
                "allocation_id": "",
                "ipv6_address": "",
                "outpost_id": "",
                "private_ipv4_address": "",
                "subnet_id": "subnet-044a871f57ab1c323"
              },
              {
                "allocation_id": "",
                "ipv6_address": "",
                "outpost_id": "",
                "private_ipv4_address": "",
                "subnet_id": "subnet-095a0536df5da321b"
              }
            ],
            "subnets": [
              "subnet-044a871f57ab1c323",
              "subnet-095a0536df5da321b"
            ],
            "tags": {
              "Name": "three-tier-alb"
            },
            "tags_all": {
              "Name": "three-tier-alb"
            },
            "timeouts": null,
            "vpc_id": "vpc-0ee7cdbf4d506c65e",
            "xff_header_processing_mode": "append",
            "zone_id": "ZP97RAFLXTNZK"
          },
          "sensitive_attributes": [],
          "identity_schema_version": 0,
          "identity": {
            "arn": "arn:aws:elasticloadbalancing:ap-south-1:423636639962:loadbalancer/app/three-tier-alb/5394d67df4581ad6"
          },
          "private": "eyJlMmJmYjczMC1lY2FhLTExZTYtOGY4OC0zNDM2M2JjN2M0YzAiOnsiY3JlYXRlIjo2MDAwMDAwMDAwMDAsImRlbGV0ZSI6NjAwMDAwMDAwMDAwLCJ1cGRhdGUiOjYwMDAwMDAwMDAwMH19",
          "dependencies": [
            "module.Security_groups.aws_security_group.this_alb_sg",
            "module.networking.aws_subnet.this_public_subnet",
            "module.networking.aws_vpc.this_vpc"
          ]
        }
      ]
    },
    {
      "module": "module.alb",
      "mode": "managed",
      "type": "aws_lb_listener",
      "name": "this_http_listener",
      "provider": "provider[\"registry.terraform.io/hashicorp/aws\"]",
      "instances": [
        {
          "schema_version": 0,
          "attributes": {
            "alpn_policy": null,
            "arn": "arn:aws:elasticloadbalancing:ap-south-1:423636639962:listener/app/three-tier-alb/5394d67df4581ad6/570d80b0ea2248c1",
            "certificate_arn": null,
            "default_action": [
              {
                "authenticate_cognito": [],
                "authenticate_oidc": [],
                "fixed_response": [],
                "forward": [],
                "jwt_validation": [],
                "order": 1,
                "redirect": [],
                "target_group_arn": "arn:aws:elasticloadbalancing:ap-south-1:423636639962:targetgroup/Application-TG/602744377c2fee65",
                "type": "forward"
              }
            ],
            "id": "arn:aws:elasticloadbalancing:ap-south-1:423636639962:listener/app/three-tier-alb/5394d67df4581ad6/570d80b0ea2248c1",
            "load_balancer_arn": "arn:aws:elasticloadbalancing:ap-south-1:423636639962:loadbalancer/app/three-tier-alb/5394d67df4581ad6",
            "mutual_authentication": [],
            "port": 80,
            "protocol": "HTTP",
            "region": "ap-south-1",
            "routing_http_request_x_amzn_mtls_clientcert_header_name": null,
            "routing_http_request_x_amzn_mtls_clientcert_issuer_header_name": null,
            "routing_http_request_x_amzn_mtls_clientcert_leaf_header_name": null,
            "routing_http_request_x_amzn_mtls_clientcert_serial_number_header_name": null,
            "routing_http_request_x_amzn_mtls_clientcert_subject_header_name": null,
            "routing_http_request_x_amzn_mtls_clientcert_validity_header_name": null,
            "routing_http_request_x_amzn_tls_cipher_suite_header_name": null,
            "routing_http_request_x_amzn_tls_version_header_name": null,
            "routing_http_response_access_control_allow_credentials_header_value": "",
            "routing_http_response_access_control_allow_headers_header_value": "",
            "routing_http_response_access_control_allow_methods_header_value": "",
            "routing_http_response_access_control_allow_origin_header_value": "",
            "routing_http_response_access_control_expose_headers_header_value": "",
            "routing_http_response_access_control_max_age_header_value": "",
            "routing_http_response_content_security_policy_header_value": "",
            "routing_http_response_server_enabled": true,
            "routing_http_response_strict_transport_security_header_value": "",
            "routing_http_response_x_content_type_options_header_value": "",
            "routing_http_response_x_frame_options_header_value": "",
            "ssl_policy": "",
            "tags": null,
            "tags_all": {},
            "tcp_idle_timeout_seconds": null,
            "timeouts": null
          },
          "sensitive_attributes": [],
          "identity_schema_version": 0,
          "identity": {
            "arn": "arn:aws:elasticloadbalancing:ap-south-1:423636639962:listener/app/three-tier-alb/5394d67df4581ad6/570d80b0ea2248c1"
          },
          "private": "eyJlMmJmYjczMC1lY2FhLTExZTYtOGY4OC0zNDM2M2JjN2M0YzAiOnsiY3JlYXRlIjozMDAwMDAwMDAwMDAsInVwZGF0ZSI6MzAwMDAwMDAwMDAwfX0=",
          "dependencies": [
            "module.Security_groups.aws_security_group.this_alb_sg",
            "module.alb.aws_lb.this_alb",
            "module.alb.aws_lb_target_group.this_app_lb_tg",
            "module.networking.aws_subnet.this_public_subnet",
            "module.networking.aws_vpc.this_vpc"
          ]
        }
      ]
    },
    {
      "module": "module.alb",
      "mode": "managed",
      "type": "aws_lb_target_group",
      "name": "this_app_lb_tg",
      "provider": "provider[\"registry.terraform.io/hashicorp/aws\"]",
      "instances": [
        {
          "schema_version": 0,
          "attributes": {
            "arn": "arn:aws:elasticloadbalancing:ap-south-1:423636639962:targetgroup/Application-TG/602744377c2fee65",
            "arn_suffix": "targetgroup/Application-TG/602744377c2fee65",
            "connection_termination": null,
            "deregistration_delay": "300",
            "health_check": [
              {
                "enabled": true,
                "healthy_threshold": 3,
                "interval": 30,
                "matcher": "200",
                "path": "/",
                "port": "traffic-port",
                "protocol": "HTTP",
                "timeout": 5,
                "unhealthy_threshold": 3
              }
            ],
            "id": "arn:aws:elasticloadbalancing:ap-south-1:423636639962:targetgroup/Application-TG/602744377c2fee65",
            "ip_address_type": "ipv4",
            "lambda_multi_value_headers_enabled": false,
            "load_balancer_arns": [],
            "load_balancing_algorithm_type": "round_robin",
            "load_balancing_anomaly_mitigation": "off",
            "load_balancing_cross_zone_enabled": "use_load_balancer_configuration",
            "name": "Application-TG",
            "name_prefix": "",
            "port": 80,
            "preserve_client_ip": null,
            "protocol": "HTTP",
            "protocol_version": "HTTP1",
            "proxy_protocol_v2": false,
            "region": "ap-south-1",
            "slow_start": 0,
            "stickiness": [
              {
                "cookie_duration": 86400,
                "cookie_name": "",
                "enabled": false,
                "type": "lb_cookie"
              }
            ],
            "tags": {
              "Name": "Application-TG"
            },
            "tags_all": {
              "Name": "Application-TG"
            },
            "target_control_port": 0,
            "target_failover": [
              {
                "on_deregistration": null,
                "on_unhealthy": null
              }
            ],
            "target_group_health": [
              {
                "dns_failover": [
                  {
                    "minimum_healthy_targets_count": "1",
                    "minimum_healthy_targets_percentage": "off"
                  }
                ],
                "unhealthy_state_routing": [
                  {
                    "minimum_healthy_targets_count": 1,
                    "minimum_healthy_targets_percentage": "off"
                  }
                ]
              }
            ],
            "target_health_state": [
              {
                "enable_unhealthy_connection_termination": null,
                "unhealthy_draining_interval": null
              }
            ],
            "target_type": "instance",
            "vpc_id": "vpc-0ee7cdbf4d506c65e"
          },
          "sensitive_attributes": [],
          "identity_schema_version": 0,
          "identity": {
            "arn": "arn:aws:elasticloadbalancing:ap-south-1:423636639962:targetgroup/Application-TG/602744377c2fee65"
          },
          "private": "bnVsbA==",
          "dependencies": [
            "module.networking.aws_vpc.this_vpc"
          ]
        }
      ]
    },
    {
      "module": "module.ec2",
      "mode": "managed",
      "type": "aws_instance",
      "name": "app",
      "provider": "provider[\"registry.terraform.io/hashicorp/aws\"]",
      "instances": [
        {
          "schema_version": 2,
          "attributes": {
            "ami": "ami-0081672cf20076b76",
            "arn": "arn:aws:ec2:ap-south-1:423636639962:instance/i-0da9f1709bfe2bf07",
            "associate_public_ip_address": false,
            "availability_zone": "ap-south-1a",
            "capacity_reservation_specification": [
              {
                "capacity_reservation_preference": "open",
                "capacity_reservation_target": []
              }
            ],
            "cpu_options": [
              {
                "amd_sev_snp": "",
                "core_count": 1,
                "nested_virtualization": "",
                "threads_per_core": 2
              }
            ],
            "credit_specification": [
              {
                "cpu_credits": "unlimited"
              }
            ],
            "disable_api_stop": false,
            "disable_api_termination": false,
            "ebs_block_device": [],
            "ebs_optimized": false,
            "enable_primary_ipv6": null,
            "enclave_options": [
              {
                "enabled": false
              }
            ],
            "ephemeral_block_device": [],
            "force_destroy": false,
            "get_password_data": false,
            "hibernation": false,
            "host_id": "",
            "host_resource_group_arn": null,
            "iam_instance_profile": "EC2-SSM-PROFILE",
            "id": "i-0da9f1709bfe2bf07",
            "instance_initiated_shutdown_behavior": "stop",
            "instance_lifecycle": "",
            "instance_market_options": [],
            "instance_state": "running",
            "instance_type": "t3.small",
            "ipv6_address_count": 0,
            "ipv6_addresses": [],
            "key_name": "three-tier-tf-key",
            "launch_template": [],
            "maintenance_options": [
              {
                "auto_recovery": "default"
              }
            ],
            "metadata_options": [
              {
                "http_endpoint": "enabled",
                "http_protocol_ipv6": "disabled",
                "http_put_response_hop_limit": 2,
                "http_tokens": "required",
                "instance_metadata_tags": "disabled"
              }
            ],
            "monitoring": false,
            "network_interface": [],
            "outpost_arn": "",
            "password_data": "",
            "placement_group": "",
            "placement_group_id": "",
            "placement_partition_number": 0,
            "primary_network_interface": [
              {
                "delete_on_termination": true,
                "network_interface_id": "eni-08dd362d9d31a6dd2"
              }
            ],
            "primary_network_interface_id": "eni-08dd362d9d31a6dd2",
            "private_dns": "ip-10-0-3-179.ap-south-1.compute.internal",
            "private_dns_name_options": [
              {
                "enable_resource_name_dns_a_record": false,
                "enable_resource_name_dns_aaaa_record": false,
                "hostname_type": "ip-name"
              }
            ],
            "private_ip": "10.0.3.179",
            "public_dns": "",
            "public_ip": "",
            "region": "ap-south-1",
            "root_block_device": [
              {
                "delete_on_termination": true,
                "device_name": "/dev/xvda",
                "encrypted": false,
                "iops": 3000,
                "kms_key_id": "",
                "tags": {},
                "tags_all": {},
                "throughput": 125,
                "volume_id": "vol-0944d3b988af61374",
                "volume_size": 30,
                "volume_type": "gp3"
              }
            ],
            "secondary_network_interface": [],
            "secondary_private_ips": [],
            "security_groups": [],
            "source_dest_check": true,
            "spot_instance_request_id": "",
            "subnet_id": "subnet-0e66ca5f91dded67f",
            "tags": {
              "Name": "application-server"
            },
            "tags_all": {
              "Name": "application-server"
            },
            "tenancy": "default",
            "timeouts": null,
            "user_data": "#!/bin/bash\n\nset -e\n\necho \"===== Starting EC2 User Data =====\"\n\n# Update packages\ndnf update -y\n\n# Install Git, Docker and curl\ndnf install -y git docker curl\n\n# Enable and start Docker\nsystemctl enable docker\nsystemctl start docker\n\necho \"===== Docker installed =====\"\n\n# Install Docker Compose plugin\nmkdir -p /usr/local/lib/docker/cli-plugins\n\ncurl -SL \\\n  https://github.com/docker/compose/releases/latest/download/docker-compose-linux-x86_64 \\\n  -o /usr/local/lib/docker/cli-plugins/docker-compose\n\nchmod +x /usr/local/lib/docker/cli-plugins/docker-compose\n\necho \"===== Docker Compose installed =====\"\n\n# Verify Docker Compose\ndocker compose version\n\n# Clone application\ncd /home/ec2-user\n\ngit clone https://github.com/Avejlanjekar/Employee_management_system.git Employee_management_system\n\nchown -R ec2-user:ec2-user /home/ec2-user/Employee_management_system\n\ncd /home/ec2-user/Employee_management_system\n\necho \"===== Application cloned =====\"\n\n# Create backend environment file\ncat \u003e backend/.env \u003c\u003cEOF\nPORT=5000\nDB_HOST=three-tier-db.c9e08egmmmsp.ap-south-1.rds.amazonaws.com\nDB_USER=Avej\nDB_PASSWORD=Avej1234\nDB_NAME=cloudethix\nDB_PORT=3306\nEOF\n\necho \"===== Backend environment configured =====\"\n\n# Build application\ndocker compose build\n\necho \"===== Docker images built =====\"\n\n# Start application\ndocker compose up -d\n\necho \"===== Employee Management System started =====\"\n\n# Show running containers\ndocker ps\n\necho \"===== EC2 User Data Completed =====\"",
            "user_data_base64": null,
            "user_data_replace_on_change": false,
            "volume_tags": null,
            "vpc_security_group_ids": [
              "sg-08611db6c7bae0c07"
            ]
          },
          "sensitive_attributes": [
            [
              {
                "type": "get_attr",
                "value": "user_data"
              }
            ]
          ],
          "identity_schema_version": 0,
          "identity": {
            "account_id": "423636639962",
            "id": "i-0da9f1709bfe2bf07",
            "region": "ap-south-1"
          },
          "private": "eyJlMmJmYjczMC1lY2FhLTExZTYtOGY4OC0zNDM2M2JjN2M0YzAiOnsiY3JlYXRlIjo2MDAwMDAwMDAwMDAsImRlbGV0ZSI6MTIwMDAwMDAwMDAwMCwicmVhZCI6OTAwMDAwMDAwMDAwLCJ1cGRhdGUiOjYwMDAwMDAwMDAwMH0sInNjaGVtYV92ZXJzaW9uIjoiMiJ9",
          "dependencies": [
            "data.aws_ami.amazon_linux",
            "module.Security_groups.aws_security_group.this_alb_sg",
            "module.Security_groups.aws_security_group.this_app_sg",
            "module.iam.aws_iam_instance_profile.this_ec2_ssm_profile",
            "module.iam.aws_iam_role.this_ec2_ssm_role",
            "module.keypair.aws_key_pair.this_key_pair",
            "module.keypair.tls_private_key.this_key",
            "module.networking.aws_subnet.this_private_app_subnet",
            "module.networking.aws_vpc.this_vpc"
          ]
        }
      ]
    },
    {
      "module": "module.ec2",
      "mode": "managed",
      "type": "aws_lb_target_group_attachment",
      "name": "app",
      "provider": "provider[\"registry.terraform.io/hashicorp/aws\"]",
      "instances": [
        {
          "schema_version": 0,
          "attributes": {
            "availability_zone": null,
            "id": "arn:aws:elasticloadbalancing:ap-south-1:423636639962:targetgroup/Application-TG/602744377c2fee65,i-0da9f1709bfe2bf07,80",
            "port": 80,
            "quic_server_id": null,
            "region": "ap-south-1",
            "target_group_arn": "arn:aws:elasticloadbalancing:ap-south-1:423636639962:targetgroup/Application-TG/602744377c2fee65",
            "target_id": "i-0da9f1709bfe2bf07"
          },
          "sensitive_attributes": [],
          "identity_schema_version": 0,
          "identity": {
            "account_id": "423636639962",
            "availability_zone": null,
            "port": 80,
            "quic_server_id": null,
            "region": "ap-south-1",
            "target_group_arn": "arn:aws:elasticloadbalancing:ap-south-1:423636639962:targetgroup/Application-TG/602744377c2fee65",
            "target_id": "i-0da9f1709bfe2bf07"
          },
          "private": "bnVsbA==",
          "dependencies": [
            "data.aws_ami.amazon_linux",
            "module.Security_groups.aws_security_group.this_alb_sg",
            "module.Security_groups.aws_security_group.this_app_sg",
            "module.alb.aws_lb_target_group.this_app_lb_tg",
            "module.ec2.aws_instance.app",
            "module.iam.aws_iam_instance_profile.this_ec2_ssm_profile",
            "module.iam.aws_iam_role.this_ec2_ssm_role",
            "module.keypair.aws_key_pair.this_key_pair",
            "module.keypair.tls_private_key.this_key",
            "module.networking.aws_subnet.this_private_app_subnet",
            "module.networking.aws_vpc.this_vpc"
          ]
        }
      ]
    },
    {
      "module": "module.iam",
      "mode": "managed",
      "type": "aws_iam_instance_profile",
      "name": "this_ec2_ssm_profile",
      "provider": "provider[\"registry.terraform.io/hashicorp/aws\"]",
      "instances": [
        {
          "schema_version": 0,
          "attributes": {
            "arn": "arn:aws:iam::423636639962:instance-profile/EC2-SSM-PROFILE",
            "create_date": "2026-08-10T05:54:19Z",
            "id": "EC2-SSM-PROFILE",
            "name": "EC2-SSM-PROFILE",
            "name_prefix": "",
            "path": "/",
            "role": "EC2-SSM-ROLE",
            "tags": null,
            "tags_all": {},
            "unique_id": "AIPAWFIVWEDNOETBXD7MC"
          },
          "sensitive_attributes": [],
          "identity_schema_version": 0,
          "identity": {
            "account_id": "423636639962",
            "name": "EC2-SSM-PROFILE"
          },
          "private": "bnVsbA==",
          "dependencies": [
            "module.iam.aws_iam_role.this_ec2_ssm_role"
          ]
        }
      ]
    },
    {
      "module": "module.iam",
      "mode": "managed",
      "type": "aws_iam_role",
      "name": "this_ec2_ssm_role",
      "provider": "provider[\"registry.terraform.io/hashicorp/aws\"]",
      "instances": [
        {
          "schema_version": 0,
          "attributes": {
            "arn": "arn:aws:iam::423636639962:role/EC2-SSM-ROLE",
            "assume_role_policy": "{\"Statement\":[{\"Action\":\"sts:AssumeRole\",\"Effect\":\"Allow\",\"Principal\":{\"Service\":\"ec2.amazonaws.com\"}}],\"Version\":\"2012-10-17\"}",
            "create_date": "2026-08-10T05:54:18Z",
            "description": "",
            "force_detach_policies": false,
            "id": "EC2-SSM-ROLE",
            "inline_policy": [],
            "managed_policy_arns": [],
            "max_session_duration": 3600,
            "name": "EC2-SSM-ROLE",
            "name_prefix": "",
            "path": "/",
            "permissions_boundary": "",
            "tags": {
              "Name": "EC2-SSM-ROLE"
            },
            "tags_all": {
              "Name": "EC2-SSM-ROLE"
            },
            "unique_id": "AROAWFIVWEDNAYX3KX5AL"
          },
          "sensitive_attributes": [],
          "identity_schema_version": 0,
          "identity": {
            "account_id": "423636639962",
            "name": "EC2-SSM-ROLE"
          },
          "private": "bnVsbA=="
        }
      ]
    },
    {
      "module": "module.iam",
      "mode": "managed",
      "type": "aws_iam_role_policy_attachment",
      "name": "this_ec2_ssm_policy",
      "provider": "provider[\"registry.terraform.io/hashicorp/aws\"]",
      "instances": [
        {
          "schema_version": 0,
          "attributes": {
            "id": "EC2-SSM-ROLE/arn:aws:iam::aws:policy/AmazonSSMManagedInstanceCore",
            "policy_arn": "arn:aws:iam::aws:policy/AmazonSSMManagedInstanceCore",
            "role": "EC2-SSM-ROLE"
          },
          "sensitive_attributes": [],
          "identity_schema_version": 0,
          "identity": {
            "account_id": "423636639962",
            "policy_arn": "arn:aws:iam::aws:policy/AmazonSSMManagedInstanceCore",
            "role": "EC2-SSM-ROLE"
          },
          "private": "bnVsbA==",
          "dependencies": [
            "module.iam.aws_iam_role.this_ec2_ssm_role"
          ]
        }
      ]
    },
    {
      "module": "module.keypair",
      "mode": "managed",
      "type": "aws_key_pair",
      "name": "this_key_pair",
      "provider": "provider[\"registry.terraform.io/hashicorp/aws\"]",
      "instances": [
        {
          "schema_version": 1,
          "attributes": {
            "arn": "arn:aws:ec2:ap-south-1:423636639962:key-pair/three-tier-tf-key",
            "fingerprint": "bc:50:e0:b0:c4:fb:5a:80:3a:da:e3:27:55:6d:b1:4d",
            "id": "three-tier-tf-key",
            "key_name": "three-tier-tf-key",
            "key_name_prefix": "",
            "key_pair_id": "key-03a62e5d0f66ffa4c",
            "key_type": "rsa",
            "public_key": "ssh-rsa AAAAB3NzaC1yc2EAAAADAQABAAACAQCZqsYJwpZBdYBk6IUAP1BHChTriMrII+DguR/1QAZzQitcEneuQ5cz3NGzgshOEQQeEg0LTtMhaQhdk7TkVV+hPsCuG3ARI6jpgYLxFgIsUinBdYfGnG/gcbLTHchAa32KP6JJZ5xPXpxEludWQOziEqCboQycRcGyMDbI2v/auKTGZy1c1rIDzoFf/A3myJaxucsCp5qjfyTIPasStr/gcK/HlYkr/QqjM4RVk3v+PBW2iWpt/sQE7559yb/k7a+I6kjmAH2AmcgpmF1Y8hjDsklvCkl6+nY+zZvBg6hPp8PN6VLvzIZNhFpFKcptJmuiWqPaWC+B27MCkbqCF37I4WhXOG4UIasDa2lpUMw7Todh5ESaOY0V3vufaiG948Ge7wKZ+0qLSoePDZY5k9qyEeVyF/nD1D5rPXjLMEYfB4urH8CkcJo+aAllm9Rh/yyxeiTk0PhisdxGWD8WYKF+Qr0hsc/bJIGt1+uE5n2nBMfV+VpXEzCNOXCdTY48rEusde/qqNCLn+9RdiceS0rPwL6rnZJ+ty9l2/W/aRz7u8vLK/qVs4OmpQyqYmEQNWFJnRHfraytwTSPqMjKAEAxfV9SjIoEbv6P/d+2UvtcSmBj/YMvLcjScEVmkS1hvebbW+vMB4a01/SrPHCFKqg4HQ5K1y6uXdd5CHXmwL3SRQ==",
            "region": "ap-south-1",
            "tags": null,
            "tags_all": {}
          },
          "sensitive_attributes": [],
          "identity_schema_version": 0,
          "private": "eyJzY2hlbWFfdmVyc2lvbiI6IjEifQ==",
          "dependencies": [
            "module.keypair.tls_private_key.this_key"
          ]
        }
      ]
    },
    {
      "module": "module.keypair",
      "mode": "managed",
      "type": "local_file",
      "name": "this_pem",
      "provider": "provider[\"registry.terraform.io/hashicorp/local\"]",
      "instances": [
        {
          "schema_version": 0,
          "attributes": {
            "content": "-----BEGIN RSA PRIVATE KEY-----\nMIIJJwIBAAKCAgEAmarGCcKWQXWAZOiFAD9QRwoU64jKyCPg4Lkf9UAGc0IrXBJ3\nrkOXM9zRs4LIThEEHhINC07TIWkIXZO05FVfoT7ArhtwESOo6YGC8RYCLFIpwXWH\nxpxv4HGy0x3IQGt9ij+iSWecT16cRJbnVkDs4hKgm6EMnEXBsjA2yNr/2rikxmct\nXNayA86BX/wN5siWsbnLAqeao38kyD2rEra/4HCvx5WJK/0KozOEVZN7/jwVtolq\nbf7EBO+efcm/5O2viOpI5gB9gJnIKZhdWPIYw7JJbwpJevp2Ps2bwYOoT6fDzelS\n78yGTYRaRSnKbSZrolqj2lgvgduzApG6ghd+yOFoVzhuFCGrA2tpaVDMO06HYeRE\nmjmNFd77n2ohvePBnu8CmftKi0qHjw2WOZPashHlchf5w9Q+az14yzBGHweLqx/A\npHCaPmgJZZvUYf8ssXok5ND4YrHcRlg/FmChfkK9IbHP2ySBrdfrhOZ9pwTH1fla\nVxMwjTlwnU2OPKxLrHXv6qjQi5/vUXYnHktKz8C+q52SfrcvZdv1v2kc+7vLyyv6\nlbODpqUMqmJhEDVhSZ0R362srcE0j6jIygBAMX1fUoyKBG7+j/3ftlL7XEpgY/2D\nLy3I0nBFZpEtYb3m21vrzAeGtNf0qzxwhSqoOB0OStcurl3XeQh15sC90kUCAwEA\nAQKCAgAyyXpCZ4l5gPg6YY7zkflaQT7AyakblKASJZ0mVU7McSYbfA8KDVS/00+L\nYMIK6xzNQ3IENr0Y4bneE59Jh93fUPolkPPs9jgxVJiOTZPSSiV6xvlk7vca2vkb\nRVCV2fDX7Egasp+6q65CDQ3QOA0Ses2SIhwk2fk2hzDUGW1OQJBU8mzPrjWPhITF\n0GxXxhvoCVvLONGnD7J8a8VKnhO0fgnakNWRMER/w9sM3X2xfPJALhJ64CSw7PEY\n6cD+TIAjZCtLuQXBpxG8jZrsdrcwlpAmnuPCPV0vTI0Z3AWYrf3M5DyA/Lu2ivO6\nwCEjCfuw4Pwegd7RsGbthnR54oIIJzxtGvDX4zriKHnTmS/HmrRhc7/PelfdXwFk\nhFkaT243gFwcWZ0LVyMt92Lfdf4ox0eg3vqLyqnrO25MmnxtAiRBqze3ZF/NMdd8\nSqtf5KL9m655pEdu3j8ibTCutKfLGeqq4pXf56EU/NtTwutqK2Tabn7y29W3N9sW\nwMr9xyTNZtqlkSBYkHeHp8LbM83ivbZ2r8WZKrA39+5m28yo4+vH91GPJhYMm6Gt\nJsyCdcmSA6Xc55nSddOkXD6GF9eb1enoqKlsACA1GF3YL+BnjHjAE0oiLJkukoEK\n1BQKSeitz1AHwP+rnJIex8ZEWDaDUAirWVHa+oElfjNCRHgK0QKCAQEAxvRWU4Km\n59c1h/O2c6V3gyYByzjg26/MQRDioBvqQOmHZe2vpuC20LidhYHNpfpcRzfFCFru\nbdnXlckxflreH7RR0nPKMCAAWt218p6J2ud+/0DARdKnm8sf/s2DDPCwnIeShlWb\nxRWaY8uwYbYHZG3vOAtOdlr5ORv5QLPcgE0QL+hD07MlNyxdjnV4XuQYIBUkNnT4\n97AFkVQw7knsRZTPB0Xp6m9B+VQdu0SGgXDy2pEq3+C8eWLZCkpxKMwlAHCmzfKs\ne2nwQPNbINeorcRNTrHrN4UujJfJEkimGr8+NjElCmTOSV65Sg2JJGRDNZZEHZ8D\nDu0mtg+D/RKfFwKCAQEAxbpAcNV1BoweB2/iAoHDDlLP/7DeW76n8i1zHMi27ue0\nppYo5yRSp04ymbQuXZIPeaR0lSKPLkGF1Z7FCbLP1pILWZNbjQbq35alkNHfU9fe\nTAojF7vXqxrVXJMMVn9nFlPCWuLvRO+XPIYg185rHeF3thaF0GfcjS+j3MzG7MGF\n9psBmvFRmR+0/SzEbq5nsD/EgR0iFi9+1IHlWOLLkQMr8zynuVKTpLJxCbWykc4d\nBXJ4OdZp1rW/Ubr5gUvSFYTWKwSXPGIeYkKg6GG8EFaJ/SC4ImFi+6bWx/LLEtVD\nIkGW2wGCYEgvAVBDAPvp29bSdhWBFiKgnmk3gorTAwKCAQAWaoEvd5EGniDR6Iuu\nC/6jMC0TkJ0FI5GH4zclgv+pwKYYvecEjl0Kt0JIQI/DG6o5+/afMl+a0OiRX9HL\nwsE0IUT2yUUGlxRzKHfPlj1CBMMyT0FanJl13DUGqHETjCrZ+AxyRkL+uahjhheh\narj6f8hsMBnvC+D4pkY3HAzEB+rC+xBpUc3noYAJBQNC7cAqHTevSw6iGZsG/M1m\ni72rOVD6KM5qM47jYK7Y4qek/eze42xJPTD/HDwIBMsrJZUlr4ubuLPmU9FWABVM\nZgADVBLBwxoVb1QHUzK8dKMCcHm58V+TBDiZ26pUxaGmEAXii8Ow8rGNhPrPmH/u\ni6KRAoIBAHhG9hAtKMTU0yd+/aK8wKSj53cIZhq0/YCp+Q4XYoAtXoy/Zx5D0CuJ\nu+oX2uR8hwFd8rUNkr92iC0MKZves+M4b8MLinNdM97SyuAvaoScGdNzjylO0MB6\n0DNCGA097r18MgwLY7UxcXQVu0DLhgllL+cKCFhf9Z/EzQ7xWkiG6DC81dsk1Jgq\n23PumYcifFyQTb6ktCl+ts4aPiM1wtLxdPi/et+Wxc035t8bMgbTtH+txEiaj0NW\nx4y2CjSGpMMGTSlZ342Ruh3Xnf3+BeKCYeoizx/K0eV29cwnezR3miDqeRO79U0Q\nW9eWtUuR8g4SvW+rYRzP75itNGEqhXUCggEADpKsFG3SQ2pyMahzgUnVRCNvZu6P\nT2WOm1vEfSv0QxeSVVzAmUMshzc+1ZIbjgG1w5lqLlJwQKLhvpx1ygk3YMJfE6Sw\nkETMMLXuvY37/39jZfJqcRAPRWe8CPa/hHwX9r65lUmqRXiP5Qq6Ayg1Kd9L82Rd\n4pQOWEu/YZFwXSQvNL5imRpI1NCrKzZ+xQ3Cqct4E5Q1b1+ZVkH20a3LiY2o2wx1\nUwxG8NnvPXBpAXx8sgx4Yy/8n4TNpr6wpX1/v7XFcZYFIUORQVTSUXfcVsKtf4Xu\nJP0Oe0QtZ4wm97xwEhvh/yIOJ8pRD7vBN42L0jd0zLUE4UZ5RybUAYQYSA==\n-----END RSA PRIVATE KEY-----\n",
            "content_base64": null,
            "content_base64sha256": "SQVjkpE8bP0xwSo73S4SQpErMrQmKxsIOWDdt5APcgs=",
            "content_base64sha512": "f791vEC2rZnvnecH8bduCVl0UpiyXhbV1X3S/iCiJS7SDfDfSWx9IlN/dXfQA17v8dST9Owu4jaL4jZ437dFrQ==",
            "content_md5": "6ea6209d3ae7799167db9b89619504a3",
            "content_sha1": "f4eab1e2b46e1f129f850921f14e5c043d758d31",
            "content_sha256": "49056392913c6cfd31c12a3bdd2e1242912b32b4262b1b083960ddb7900f720b",
            "content_sha512": "7fbf75bc40b6ad99ef9de707f1b76e0959745298b25e16d5d57dd2fe20a2252ed20df0df496c7d22537f7577d0035eeff1d493f4ec2ee2368be23678dfb745ad",
            "directory_permission": "0777",
            "file_permission": "400",
            "filename": "three-tier-key.pem",
            "id": "f4eab1e2b46e1f129f850921f14e5c043d758d31",
            "sensitive_content": null,
            "source": null
          },
          "sensitive_attributes": [
            [
              {
                "type": "get_attr",
                "value": "content"
              }
            ],
            [
              {
                "type": "get_attr",
                "value": "sensitive_content"
              }
            ]
          ],
          "identity_schema_version": 0,
          "dependencies": [
            "module.keypair.tls_private_key.this_key"
          ]
        }
      ]
    },
    {
      "module": "module.keypair",
      "mode": "managed",
      "type": "tls_private_key",
      "name": "this_key",
      "provider": "provider[\"registry.terraform.io/hashicorp/tls\"]",
      "instances": [
        {
          "schema_version": 1,
          "attributes": {
            "algorithm": "RSA",
            "ecdsa_curve": "P224",
            "id": "ff5e51ba8ee60a16ad5b5a82aa669a808d07790f",
            "private_key_openssh": "-----BEGIN OPENSSH PRIVATE KEY-----\nb3BlbnNzaC1rZXktdjEAAAAABG5vbmUAAAAEbm9uZQAAAAAAAAABAAACFwAAAAdz\nc2gtcnNhAAAAAwEAAQAAAgEAmarGCcKWQXWAZOiFAD9QRwoU64jKyCPg4Lkf9UAG\nc0IrXBJ3rkOXM9zRs4LIThEEHhINC07TIWkIXZO05FVfoT7ArhtwESOo6YGC8RYC\nLFIpwXWHxpxv4HGy0x3IQGt9ij+iSWecT16cRJbnVkDs4hKgm6EMnEXBsjA2yNr/\n2rikxmctXNayA86BX/wN5siWsbnLAqeao38kyD2rEra/4HCvx5WJK/0KozOEVZN7\n/jwVtolqbf7EBO+efcm/5O2viOpI5gB9gJnIKZhdWPIYw7JJbwpJevp2Ps2bwYOo\nT6fDzelS78yGTYRaRSnKbSZrolqj2lgvgduzApG6ghd+yOFoVzhuFCGrA2tpaVDM\nO06HYeREmjmNFd77n2ohvePBnu8CmftKi0qHjw2WOZPashHlchf5w9Q+az14yzBG\nHweLqx/ApHCaPmgJZZvUYf8ssXok5ND4YrHcRlg/FmChfkK9IbHP2ySBrdfrhOZ9\npwTH1flaVxMwjTlwnU2OPKxLrHXv6qjQi5/vUXYnHktKz8C+q52SfrcvZdv1v2kc\n+7vLyyv6lbODpqUMqmJhEDVhSZ0R362srcE0j6jIygBAMX1fUoyKBG7+j/3ftlL7\nXEpgY/2DLy3I0nBFZpEtYb3m21vrzAeGtNf0qzxwhSqoOB0OStcurl3XeQh15sC9\n0kUAAAc4urtwHLq7cBwAAAAHc3NoLXJzYQAAAgEAmarGCcKWQXWAZOiFAD9QRwoU\n64jKyCPg4Lkf9UAGc0IrXBJ3rkOXM9zRs4LIThEEHhINC07TIWkIXZO05FVfoT7A\nrhtwESOo6YGC8RYCLFIpwXWHxpxv4HGy0x3IQGt9ij+iSWecT16cRJbnVkDs4hKg\nm6EMnEXBsjA2yNr/2rikxmctXNayA86BX/wN5siWsbnLAqeao38kyD2rEra/4HCv\nx5WJK/0KozOEVZN7/jwVtolqbf7EBO+efcm/5O2viOpI5gB9gJnIKZhdWPIYw7JJ\nbwpJevp2Ps2bwYOoT6fDzelS78yGTYRaRSnKbSZrolqj2lgvgduzApG6ghd+yOFo\nVzhuFCGrA2tpaVDMO06HYeREmjmNFd77n2ohvePBnu8CmftKi0qHjw2WOZPashHl\nchf5w9Q+az14yzBGHweLqx/ApHCaPmgJZZvUYf8ssXok5ND4YrHcRlg/FmChfkK9\nIbHP2ySBrdfrhOZ9pwTH1flaVxMwjTlwnU2OPKxLrHXv6qjQi5/vUXYnHktKz8C+\nq52SfrcvZdv1v2kc+7vLyyv6lbODpqUMqmJhEDVhSZ0R362srcE0j6jIygBAMX1f\nUoyKBG7+j/3ftlL7XEpgY/2DLy3I0nBFZpEtYb3m21vrzAeGtNf0qzxwhSqoOB0O\nStcurl3XeQh15sC90kUAAAADAQABAAACADLJekJniXmA+DphjvOR+VpBPsDJqRuU\noBIlnSZVTsxxJht8DwoNVL/TT4tgwgrrHM1DcgQ2vRjhud4Tn0mH3d9Q+iWQ8+z2\nODFUmI5Nk9JKJXrG+WTu9xra+RtFUJXZ8NfsSBqyn7qrrkINDdA4DRJ6zZIiHCTZ\n+TaHMNQZbU5AkFTybM+uNY+EhMXQbFfGG+gJW8s40acPsnxrxUqeE7R+CdqQ1ZEw\nRH/D2wzdfbF88kAuEnrgJLDs8RjpwP5MgCNkK0u5BcGnEbyNmux2tzCWkCae48I9\nXS9MjRncBZit/czkPID8u7aK87rAISMJ+7Dg/B6B3tGwZu2GdHnigggnPG0a8Nfj\nOuIoedOZL8eatGFzv896V91fAWSEWRpPbjeAXBxZnQtXIy33Yt91/ijHR6De+ovK\nqes7bkyafG0CJEGrN7dkX80x13xKq1/kov2brnmkR27ePyJtMK60p8sZ6qrild/n\noRT821PC62orZNpufvLb1bc32xbAyv3HJM1m2qWRIFiQd4enwtszzeK9tnavxZkq\nsDf37mbbzKjj68f3UY8mFgyboa0mzIJ1yZIDpdznmdJ106RcPoYX15vV6eioqWwA\nIDUYXdgv4GeMeMATSiIsmS6SgQrUFApJ6K3PUAfA/6uckh7HxkRYNoNQCKtZUdr6\ngSV+M0JEeArRAAABAA6SrBRt0kNqcjGoc4FJ1UQjb2buj09ljptbxH0r9EMXklVc\nwJlDLIc3PtWSG44BtcOZai5ScECi4b6cdcoJN2DCXxOksJBEzDC17r2N+/9/Y2Xy\nanEQD0VnvAj2v4R8F/a+uZVJqkV4j+UKugMoNSnfS/NkXeKUDlhLv2GRcF0kLzS+\nYpkaSNTQqys2fsUNwqnLeBOUNW9fmVZB9tGty4mNqNsMdVMMRvDZ7z1waQF8fLIM\neGMv/J+Ezaa+sKV9f7+1xXGWBSFDkUFU0lF33FbCrX+F7iT9DntELWeMJve8cBIb\n4f8iDifKUQ+7wTeNi9I3dMy1BOFGeUcm1AGEGEgAAAEBAMb0VlOCpufXNYfztnOl\nd4MmAcs44NuvzEEQ4qAb6kDph2Xtr6bgttC4nYWBzaX6XEc3xQha7m3Z15XJMX5a\n3h+0UdJzyjAgAFrdtfKeidrnfv9AwEXSp5vLH/7NgwzwsJyHkoZVm8UVmmPLsGG2\nB2Rt7zgLTnZa+Tkb+UCz3IBNEC/oQ9OzJTcsXY51eF7kGCAVJDZ0+PewBZFUMO5J\n7EWUzwdF6epvQflUHbtEhoFw8tqRKt/gvHli2QpKcSjMJQBwps3yrHtp8EDzWyDX\nqK3ETU6x6zeFLoyXyRJIphq/PjYxJQpkzkleuUoNiSRkQzWWRB2fAw7tJrYPg/0S\nnxcAAAEBAMW6QHDVdQaMHgdv4gKBww5Sz/+w3lu+p/ItcxzItu7ntKaWKOckUqdO\nMpm0Ll2SD3mkdJUijy5BhdWexQmyz9aSC1mTW40G6t+WpZDR31PX3kwKIxe716sa\n1VyTDFZ/ZxZTwlri70TvlzyGINfOax3hd7YWhdBn3I0vo9zMxuzBhfabAZrxUZkf\ntP0sxG6uZ7A/xIEdIhYvftSB5Vjiy5EDK/M8p7lSk6SycQm1spHOHQVyeDnWada1\nv1G6+YFL0hWE1isElzxiHmJCoOhhvBBWif0guCJhYvum1sfyyxLVQyJBltsBgmBI\nLwFQQwD76dvW0nYVgRYioJ5pN4KK0wMAAAAAAQID\n-----END OPENSSH PRIVATE KEY-----\n",
            "private_key_pem": "-----BEGIN RSA PRIVATE KEY-----\nMIIJJwIBAAKCAgEAmarGCcKWQXWAZOiFAD9QRwoU64jKyCPg4Lkf9UAGc0IrXBJ3\nrkOXM9zRs4LIThEEHhINC07TIWkIXZO05FVfoT7ArhtwESOo6YGC8RYCLFIpwXWH\nxpxv4HGy0x3IQGt9ij+iSWecT16cRJbnVkDs4hKgm6EMnEXBsjA2yNr/2rikxmct\nXNayA86BX/wN5siWsbnLAqeao38kyD2rEra/4HCvx5WJK/0KozOEVZN7/jwVtolq\nbf7EBO+efcm/5O2viOpI5gB9gJnIKZhdWPIYw7JJbwpJevp2Ps2bwYOoT6fDzelS\n78yGTYRaRSnKbSZrolqj2lgvgduzApG6ghd+yOFoVzhuFCGrA2tpaVDMO06HYeRE\nmjmNFd77n2ohvePBnu8CmftKi0qHjw2WOZPashHlchf5w9Q+az14yzBGHweLqx/A\npHCaPmgJZZvUYf8ssXok5ND4YrHcRlg/FmChfkK9IbHP2ySBrdfrhOZ9pwTH1fla\nVxMwjTlwnU2OPKxLrHXv6qjQi5/vUXYnHktKz8C+q52SfrcvZdv1v2kc+7vLyyv6\nlbODpqUMqmJhEDVhSZ0R362srcE0j6jIygBAMX1fUoyKBG7+j/3ftlL7XEpgY/2D\nLy3I0nBFZpEtYb3m21vrzAeGtNf0qzxwhSqoOB0OStcurl3XeQh15sC90kUCAwEA\nAQKCAgAyyXpCZ4l5gPg6YY7zkflaQT7AyakblKASJZ0mVU7McSYbfA8KDVS/00+L\nYMIK6xzNQ3IENr0Y4bneE59Jh93fUPolkPPs9jgxVJiOTZPSSiV6xvlk7vca2vkb\nRVCV2fDX7Egasp+6q65CDQ3QOA0Ses2SIhwk2fk2hzDUGW1OQJBU8mzPrjWPhITF\n0GxXxhvoCVvLONGnD7J8a8VKnhO0fgnakNWRMER/w9sM3X2xfPJALhJ64CSw7PEY\n6cD+TIAjZCtLuQXBpxG8jZrsdrcwlpAmnuPCPV0vTI0Z3AWYrf3M5DyA/Lu2ivO6\nwCEjCfuw4Pwegd7RsGbthnR54oIIJzxtGvDX4zriKHnTmS/HmrRhc7/PelfdXwFk\nhFkaT243gFwcWZ0LVyMt92Lfdf4ox0eg3vqLyqnrO25MmnxtAiRBqze3ZF/NMdd8\nSqtf5KL9m655pEdu3j8ibTCutKfLGeqq4pXf56EU/NtTwutqK2Tabn7y29W3N9sW\nwMr9xyTNZtqlkSBYkHeHp8LbM83ivbZ2r8WZKrA39+5m28yo4+vH91GPJhYMm6Gt\nJsyCdcmSA6Xc55nSddOkXD6GF9eb1enoqKlsACA1GF3YL+BnjHjAE0oiLJkukoEK\n1BQKSeitz1AHwP+rnJIex8ZEWDaDUAirWVHa+oElfjNCRHgK0QKCAQEAxvRWU4Km\n59c1h/O2c6V3gyYByzjg26/MQRDioBvqQOmHZe2vpuC20LidhYHNpfpcRzfFCFru\nbdnXlckxflreH7RR0nPKMCAAWt218p6J2ud+/0DARdKnm8sf/s2DDPCwnIeShlWb\nxRWaY8uwYbYHZG3vOAtOdlr5ORv5QLPcgE0QL+hD07MlNyxdjnV4XuQYIBUkNnT4\n97AFkVQw7knsRZTPB0Xp6m9B+VQdu0SGgXDy2pEq3+C8eWLZCkpxKMwlAHCmzfKs\ne2nwQPNbINeorcRNTrHrN4UujJfJEkimGr8+NjElCmTOSV65Sg2JJGRDNZZEHZ8D\nDu0mtg+D/RKfFwKCAQEAxbpAcNV1BoweB2/iAoHDDlLP/7DeW76n8i1zHMi27ue0\nppYo5yRSp04ymbQuXZIPeaR0lSKPLkGF1Z7FCbLP1pILWZNbjQbq35alkNHfU9fe\nTAojF7vXqxrVXJMMVn9nFlPCWuLvRO+XPIYg185rHeF3thaF0GfcjS+j3MzG7MGF\n9psBmvFRmR+0/SzEbq5nsD/EgR0iFi9+1IHlWOLLkQMr8zynuVKTpLJxCbWykc4d\nBXJ4OdZp1rW/Ubr5gUvSFYTWKwSXPGIeYkKg6GG8EFaJ/SC4ImFi+6bWx/LLEtVD\nIkGW2wGCYEgvAVBDAPvp29bSdhWBFiKgnmk3gorTAwKCAQAWaoEvd5EGniDR6Iuu\nC/6jMC0TkJ0FI5GH4zclgv+pwKYYvecEjl0Kt0JIQI/DG6o5+/afMl+a0OiRX9HL\nwsE0IUT2yUUGlxRzKHfPlj1CBMMyT0FanJl13DUGqHETjCrZ+AxyRkL+uahjhheh\narj6f8hsMBnvC+D4pkY3HAzEB+rC+xBpUc3noYAJBQNC7cAqHTevSw6iGZsG/M1m\ni72rOVD6KM5qM47jYK7Y4qek/eze42xJPTD/HDwIBMsrJZUlr4ubuLPmU9FWABVM\nZgADVBLBwxoVb1QHUzK8dKMCcHm58V+TBDiZ26pUxaGmEAXii8Ow8rGNhPrPmH/u\ni6KRAoIBAHhG9hAtKMTU0yd+/aK8wKSj53cIZhq0/YCp+Q4XYoAtXoy/Zx5D0CuJ\nu+oX2uR8hwFd8rUNkr92iC0MKZves+M4b8MLinNdM97SyuAvaoScGdNzjylO0MB6\n0DNCGA097r18MgwLY7UxcXQVu0DLhgllL+cKCFhf9Z/EzQ7xWkiG6DC81dsk1Jgq\n23PumYcifFyQTb6ktCl+ts4aPiM1wtLxdPi/et+Wxc035t8bMgbTtH+txEiaj0NW\nx4y2CjSGpMMGTSlZ342Ruh3Xnf3+BeKCYeoizx/K0eV29cwnezR3miDqeRO79U0Q\nW9eWtUuR8g4SvW+rYRzP75itNGEqhXUCggEADpKsFG3SQ2pyMahzgUnVRCNvZu6P\nT2WOm1vEfSv0QxeSVVzAmUMshzc+1ZIbjgG1w5lqLlJwQKLhvpx1ygk3YMJfE6Sw\nkETMMLXuvY37/39jZfJqcRAPRWe8CPa/hHwX9r65lUmqRXiP5Qq6Ayg1Kd9L82Rd\n4pQOWEu/YZFwXSQvNL5imRpI1NCrKzZ+xQ3Cqct4E5Q1b1+ZVkH20a3LiY2o2wx1\nUwxG8NnvPXBpAXx8sgx4Yy/8n4TNpr6wpX1/v7XFcZYFIUORQVTSUXfcVsKtf4Xu\nJP0Oe0QtZ4wm97xwEhvh/yIOJ8pRD7vBN42L0jd0zLUE4UZ5RybUAYQYSA==\n-----END RSA PRIVATE KEY-----\n",
            "private_key_pem_pkcs8": "-----BEGIN PRIVATE KEY-----\nMIIJQQIBADANBgkqhkiG9w0BAQEFAASCCSswggknAgEAAoICAQCZqsYJwpZBdYBk\n6IUAP1BHChTriMrII+DguR/1QAZzQitcEneuQ5cz3NGzgshOEQQeEg0LTtMhaQhd\nk7TkVV+hPsCuG3ARI6jpgYLxFgIsUinBdYfGnG/gcbLTHchAa32KP6JJZ5xPXpxE\nludWQOziEqCboQycRcGyMDbI2v/auKTGZy1c1rIDzoFf/A3myJaxucsCp5qjfyTI\nPasStr/gcK/HlYkr/QqjM4RVk3v+PBW2iWpt/sQE7559yb/k7a+I6kjmAH2Amcgp\nmF1Y8hjDsklvCkl6+nY+zZvBg6hPp8PN6VLvzIZNhFpFKcptJmuiWqPaWC+B27MC\nkbqCF37I4WhXOG4UIasDa2lpUMw7Todh5ESaOY0V3vufaiG948Ge7wKZ+0qLSoeP\nDZY5k9qyEeVyF/nD1D5rPXjLMEYfB4urH8CkcJo+aAllm9Rh/yyxeiTk0PhisdxG\nWD8WYKF+Qr0hsc/bJIGt1+uE5n2nBMfV+VpXEzCNOXCdTY48rEusde/qqNCLn+9R\ndiceS0rPwL6rnZJ+ty9l2/W/aRz7u8vLK/qVs4OmpQyqYmEQNWFJnRHfraytwTSP\nqMjKAEAxfV9SjIoEbv6P/d+2UvtcSmBj/YMvLcjScEVmkS1hvebbW+vMB4a01/Sr\nPHCFKqg4HQ5K1y6uXdd5CHXmwL3SRQIDAQABAoICADLJekJniXmA+DphjvOR+VpB\nPsDJqRuUoBIlnSZVTsxxJht8DwoNVL/TT4tgwgrrHM1DcgQ2vRjhud4Tn0mH3d9Q\n+iWQ8+z2ODFUmI5Nk9JKJXrG+WTu9xra+RtFUJXZ8NfsSBqyn7qrrkINDdA4DRJ6\nzZIiHCTZ+TaHMNQZbU5AkFTybM+uNY+EhMXQbFfGG+gJW8s40acPsnxrxUqeE7R+\nCdqQ1ZEwRH/D2wzdfbF88kAuEnrgJLDs8RjpwP5MgCNkK0u5BcGnEbyNmux2tzCW\nkCae48I9XS9MjRncBZit/czkPID8u7aK87rAISMJ+7Dg/B6B3tGwZu2GdHnigggn\nPG0a8NfjOuIoedOZL8eatGFzv896V91fAWSEWRpPbjeAXBxZnQtXIy33Yt91/ijH\nR6De+ovKqes7bkyafG0CJEGrN7dkX80x13xKq1/kov2brnmkR27ePyJtMK60p8sZ\n6qrild/noRT821PC62orZNpufvLb1bc32xbAyv3HJM1m2qWRIFiQd4enwtszzeK9\ntnavxZkqsDf37mbbzKjj68f3UY8mFgyboa0mzIJ1yZIDpdznmdJ106RcPoYX15vV\n6eioqWwAIDUYXdgv4GeMeMATSiIsmS6SgQrUFApJ6K3PUAfA/6uckh7HxkRYNoNQ\nCKtZUdr6gSV+M0JEeArRAoIBAQDG9FZTgqbn1zWH87ZzpXeDJgHLOODbr8xBEOKg\nG+pA6Ydl7a+m4LbQuJ2Fgc2l+lxHN8UIWu5t2deVyTF+Wt4ftFHSc8owIABa3bXy\nnona537/QMBF0qebyx/+zYMM8LCch5KGVZvFFZpjy7Bhtgdkbe84C052Wvk5G/lA\ns9yATRAv6EPTsyU3LF2OdXhe5BggFSQ2dPj3sAWRVDDuSexFlM8HRenqb0H5VB27\nRIaBcPLakSrf4Lx5YtkKSnEozCUAcKbN8qx7afBA81sg16itxE1Oses3hS6Ml8kS\nSKYavz42MSUKZM5JXrlKDYkkZEM1lkQdnwMO7Sa2D4P9Ep8XAoIBAQDFukBw1XUG\njB4Hb+ICgcMOUs//sN5bvqfyLXMcyLbu57SmlijnJFKnTjKZtC5dkg95pHSVIo8u\nQYXVnsUJss/WkgtZk1uNBurflqWQ0d9T195MCiMXu9erGtVckwxWf2cWU8Ja4u9E\n75c8hiDXzmsd4Xe2FoXQZ9yNL6PczMbswYX2mwGa8VGZH7T9LMRurmewP8SBHSIW\nL37UgeVY4suRAyvzPKe5UpOksnEJtbKRzh0Fcng51mnWtb9RuvmBS9IVhNYrBJc8\nYh5iQqDoYbwQVon9ILgiYWL7ptbH8ssS1UMiQZbbAYJgSC8BUEMA++nb1tJ2FYEW\nIqCeaTeCitMDAoIBABZqgS93kQaeINHoi64L/qMwLROQnQUjkYfjNyWC/6nAphi9\n5wSOXQq3QkhAj8Mbqjn79p8yX5rQ6JFf0cvCwTQhRPbJRQaXFHMod8+WPUIEwzJP\nQVqcmXXcNQaocROMKtn4DHJGQv65qGOGF6FquPp/yGwwGe8L4PimRjccDMQH6sL7\nEGlRzeehgAkFA0LtwCodN69LDqIZmwb8zWaLvas5UPoozmozjuNgrtjip6T97N7j\nbEk9MP8cPAgEyysllSWvi5u4s+ZT0VYAFUxmAANUEsHDGhVvVAdTMrx0owJwebnx\nX5MEOJnbqlTFoaYQBeKLw7DysY2E+s+Yf+6LopECggEAeEb2EC0oxNTTJ379orzA\npKPndwhmGrT9gKn5DhdigC1ejL9nHkPQK4m76hfa5HyHAV3ytQ2Sv3aILQwpm96z\n4zhvwwuKc10z3tLK4C9qhJwZ03OPKU7QwHrQM0IYDT3uvXwyDAtjtTFxdBW7QMuG\nCWUv5woIWF/1n8TNDvFaSIboMLzV2yTUmCrbc+6ZhyJ8XJBNvqS0KX62zho+IzXC\n0vF0+L9635bFzTfm3xsyBtO0f63ESJqPQ1bHjLYKNIakwwZNKVnfjZG6Hded/f4F\n4oJh6iLPH8rR5Xb1zCd7NHeaIOp5E7v1TRBb15a1S5HyDhK9b6thHM/vmK00YSqF\ndQKCAQAOkqwUbdJDanIxqHOBSdVEI29m7o9PZY6bW8R9K/RDF5JVXMCZQyyHNz7V\nkhuOAbXDmWouUnBAouG+nHXKCTdgwl8TpLCQRMwwte69jfv/f2Nl8mpxEA9FZ7wI\n9r+EfBf2vrmVSapFeI/lCroDKDUp30vzZF3ilA5YS79hkXBdJC80vmKZGkjU0Ksr\nNn7FDcKpy3gTlDVvX5lWQfbRrcuJjajbDHVTDEbw2e89cGkBfHyyDHhjL/yfhM2m\nvrClfX+/tcVxlgUhQ5FBVNJRd9xWwq1/he4k/Q57RC1njCb3vHASG+H/Ig4nylEP\nu8E3jYvSN3TMtQThRnlHJtQBhBhI\n-----END PRIVATE KEY-----\n",
            "public_key_fingerprint_md5": "3a:36:6c:ea:b4:b8:88:f3:a1:15:c2:26:eb:2c:92:78",
            "public_key_fingerprint_sha256": "SHA256:hZq1ujaIztdmaN5uR2blwFtuKp7CBIwTEjclUkVaz+M",
            "public_key_openssh": "ssh-rsa AAAAB3NzaC1yc2EAAAADAQABAAACAQCZqsYJwpZBdYBk6IUAP1BHChTriMrII+DguR/1QAZzQitcEneuQ5cz3NGzgshOEQQeEg0LTtMhaQhdk7TkVV+hPsCuG3ARI6jpgYLxFgIsUinBdYfGnG/gcbLTHchAa32KP6JJZ5xPXpxEludWQOziEqCboQycRcGyMDbI2v/auKTGZy1c1rIDzoFf/A3myJaxucsCp5qjfyTIPasStr/gcK/HlYkr/QqjM4RVk3v+PBW2iWpt/sQE7559yb/k7a+I6kjmAH2AmcgpmF1Y8hjDsklvCkl6+nY+zZvBg6hPp8PN6VLvzIZNhFpFKcptJmuiWqPaWC+B27MCkbqCF37I4WhXOG4UIasDa2lpUMw7Todh5ESaOY0V3vufaiG948Ge7wKZ+0qLSoePDZY5k9qyEeVyF/nD1D5rPXjLMEYfB4urH8CkcJo+aAllm9Rh/yyxeiTk0PhisdxGWD8WYKF+Qr0hsc/bJIGt1+uE5n2nBMfV+VpXEzCNOXCdTY48rEusde/qqNCLn+9RdiceS0rPwL6rnZJ+ty9l2/W/aRz7u8vLK/qVs4OmpQyqYmEQNWFJnRHfraytwTSPqMjKAEAxfV9SjIoEbv6P/d+2UvtcSmBj/YMvLcjScEVmkS1hvebbW+vMB4a01/SrPHCFKqg4HQ5K1y6uXdd5CHXmwL3SRQ==\n",
            "public_key_pem": "-----BEGIN PUBLIC KEY-----\nMIICIjANBgkqhkiG9w0BAQEFAAOCAg8AMIICCgKCAgEAmarGCcKWQXWAZOiFAD9Q\nRwoU64jKyCPg4Lkf9UAGc0IrXBJ3rkOXM9zRs4LIThEEHhINC07TIWkIXZO05FVf\noT7ArhtwESOo6YGC8RYCLFIpwXWHxpxv4HGy0x3IQGt9ij+iSWecT16cRJbnVkDs\n4hKgm6EMnEXBsjA2yNr/2rikxmctXNayA86BX/wN5siWsbnLAqeao38kyD2rEra/\n4HCvx5WJK/0KozOEVZN7/jwVtolqbf7EBO+efcm/5O2viOpI5gB9gJnIKZhdWPIY\nw7JJbwpJevp2Ps2bwYOoT6fDzelS78yGTYRaRSnKbSZrolqj2lgvgduzApG6ghd+\nyOFoVzhuFCGrA2tpaVDMO06HYeREmjmNFd77n2ohvePBnu8CmftKi0qHjw2WOZPa\nshHlchf5w9Q+az14yzBGHweLqx/ApHCaPmgJZZvUYf8ssXok5ND4YrHcRlg/FmCh\nfkK9IbHP2ySBrdfrhOZ9pwTH1flaVxMwjTlwnU2OPKxLrHXv6qjQi5/vUXYnHktK\nz8C+q52SfrcvZdv1v2kc+7vLyyv6lbODpqUMqmJhEDVhSZ0R362srcE0j6jIygBA\nMX1fUoyKBG7+j/3ftlL7XEpgY/2DLy3I0nBFZpEtYb3m21vrzAeGtNf0qzxwhSqo\nOB0OStcurl3XeQh15sC90kUCAwEAAQ==\n-----END PUBLIC KEY-----\n",
            "rsa_bits": 4096
          },
          "sensitive_attributes": [
            [
              {
                "type": "get_attr",
                "value": "private_key_openssh"
              }
            ],
            [
              {
                "type": "get_attr",
                "value": "private_key_pem"
              }
            ],
            [
              {
                "type": "get_attr",
                "value": "private_key_pem_pkcs8"
              }
            ]
          ],
          "identity_schema_version": 0
        }
      ]
    },
    {
      "module": "module.networking",
      "mode": "managed",
      "type": "aws_eip",
      "name": "this_eip",
      "provider": "provider[\"registry.terraform.io/hashicorp/aws\"]",
      "instances": [
        {
          "schema_version": 0,
          "attributes": {
            "address": null,
            "allocation_id": "eipalloc-00fcc117d3befa10d",
            "arn": "arn:aws:ec2:ap-south-1:423636639962:elastic-ip/eipalloc-00fcc117d3befa10d",
            "associate_with_private_ip": null,
            "association_id": "",
            "carrier_ip": "",
            "customer_owned_ip": "",
            "customer_owned_ipv4_pool": "",
            "domain": "vpc",
            "id": "eipalloc-00fcc117d3befa10d",
            "instance": "",
            "ipam_pool_id": "",
            "network_border_group": "ap-south-1",
            "network_interface": "",
            "private_dns": "",
            "private_ip": "",
            "ptr_record": "",
            "public_dns": "ec2-52-66-30-14.ap-south-1.compute.amazonaws.com",
            "public_ip": "52.66.30.14",
            "public_ipv4_pool": "amazon",
            "region": "ap-south-1",
            "tags": {
              "Name": "nat-eip"
            },
            "tags_all": {
              "Name": "nat-eip"
            },
            "timeouts": null
          },
          "sensitive_attributes": [],
          "identity_schema_version": 0,
          "identity": {
            "account_id": "423636639962",
            "id": "eipalloc-00fcc117d3befa10d",
            "region": "ap-south-1"
          },
          "private": "eyJlMmJmYjczMC1lY2FhLTExZTYtOGY4OC0zNDM2M2JjN2M0YzAiOnsiZGVsZXRlIjoxODAwMDAwMDAwMDAsInJlYWQiOjkwMDAwMDAwMDAwMCwidXBkYXRlIjozMDAwMDAwMDAwMDB9fQ=="
        }
      ]
    },
    {
      "module": "module.networking",
      "mode": "managed",
      "type": "aws_internet_gateway",
      "name": "this_igw",
      "provider": "provider[\"registry.terraform.io/hashicorp/aws\"]",
      "instances": [
        {
          "schema_version": 0,
          "attributes": {
            "arn": "arn:aws:ec2:ap-south-1:423636639962:internet-gateway/igw-08fdc760dc988e53e",
            "id": "igw-08fdc760dc988e53e",
            "owner_id": "423636639962",
            "region": "ap-south-1",
            "tags": {
              "Name": "cloudethix-Internet-Gateway"
            },
            "tags_all": {
              "Name": "cloudethix-Internet-Gateway"
            },
            "timeouts": null,
            "vpc_id": "vpc-0ee7cdbf4d506c65e"
          },
          "sensitive_attributes": [],
          "identity_schema_version": 0,
          "identity": {
            "account_id": "423636639962",
            "id": "igw-08fdc760dc988e53e",
            "region": "ap-south-1"
          },
          "private": "eyJlMmJmYjczMC1lY2FhLTExZTYtOGY4OC0zNDM2M2JjN2M0YzAiOnsiY3JlYXRlIjoxMjAwMDAwMDAwMDAwLCJkZWxldGUiOjEyMDAwMDAwMDAwMDAsInVwZGF0ZSI6MTIwMDAwMDAwMDAwMH19",
          "dependencies": [
            "module.networking.aws_vpc.this_vpc"
          ]
        }
      ]
    },
    {
      "module": "module.networking",
      "mode": "managed",
      "type": "aws_nat_gateway",
      "name": "this_nat",
      "provider": "provider[\"registry.terraform.io/hashicorp/aws\"]",
      "instances": [
        {
          "schema_version": 0,
          "attributes": {
            "allocation_id": "eipalloc-00fcc117d3befa10d",
            "association_id": "eipassoc-0fb0fabfcb0a3dc2c",
            "auto_provision_zones": null,
            "auto_scaling_ips": null,
            "availability_mode": "zonal",
            "availability_zone_address": [],
            "connectivity_type": "public",
            "id": "nat-0379a46e06b0342a7",
            "network_interface_id": "eni-0ee4c0891c7bf2c9f",
            "private_ip": "10.0.1.68",
            "public_ip": "52.66.30.14",
            "region": "ap-south-1",
            "regional_nat_gateway_address": [],
            "regional_nat_gateway_auto_mode": null,
            "route_table_id": null,
            "secondary_allocation_ids": [],
            "secondary_private_ip_address_count": 0,
            "secondary_private_ip_addresses": [],
            "subnet_id": "subnet-095a0536df5da321b",
            "tags": {
              "Name": "three_tier_nat"
            },
            "tags_all": {
              "Name": "three_tier_nat"
            },
            "timeouts": null,
            "vpc_id": "vpc-0ee7cdbf4d506c65e"
          },
          "sensitive_attributes": [],
          "identity_schema_version": 0,
          "identity": {
            "account_id": "423636639962",
            "id": "nat-0379a46e06b0342a7",
            "region": "ap-south-1"
          },
          "private": "eyJlMmJmYjczMC1lY2FhLTExZTYtOGY4OC0zNDM2M2JjN2M0YzAiOnsiY3JlYXRlIjo2MDAwMDAwMDAwMDAsImRlbGV0ZSI6MTgwMDAwMDAwMDAwMCwidXBkYXRlIjo2MDAwMDAwMDAwMDB9fQ==",
          "dependencies": [
            "module.networking.aws_eip.this_eip",
            "module.networking.aws_internet_gateway.this_igw",
            "module.networking.aws_subnet.this_public_subnet",
            "module.networking.aws_vpc.this_vpc"
          ]
        }
      ]
    },
    {
      "module": "module.networking",
      "mode": "managed",
      "type": "aws_route_table",
      "name": "this_database_rt",
      "provider": "provider[\"registry.terraform.io/hashicorp/aws\"]",
      "instances": [
        {
          "schema_version": 0,
          "attributes": {
            "arn": "arn:aws:ec2:ap-south-1:423636639962:route-table/rtb-0e653f700afa066c7",
            "id": "rtb-0e653f700afa066c7",
            "owner_id": "423636639962",
            "propagating_vgws": [],
            "region": "ap-south-1",
            "route": [],
            "tags": {
              "Name": "Database-rt"
            },
            "tags_all": {
              "Name": "Database-rt"
            },
            "timeouts": null,
            "vpc_id": "vpc-0ee7cdbf4d506c65e"
          },
          "sensitive_attributes": [],
          "identity_schema_version": 0,
          "identity": {
            "account_id": "423636639962",
            "id": "rtb-0e653f700afa066c7",
            "region": "ap-south-1"
          },
          "private": "eyJlMmJmYjczMC1lY2FhLTExZTYtOGY4OC0zNDM2M2JjN2M0YzAiOnsiY3JlYXRlIjozMDAwMDAwMDAwMDAsImRlbGV0ZSI6MzAwMDAwMDAwMDAwLCJ1cGRhdGUiOjEyMDAwMDAwMDAwMH19",
          "dependencies": [
            "module.networking.aws_vpc.this_vpc"
          ]
        }
      ]
    },
    {
      "module": "module.networking",
      "mode": "managed",
      "type": "aws_route_table",
      "name": "this_private_rt",
      "provider": "provider[\"registry.terraform.io/hashicorp/aws\"]",
      "instances": [
        {
          "schema_version": 0,
          "attributes": {
            "arn": "arn:aws:ec2:ap-south-1:423636639962:route-table/rtb-0df7bd2e5e00b4add",
            "id": "rtb-0df7bd2e5e00b4add",
            "owner_id": "423636639962",
            "propagating_vgws": [],
            "region": "ap-south-1",
            "route": [
              {
                "carrier_gateway_id": "",
                "cidr_block": "0.0.0.0/0",
                "core_network_arn": "",
                "destination_prefix_list_id": "",
                "egress_only_gateway_id": "",
                "gateway_id": "",
                "ipv6_cidr_block": "",
                "local_gateway_id": "",
                "nat_gateway_id": "nat-0379a46e06b0342a7",
                "network_interface_id": "",
                "odb_network_arn": "",
                "transit_gateway_id": "",
                "vpc_endpoint_id": "",
                "vpc_peering_connection_id": ""
              }
            ],
            "tags": {
              "Name": "private-rt"
            },
            "tags_all": {
              "Name": "private-rt"
            },
            "timeouts": null,
            "vpc_id": "vpc-0ee7cdbf4d506c65e"
          },
          "sensitive_attributes": [],
          "identity_schema_version": 0,
          "identity": {
            "account_id": "423636639962",
            "id": "rtb-0df7bd2e5e00b4add",
            "region": "ap-south-1"
          },
          "private": "eyJlMmJmYjczMC1lY2FhLTExZTYtOGY4OC0zNDM2M2JjN2M0YzAiOnsiY3JlYXRlIjozMDAwMDAwMDAwMDAsImRlbGV0ZSI6MzAwMDAwMDAwMDAwLCJ1cGRhdGUiOjEyMDAwMDAwMDAwMH19",
          "dependencies": [
            "module.networking.aws_eip.this_eip",
            "module.networking.aws_internet_gateway.this_igw",
            "module.networking.aws_nat_gateway.this_nat",
            "module.networking.aws_subnet.this_public_subnet",
            "module.networking.aws_vpc.this_vpc"
          ]
        }
      ]
    },
    {
      "module": "module.networking",
      "mode": "managed",
      "type": "aws_route_table",
      "name": "this_public_rt",
      "provider": "provider[\"registry.terraform.io/hashicorp/aws\"]",
      "instances": [
        {
          "schema_version": 0,
          "attributes": {
            "arn": "arn:aws:ec2:ap-south-1:423636639962:route-table/rtb-0fff4df105fd32cfa",
            "id": "rtb-0fff4df105fd32cfa",
            "owner_id": "423636639962",
            "propagating_vgws": [],
            "region": "ap-south-1",
            "route": [
              {
                "carrier_gateway_id": "",
                "cidr_block": "0.0.0.0/0",
                "core_network_arn": "",
                "destination_prefix_list_id": "",
                "egress_only_gateway_id": "",
                "gateway_id": "igw-08fdc760dc988e53e",
                "ipv6_cidr_block": "",
                "local_gateway_id": "",
                "nat_gateway_id": "",
                "network_interface_id": "",
                "odb_network_arn": "",
                "transit_gateway_id": "",
                "vpc_endpoint_id": "",
                "vpc_peering_connection_id": ""
              }
            ],
            "tags": {
              "Name": "public-rt"
            },
            "tags_all": {
              "Name": "public-rt"
            },
            "timeouts": null,
            "vpc_id": "vpc-0ee7cdbf4d506c65e"
          },
          "sensitive_attributes": [],
          "identity_schema_version": 0,
          "identity": {
            "account_id": "423636639962",
            "id": "rtb-0fff4df105fd32cfa",
            "region": "ap-south-1"
          },
          "private": "eyJlMmJmYjczMC1lY2FhLTExZTYtOGY4OC0zNDM2M2JjN2M0YzAiOnsiY3JlYXRlIjozMDAwMDAwMDAwMDAsImRlbGV0ZSI6MzAwMDAwMDAwMDAwLCJ1cGRhdGUiOjEyMDAwMDAwMDAwMH19",
          "dependencies": [
            "module.networking.aws_internet_gateway.this_igw",
            "module.networking.aws_vpc.this_vpc"
          ]
        }
      ]
    },
    {
      "module": "module.networking",
      "mode": "managed",
      "type": "aws_route_table_association",
      "name": "this_database",
      "provider": "provider[\"registry.terraform.io/hashicorp/aws\"]",
      "instances": [
        {
          "index_key": 0,
          "schema_version": 0,
          "attributes": {
            "gateway_id": "",
            "id": "rtbassoc-057732bc15158156f",
            "region": "ap-south-1",
            "route_table_id": "rtb-0e653f700afa066c7",
            "subnet_id": "subnet-0b1b6cc771bc6beee",
            "timeouts": null
          },
          "sensitive_attributes": [],
          "identity_schema_version": 0,
          "identity": {
            "account_id": "423636639962",
            "id": "rtbassoc-057732bc15158156f",
            "region": "ap-south-1"
          },
          "private": "eyJlMmJmYjczMC1lY2FhLTExZTYtOGY4OC0zNDM2M2JjN2M0YzAiOnsiY3JlYXRlIjozMDAwMDAwMDAwMDAsImRlbGV0ZSI6MzAwMDAwMDAwMDAwLCJ1cGRhdGUiOjEyMDAwMDAwMDAwMH19",
          "dependencies": [
            "module.networking.aws_route_table.this_database_rt",
            "module.networking.aws_subnet.this_private_db_subnet",
            "module.networking.aws_vpc.this_vpc"
          ]
        },
        {
          "index_key": 1,
          "schema_version": 0,
          "attributes": {
            "gateway_id": "",
            "id": "rtbassoc-084090c65dda2acb8",
            "region": "ap-south-1",
            "route_table_id": "rtb-0e653f700afa066c7",
            "subnet_id": "subnet-05cfaeb305d276d3b",
            "timeouts": null
          },
          "sensitive_attributes": [],
          "identity_schema_version": 0,
          "identity": {
            "account_id": "423636639962",
            "id": "rtbassoc-084090c65dda2acb8",
            "region": "ap-south-1"
          },
          "private": "eyJlMmJmYjczMC1lY2FhLTExZTYtOGY4OC0zNDM2M2JjN2M0YzAiOnsiY3JlYXRlIjozMDAwMDAwMDAwMDAsImRlbGV0ZSI6MzAwMDAwMDAwMDAwLCJ1cGRhdGUiOjEyMDAwMDAwMDAwMH19",
          "dependencies": [
            "module.networking.aws_route_table.this_database_rt",
            "module.networking.aws_subnet.this_private_db_subnet",
            "module.networking.aws_vpc.this_vpc"
          ]
        }
      ]
    },
    {
      "module": "module.networking",
      "mode": "managed",
      "type": "aws_route_table_association",
      "name": "this_private",
      "provider": "provider[\"registry.terraform.io/hashicorp/aws\"]",
      "instances": [
        {
          "index_key": 0,
          "schema_version": 0,
          "attributes": {
            "gateway_id": "",
            "id": "rtbassoc-09949e61f8f01f0de",
            "region": "ap-south-1",
            "route_table_id": "rtb-0df7bd2e5e00b4add",
            "subnet_id": "subnet-0e66ca5f91dded67f",
            "timeouts": null
          },
          "sensitive_attributes": [],
          "identity_schema_version": 0,
          "identity": {
            "account_id": "423636639962",
            "id": "rtbassoc-09949e61f8f01f0de",
            "region": "ap-south-1"
          },
          "private": "eyJlMmJmYjczMC1lY2FhLTExZTYtOGY4OC0zNDM2M2JjN2M0YzAiOnsiY3JlYXRlIjozMDAwMDAwMDAwMDAsImRlbGV0ZSI6MzAwMDAwMDAwMDAwLCJ1cGRhdGUiOjEyMDAwMDAwMDAwMH19",
          "dependencies": [
            "module.networking.aws_eip.this_eip",
            "module.networking.aws_internet_gateway.this_igw",
            "module.networking.aws_nat_gateway.this_nat",
            "module.networking.aws_route_table.this_private_rt",
            "module.networking.aws_subnet.this_private_app_subnet",
            "module.networking.aws_subnet.this_public_subnet",
            "module.networking.aws_vpc.this_vpc"
          ]
        },
        {
          "index_key": 1,
          "schema_version": 0,
          "attributes": {
            "gateway_id": "",
            "id": "rtbassoc-00ef46fdfe20e0e6f",
            "region": "ap-south-1",
            "route_table_id": "rtb-0df7bd2e5e00b4add",
            "subnet_id": "subnet-01a3748e792063f43",
            "timeouts": null
          },
          "sensitive_attributes": [],
          "identity_schema_version": 0,
          "identity": {
            "account_id": "423636639962",
            "id": "rtbassoc-00ef46fdfe20e0e6f",
            "region": "ap-south-1"
          },
          "private": "eyJlMmJmYjczMC1lY2FhLTExZTYtOGY4OC0zNDM2M2JjN2M0YzAiOnsiY3JlYXRlIjozMDAwMDAwMDAwMDAsImRlbGV0ZSI6MzAwMDAwMDAwMDAwLCJ1cGRhdGUiOjEyMDAwMDAwMDAwMH19",
          "dependencies": [
            "module.networking.aws_eip.this_eip",
            "module.networking.aws_internet_gateway.this_igw",
            "module.networking.aws_nat_gateway.this_nat",
            "module.networking.aws_route_table.this_private_rt",
            "module.networking.aws_subnet.this_private_app_subnet",
            "module.networking.aws_subnet.this_public_subnet",
            "module.networking.aws_vpc.this_vpc"
          ]
        }
      ]
    },
    {
      "module": "module.networking",
      "mode": "managed",
      "type": "aws_route_table_association",
      "name": "this_public",
      "provider": "provider[\"registry.terraform.io/hashicorp/aws\"]",
      "instances": [
        {
          "index_key": 0,
          "schema_version": 0,
          "attributes": {
            "gateway_id": "",
            "id": "rtbassoc-0ba00469974468ee1",
            "region": "ap-south-1",
            "route_table_id": "rtb-0fff4df105fd32cfa",
            "subnet_id": "subnet-095a0536df5da321b",
            "timeouts": null
          },
          "sensitive_attributes": [],
          "identity_schema_version": 0,
          "identity": {
            "account_id": "423636639962",
            "id": "rtbassoc-0ba00469974468ee1",
            "region": "ap-south-1"
          },
          "private": "eyJlMmJmYjczMC1lY2FhLTExZTYtOGY4OC0zNDM2M2JjN2M0YzAiOnsiY3JlYXRlIjozMDAwMDAwMDAwMDAsImRlbGV0ZSI6MzAwMDAwMDAwMDAwLCJ1cGRhdGUiOjEyMDAwMDAwMDAwMH19",
          "dependencies": [
            "module.networking.aws_internet_gateway.this_igw",
            "module.networking.aws_route_table.this_public_rt",
            "module.networking.aws_subnet.this_public_subnet",
            "module.networking.aws_vpc.this_vpc"
          ]
        },
        {
          "index_key": 1,
          "schema_version": 0,
          "attributes": {
            "gateway_id": "",
            "id": "rtbassoc-089a5c2c265a78457",
            "region": "ap-south-1",
            "route_table_id": "rtb-0fff4df105fd32cfa",
            "subnet_id": "subnet-044a871f57ab1c323",
            "timeouts": null
          },
          "sensitive_attributes": [],
          "identity_schema_version": 0,
          "identity": {
            "account_id": "423636639962",
            "id": "rtbassoc-089a5c2c265a78457",
            "region": "ap-south-1"
          },
          "private": "eyJlMmJmYjczMC1lY2FhLTExZTYtOGY4OC0zNDM2M2JjN2M0YzAiOnsiY3JlYXRlIjozMDAwMDAwMDAwMDAsImRlbGV0ZSI6MzAwMDAwMDAwMDAwLCJ1cGRhdGUiOjEyMDAwMDAwMDAwMH19",
          "dependencies": [
            "module.networking.aws_internet_gateway.this_igw",
            "module.networking.aws_route_table.this_public_rt",
            "module.networking.aws_subnet.this_public_subnet",
            "module.networking.aws_vpc.this_vpc"
          ]
        }
      ]
    },
    {
      "module": "module.networking",
      "mode": "managed",
      "type": "aws_subnet",
      "name": "this_private_app_subnet",
      "provider": "provider[\"registry.terraform.io/hashicorp/aws\"]",
      "instances": [
        {
          "index_key": 0,
          "schema_version": 1,
          "attributes": {
            "arn": "arn:aws:ec2:ap-south-1:423636639962:subnet/subnet-0e66ca5f91dded67f",
            "assign_ipv6_address_on_creation": false,
            "availability_zone": "ap-south-1a",
            "availability_zone_id": "aps1-az1",
            "cidr_block": "10.0.3.0/24",
            "customer_owned_ipv4_pool": "",
            "enable_dns64": false,
            "enable_lni_at_device_index": 0,
            "enable_resource_name_dns_a_record_on_launch": false,
            "enable_resource_name_dns_aaaa_record_on_launch": false,
            "id": "subnet-0e66ca5f91dded67f",
            "ipv4_ipam_pool_id": null,
            "ipv4_netmask_length": null,
            "ipv6_cidr_block": "",
            "ipv6_cidr_block_association_id": "",
            "ipv6_ipam_pool_id": null,
            "ipv6_native": false,
            "ipv6_netmask_length": null,
            "map_customer_owned_ip_on_launch": false,
            "map_public_ip_on_launch": false,
            "outpost_arn": "",
            "owner_id": "423636639962",
            "private_dns_hostname_type_on_launch": "ip-name",
            "region": "ap-south-1",
            "tags": {
              "Name": "App_Subnet-1"
            },
            "tags_all": {
              "Name": "App_Subnet-1"
            },
            "timeouts": null,
            "vpc_id": "vpc-0ee7cdbf4d506c65e"
          },
          "sensitive_attributes": [],
          "identity_schema_version": 0,
          "identity": {
            "account_id": "423636639962",
            "id": "subnet-0e66ca5f91dded67f",
            "region": "ap-south-1"
          },
          "private": "eyJlMmJmYjczMC1lY2FhLTExZTYtOGY4OC0zNDM2M2JjN2M0YzAiOnsiY3JlYXRlIjo2MDAwMDAwMDAwMDAsImRlbGV0ZSI6MTIwMDAwMDAwMDAwMH0sInNjaGVtYV92ZXJzaW9uIjoiMSJ9",
          "dependencies": [
            "module.networking.aws_vpc.this_vpc"
          ]
        },
        {
          "index_key": 1,
          "schema_version": 1,
          "attributes": {
            "arn": "arn:aws:ec2:ap-south-1:423636639962:subnet/subnet-01a3748e792063f43",
            "assign_ipv6_address_on_creation": false,
            "availability_zone": "ap-south-1b",
            "availability_zone_id": "aps1-az3",
            "cidr_block": "10.0.4.0/24",
            "customer_owned_ipv4_pool": "",
            "enable_dns64": false,
            "enable_lni_at_device_index": 0,
            "enable_resource_name_dns_a_record_on_launch": false,
            "enable_resource_name_dns_aaaa_record_on_launch": false,
            "id": "subnet-01a3748e792063f43",
            "ipv4_ipam_pool_id": null,
            "ipv4_netmask_length": null,
            "ipv6_cidr_block": "",
            "ipv6_cidr_block_association_id": "",
            "ipv6_ipam_pool_id": null,
            "ipv6_native": false,
            "ipv6_netmask_length": null,
            "map_customer_owned_ip_on_launch": false,
            "map_public_ip_on_launch": false,
            "outpost_arn": "",
            "owner_id": "423636639962",
            "private_dns_hostname_type_on_launch": "ip-name",
            "region": "ap-south-1",
            "tags": {
              "Name": "App_Subnet-2"
            },
            "tags_all": {
              "Name": "App_Subnet-2"
            },
            "timeouts": null,
            "vpc_id": "vpc-0ee7cdbf4d506c65e"
          },
          "sensitive_attributes": [],
          "identity_schema_version": 0,
          "identity": {
            "account_id": "423636639962",
            "id": "subnet-01a3748e792063f43",
            "region": "ap-south-1"
          },
          "private": "eyJlMmJmYjczMC1lY2FhLTExZTYtOGY4OC0zNDM2M2JjN2M0YzAiOnsiY3JlYXRlIjo2MDAwMDAwMDAwMDAsImRlbGV0ZSI6MTIwMDAwMDAwMDAwMH0sInNjaGVtYV92ZXJzaW9uIjoiMSJ9",
          "dependencies": [
            "module.networking.aws_vpc.this_vpc"
          ]
        }
      ]
    },
    {
      "module": "module.networking",
      "mode": "managed",
      "type": "aws_subnet",
      "name": "this_private_db_subnet",
      "provider": "provider[\"registry.terraform.io/hashicorp/aws\"]",
      "instances": [
        {
          "index_key": 0,
          "schema_version": 1,
          "attributes": {
            "arn": "arn:aws:ec2:ap-south-1:423636639962:subnet/subnet-0b1b6cc771bc6beee",
            "assign_ipv6_address_on_creation": false,
            "availability_zone": "ap-south-1a",
            "availability_zone_id": "aps1-az1",
            "cidr_block": "10.0.5.0/24",
            "customer_owned_ipv4_pool": "",
            "enable_dns64": false,
            "enable_lni_at_device_index": 0,
            "enable_resource_name_dns_a_record_on_launch": false,
            "enable_resource_name_dns_aaaa_record_on_launch": false,
            "id": "subnet-0b1b6cc771bc6beee",
            "ipv4_ipam_pool_id": null,
            "ipv4_netmask_length": null,
            "ipv6_cidr_block": "",
            "ipv6_cidr_block_association_id": "",
            "ipv6_ipam_pool_id": null,
            "ipv6_native": false,
            "ipv6_netmask_length": null,
            "map_customer_owned_ip_on_launch": false,
            "map_public_ip_on_launch": false,
            "outpost_arn": "",
            "owner_id": "423636639962",
            "private_dns_hostname_type_on_launch": "ip-name",
            "region": "ap-south-1",
            "tags": {
              "Name": "DB_Subnet-1"
            },
            "tags_all": {
              "Name": "DB_Subnet-1"
            },
            "timeouts": null,
            "vpc_id": "vpc-0ee7cdbf4d506c65e"
          },
          "sensitive_attributes": [],
          "identity_schema_version": 0,
          "identity": {
            "account_id": "423636639962",
            "id": "subnet-0b1b6cc771bc6beee",
            "region": "ap-south-1"
          },
          "private": "eyJlMmJmYjczMC1lY2FhLTExZTYtOGY4OC0zNDM2M2JjN2M0YzAiOnsiY3JlYXRlIjo2MDAwMDAwMDAwMDAsImRlbGV0ZSI6MTIwMDAwMDAwMDAwMH0sInNjaGVtYV92ZXJzaW9uIjoiMSJ9",
          "dependencies": [
            "module.networking.aws_vpc.this_vpc"
          ]
        },
        {
          "index_key": 1,
          "schema_version": 1,
          "attributes": {
            "arn": "arn:aws:ec2:ap-south-1:423636639962:subnet/subnet-05cfaeb305d276d3b",
            "assign_ipv6_address_on_creation": false,
            "availability_zone": "ap-south-1b",
            "availability_zone_id": "aps1-az3",
            "cidr_block": "10.0.6.0/24",
            "customer_owned_ipv4_pool": "",
            "enable_dns64": false,
            "enable_lni_at_device_index": 0,
            "enable_resource_name_dns_a_record_on_launch": false,
            "enable_resource_name_dns_aaaa_record_on_launch": false,
            "id": "subnet-05cfaeb305d276d3b",
            "ipv4_ipam_pool_id": null,
            "ipv4_netmask_length": null,
            "ipv6_cidr_block": "",
            "ipv6_cidr_block_association_id": "",
            "ipv6_ipam_pool_id": null,
            "ipv6_native": false,
            "ipv6_netmask_length": null,
            "map_customer_owned_ip_on_launch": false,
            "map_public_ip_on_launch": false,
            "outpost_arn": "",
            "owner_id": "423636639962",
            "private_dns_hostname_type_on_launch": "ip-name",
            "region": "ap-south-1",
            "tags": {
              "Name": "DB_Subnet-2"
            },
            "tags_all": {
              "Name": "DB_Subnet-2"
            },
            "timeouts": null,
            "vpc_id": "vpc-0ee7cdbf4d506c65e"
          },
          "sensitive_attributes": [],
          "identity_schema_version": 0,
          "identity": {
            "account_id": "423636639962",
            "id": "subnet-05cfaeb305d276d3b",
            "region": "ap-south-1"
          },
          "private": "eyJlMmJmYjczMC1lY2FhLTExZTYtOGY4OC0zNDM2M2JjN2M0YzAiOnsiY3JlYXRlIjo2MDAwMDAwMDAwMDAsImRlbGV0ZSI6MTIwMDAwMDAwMDAwMH0sInNjaGVtYV92ZXJzaW9uIjoiMSJ9",
          "dependencies": [
            "module.networking.aws_vpc.this_vpc"
          ]
        }
      ]
    },
    {
      "module": "module.networking",
      "mode": "managed",
      "type": "aws_subnet",
      "name": "this_public_subnet",
      "provider": "provider[\"registry.terraform.io/hashicorp/aws\"]",
      "instances": [
        {
          "index_key": 0,
          "schema_version": 1,
          "attributes": {
            "arn": "arn:aws:ec2:ap-south-1:423636639962:subnet/subnet-095a0536df5da321b",
            "assign_ipv6_address_on_creation": false,
            "availability_zone": "ap-south-1a",
            "availability_zone_id": "aps1-az1",
            "cidr_block": "10.0.1.0/24",
            "customer_owned_ipv4_pool": "",
            "enable_dns64": false,
            "enable_lni_at_device_index": 0,
            "enable_resource_name_dns_a_record_on_launch": false,
            "enable_resource_name_dns_aaaa_record_on_launch": false,
            "id": "subnet-095a0536df5da321b",
            "ipv4_ipam_pool_id": null,
            "ipv4_netmask_length": null,
            "ipv6_cidr_block": "",
            "ipv6_cidr_block_association_id": "",
            "ipv6_ipam_pool_id": null,
            "ipv6_native": false,
            "ipv6_netmask_length": null,
            "map_customer_owned_ip_on_launch": false,
            "map_public_ip_on_launch": true,
            "outpost_arn": "",
            "owner_id": "423636639962",
            "private_dns_hostname_type_on_launch": "ip-name",
            "region": "ap-south-1",
            "tags": {
              "Name": "public-subnet-1"
            },
            "tags_all": {
              "Name": "public-subnet-1"
            },
            "timeouts": null,
            "vpc_id": "vpc-0ee7cdbf4d506c65e"
          },
          "sensitive_attributes": [],
          "identity_schema_version": 0,
          "identity": {
            "account_id": "423636639962",
            "id": "subnet-095a0536df5da321b",
            "region": "ap-south-1"
          },
          "private": "eyJlMmJmYjczMC1lY2FhLTExZTYtOGY4OC0zNDM2M2JjN2M0YzAiOnsiY3JlYXRlIjo2MDAwMDAwMDAwMDAsImRlbGV0ZSI6MTIwMDAwMDAwMDAwMH0sInNjaGVtYV92ZXJzaW9uIjoiMSJ9",
          "dependencies": [
            "module.networking.aws_vpc.this_vpc"
          ]
        },
        {
          "index_key": 1,
          "schema_version": 1,
          "attributes": {
            "arn": "arn:aws:ec2:ap-south-1:423636639962:subnet/subnet-044a871f57ab1c323",
            "assign_ipv6_address_on_creation": false,
            "availability_zone": "ap-south-1b",
            "availability_zone_id": "aps1-az3",
            "cidr_block": "10.0.2.0/24",
            "customer_owned_ipv4_pool": "",
            "enable_dns64": false,
            "enable_lni_at_device_index": 0,
            "enable_resource_name_dns_a_record_on_launch": false,
            "enable_resource_name_dns_aaaa_record_on_launch": false,
            "id": "subnet-044a871f57ab1c323",
            "ipv4_ipam_pool_id": null,
            "ipv4_netmask_length": null,
            "ipv6_cidr_block": "",
            "ipv6_cidr_block_association_id": "",
            "ipv6_ipam_pool_id": null,
            "ipv6_native": false,
            "ipv6_netmask_length": null,
            "map_customer_owned_ip_on_launch": false,
            "map_public_ip_on_launch": true,
            "outpost_arn": "",
            "owner_id": "423636639962",
            "private_dns_hostname_type_on_launch": "ip-name",
            "region": "ap-south-1",
            "tags": {
              "Name": "public-subnet-2"
            },
            "tags_all": {
              "Name": "public-subnet-2"
            },
            "timeouts": null,
            "vpc_id": "vpc-0ee7cdbf4d506c65e"
          },
          "sensitive_attributes": [],
          "identity_schema_version": 0,
          "identity": {
            "account_id": "423636639962",
            "id": "subnet-044a871f57ab1c323",
            "region": "ap-south-1"
          },
          "private": "eyJlMmJmYjczMC1lY2FhLTExZTYtOGY4OC0zNDM2M2JjN2M0YzAiOnsiY3JlYXRlIjo2MDAwMDAwMDAwMDAsImRlbGV0ZSI6MTIwMDAwMDAwMDAwMH0sInNjaGVtYV92ZXJzaW9uIjoiMSJ9",
          "dependencies": [
            "module.networking.aws_vpc.this_vpc"
          ]
        }
      ]
    },
    {
      "module": "module.networking",
      "mode": "managed",
      "type": "aws_vpc",
      "name": "this_vpc",
      "provider": "provider[\"registry.terraform.io/hashicorp/aws\"]",
      "instances": [
        {
          "schema_version": 1,
          "attributes": {
            "arn": "arn:aws:ec2:ap-south-1:423636639962:vpc/vpc-0ee7cdbf4d506c65e",
            "assign_generated_ipv6_cidr_block": false,
            "cidr_block": "10.0.0.0/16",
            "default_network_acl_id": "acl-0910a743e466410d2",
            "default_route_table_id": "rtb-01a4db4716cd8486c",
            "default_security_group_id": "sg-00cc5dbde63958685",
            "dhcp_options_id": "dopt-0b75782504462beb4",
            "enable_dns_hostnames": true,
            "enable_dns_support": true,
            "enable_network_address_usage_metrics": false,
            "id": "vpc-0ee7cdbf4d506c65e",
            "instance_tenancy": "default",
            "ipv4_ipam_pool_id": null,
            "ipv4_netmask_length": null,
            "ipv6_association_id": "",
            "ipv6_cidr_block": "",
            "ipv6_cidr_block_network_border_group": "",
            "ipv6_ipam_pool_id": "",
            "ipv6_netmask_length": 0,
            "main_route_table_id": "rtb-01a4db4716cd8486c",
            "owner_id": "423636639962",
            "region": "ap-south-1",
            "tags": {
              "Name": "cloudethix-vpc"
            },
            "tags_all": {
              "Name": "cloudethix-vpc"
            }
          },
          "sensitive_attributes": [],
          "identity_schema_version": 0,
          "identity": {
            "account_id": "423636639962",
            "id": "vpc-0ee7cdbf4d506c65e",
            "region": "ap-south-1"
          },
          "private": "eyJzY2hlbWFfdmVyc2lvbiI6IjEifQ=="
        }
      ]
    },
    {
      "module": "module.rds",
      "mode": "managed",
      "type": "aws_db_instance",
      "name": "this_rds_db",
      "provider": "provider[\"registry.terraform.io/hashicorp/aws\"]",
      "instances": [
        {
          "schema_version": 2,
          "attributes": {
            "address": "three-tier-db.c9e08egmmmsp.ap-south-1.rds.amazonaws.com",
            "allocated_storage": 20,
            "allow_major_version_upgrade": null,
            "apply_immediately": false,
            "arn": "arn:aws:rds:ap-south-1:423636639962:db:three-tier-db",
            "auto_minor_version_upgrade": true,
            "availability_zone": "ap-south-1b",
            "backup_retention_period": 0,
            "backup_target": "region",
            "backup_window": "21:44-22:14",
            "blue_green_update": [],
            "ca_cert_identifier": "rds-ca-rsa2048-g1",
            "character_set_name": "",
            "copy_tags_to_snapshot": false,
            "custom_iam_instance_profile": "",
            "customer_owned_ip_enabled": false,
            "database_insights_mode": "standard",
            "db_name": "cloudethix",
            "db_subnet_group_name": "three-tier-db-subnet-group",
            "dedicated_log_volume": false,
            "delete_automated_backups": true,
            "deletion_protection": false,
            "domain": "",
            "domain_auth_secret_arn": "",
            "domain_dns_ips": null,
            "domain_fqdn": "",
            "domain_iam_role_name": "",
            "domain_ou": "",
            "enabled_cloudwatch_logs_exports": null,
            "endpoint": "three-tier-db.c9e08egmmmsp.ap-south-1.rds.amazonaws.com:3306",
            "engine": "mysql",
            "engine_lifecycle_support": "open-source-rds-extended-support",
            "engine_version": "8.0",
            "engine_version_actual": "8.0.46",
            "final_snapshot_identifier": null,
            "hosted_zone_id": "Z2VFMSZA74J7XZ",
            "iam_database_authentication_enabled": false,
            "id": "db-ZCSYORZCFQW2TUDR26WKOGRP3Y",
            "identifier": "three-tier-db",
            "identifier_prefix": "",
            "instance_class": "db.t3.micro",
            "iops": 0,
            "kms_key_id": "",
            "latest_restorable_time": "",
            "license_model": "general-public-license",
            "listener_endpoint": [],
            "maintenance_window": "wed:07:07-wed:07:37",
            "manage_master_user_password": null,
            "master_user_secret": [],
            "master_user_secret_kms_key_id": null,
            "max_allocated_storage": 0,
            "monitoring_interval": 0,
            "monitoring_role_arn": "",
            "multi_az": false,
            "nchar_character_set_name": "",
            "network_type": "IPV4",
            "option_group_name": "default:mysql-8-0",
            "parameter_group_name": "default.mysql8.0",
            "password": "Avej1234",
            "password_wo": null,
            "password_wo_version": null,
            "performance_insights_enabled": false,
            "performance_insights_kms_key_id": "",
            "performance_insights_retention_period": 0,
            "port": 3306,
            "publicly_accessible": false,
            "region": "ap-south-1",
            "replica_mode": "",
            "replicas": [],
            "replicate_source_db": "",
            "resource_id": "db-ZCSYORZCFQW2TUDR26WKOGRP3Y",
            "restore_to_point_in_time": [],
            "s3_import": [],
            "skip_final_snapshot": true,
            "snapshot_identifier": null,
            "status": "available",
            "storage_encrypted": false,
            "storage_throughput": 0,
            "storage_type": "gp2",
            "tags": {
              "Name": "three-tier-db"
            },
            "tags_all": {
              "Name": "three-tier-db"
            },
            "timeouts": null,
            "timezone": "",
            "upgrade_rollout_order": "second",
            "upgrade_storage_config": null,
            "username": "Avej",
            "vpc_security_group_ids": [
              "sg-04745b76e90d12dc5"
            ]
          },
          "sensitive_attributes": [
            [
              {
                "type": "get_attr",
                "value": "password"
              }
            ],
            [
              {
                "type": "get_attr",
                "value": "password_wo"
              }
            ]
          ],
          "identity_schema_version": 0,
          "private": "eyJlMmJmYjczMC1lY2FhLTExZTYtOGY4OC0zNDM2M2JjN2M0YzAiOnsiY3JlYXRlIjozMDAwMDAwMDAwMDAwLCJkZWxldGUiOjM2MDAwMDAwMDAwMDAsInVwZGF0ZSI6NDgwMDAwMDAwMDAwMH0sInNjaGVtYV92ZXJzaW9uIjoiMiJ9",
          "dependencies": [
            "module.Security_groups.aws_security_group.this_alb_sg",
            "module.Security_groups.aws_security_group.this_app_sg",
            "module.Security_groups.aws_security_group.this_db_sg",
            "module.networking.aws_subnet.this_private_db_subnet",
            "module.networking.aws_vpc.this_vpc",
            "module.rds.aws_db_subnet_group.this_db_subnet_grp"
          ]
        }
      ]
    },
    {
      "module": "module.rds",
      "mode": "managed",
      "type": "aws_db_subnet_group",
      "name": "this_db_subnet_grp",
      "provider": "provider[\"registry.terraform.io/hashicorp/aws\"]",
      "instances": [
        {
          "schema_version": 0,
          "attributes": {
            "arn": "arn:aws:rds:ap-south-1:423636639962:subgrp:three-tier-db-subnet-group",
            "description": "Managed by Terraform",
            "id": "three-tier-db-subnet-group",
            "name": "three-tier-db-subnet-group",
            "name_prefix": "",
            "region": "ap-south-1",
            "subnet_ids": [
              "subnet-05cfaeb305d276d3b",
              "subnet-0b1b6cc771bc6beee"
            ],
            "supported_network_types": [
              "IPV4"
            ],
            "tags": {
              "Name": "three-tier-db-subnet-group"
            },
            "tags_all": {
              "Name": "three-tier-db-subnet-group"
            },
            "vpc_id": "vpc-0ee7cdbf4d506c65e"
          },
          "sensitive_attributes": [],
          "identity_schema_version": 0,
          "identity": {
            "account_id": "423636639962",
            "name": "three-tier-db-subnet-group",
            "region": "ap-south-1"
          },
          "private": "bnVsbA==",
          "dependencies": [
            "module.networking.aws_subnet.this_private_db_subnet",
            "module.networking.aws_vpc.this_vpc"
          ]
        }
      ]
    }
  ],
  "check_results": null
}
