{
  "version": 4,
  "terraform_version": "1.14.8",
  "serial": 33,
  "lineage": "9c0f1c6f-93f7-c20e-35c7-3f831a7be8db",
  "outputs": {},
  "resources": [
    {
      "mode": "data",
      "type": "aws_ami",
      "name": "amazon_linux",
      "provider": "provider[\"registry.terraform.io/hashicorp/aws\"]",
      "instances": [
        {
          "schema_version": 0,
          "attributes": {
            "allow_unsafe_filter": null,
            "architecture": "x86_64",
            "arn": "arn:aws:ec2:ap-south-1::image/ami-00dacbfa5dadee622",
            "block_device_mappings": [
              {
                "device_name": "/dev/xvda",
                "ebs": {
                  "delete_on_termination": "true",
                  "encrypted": "false",
                  "iops": "3000",
                  "snapshot_id": "snap-0b3b6e6508970f879",
                  "throughput": "125",
                  "volume_initialization_rate": "0",
                  "volume_size": "2",
                  "volume_type": "gp3"
                },
                "no_device": "",
                "virtual_name": ""
              }
            ],
            "boot_mode": "uefi-preferred",
            "creation_date": "2026-08-03T17:42:27.000Z",
            "deprecation_time": "2026-11-01T17:44:00.000Z",
            "description": "Amazon Linux 2023 AMI 2023.12.20260803.3 x86_64 Minimal HVM kernel-6.12",
            "ena_support": true,
            "executable_users": null,
            "filter": [
              {
                "name": "name",
                "values": [
                  "al2023-ami-*-x86_64"
                ]
              }
            ],
            "hypervisor": "xen",
            "id": "ami-00dacbfa5dadee622",
            "image_id": "ami-00dacbfa5dadee622",
            "image_location": "amazon/al2023-ami-minimal-2023.12.20260803.3-kernel-6.12-x86_64",
            "image_owner_alias": "amazon",
            "image_type": "machine",
            "imds_support": "v2.0",
            "include_deprecated": false,
            "kernel_id": "",
            "last_launched_time": "",
            "most_recent": true,
            "name": "al2023-ami-minimal-2023.12.20260803.3-kernel-6.12-x86_64",
            "name_regex": null,
            "owner_id": "137112412989",
            "owners": [
              "amazon"
            ],
            "platform": "",
            "platform_details": "Linux/UNIX",
            "product_codes": [],
            "public": true,
            "ramdisk_id": "",
            "region": "ap-south-1",
            "root_device_name": "/dev/xvda",
            "root_device_type": "ebs",
            "root_snapshot_id": "snap-0b3b6e6508970f879",
            "sriov_net_support": "simple",
            "state": "available",
            "state_reason": {
              "code": "UNSET",
              "message": "UNSET"
            },
            "tags": {},
            "timeouts": null,
            "tpm_support": "",
            "uefi_data": null,
            "usage_operation": "RunInstances",
            "virtualization_type": "hvm"
          },
          "sensitive_attributes": [],
          "identity_schema_version": 0
        }
      ]
    },
    {
      "module": "module.Security_groups",
      "mode": "managed",
      "type": "aws_security_group",
      "name": "alb-sg",
      "provider": "provider[\"registry.terraform.io/hashicorp/aws\"]",
      "instances": [
        {
          "schema_version": 1,
          "attributes": {
            "arn": "arn:aws:ec2:ap-south-1:423636639962:security-group/sg-0cc941aaddf727df0",
            "description": "security group from ALB",
            "egress": [
              {
                "cidr_blocks": [
                  "0.0.0.0/0"
                ],
                "description": "",
                "from_port": 0,
                "ipv6_cidr_blocks": [],
                "prefix_list_ids": [],
                "protocol": "-1",
                "security_groups": [],
                "self": false,
                "to_port": 0
              }
            ],
            "id": "sg-0cc941aaddf727df0",
            "ingress": [
              {
                "cidr_blocks": [
                  "0.0.0.0/0"
                ],
                "description": "",
                "from_port": 443,
                "ipv6_cidr_blocks": [],
                "prefix_list_ids": [],
                "protocol": "tcp",
                "security_groups": [],
                "self": false,
                "to_port": 443
              },
              {
                "cidr_blocks": [
                  "0.0.0.0/0"
                ],
                "description": "",
                "from_port": 80,
                "ipv6_cidr_blocks": [],
                "prefix_list_ids": [],
                "protocol": "tcp",
                "security_groups": [],
                "self": false,
                "to_port": 80
              }
            ],
            "name": "alb-sg",
            "name_prefix": "",
            "owner_id": "423636639962",
            "region": "ap-south-1",
            "revoke_rules_on_delete": false,
            "tags": {
              "Name": "ALB-SG"
            },
            "tags_all": {
              "Name": "ALB-SG"
            },
            "timeouts": null,
            "vpc_id": "vpc-0e7a984e1d7478dc6"
          },
          "sensitive_attributes": [],
          "identity_schema_version": 0,
          "identity": {
            "account_id": "423636639962",
            "id": "sg-0cc941aaddf727df0",
            "region": "ap-south-1"
          },
          "private": "eyJlMmJmYjczMC1lY2FhLTExZTYtOGY4OC0zNDM2M2JjN2M0YzAiOnsiY3JlYXRlIjo2MDAwMDAwMDAwMDAsImRlbGV0ZSI6OTAwMDAwMDAwMDAwfSwic2NoZW1hX3ZlcnNpb24iOiIxIn0=",
          "dependencies": [
            "module.networking.aws_vpc.main"
          ]
        }
      ]
    },
    {
      "module": "module.Security_groups",
      "mode": "managed",
      "type": "aws_security_group",
      "name": "app-sg",
      "provider": "provider[\"registry.terraform.io/hashicorp/aws\"]",
      "instances": [
        {
          "schema_version": 1,
          "attributes": {
            "arn": "arn:aws:ec2:ap-south-1:423636639962:security-group/sg-06c8a0591b55dd268",
            "description": "Application security group",
            "egress": [
              {
                "cidr_blocks": [
                  "0.0.0.0/0"
                ],
                "description": "",
                "from_port": 0,
                "ipv6_cidr_blocks": [],
                "prefix_list_ids": [],
                "protocol": "-1",
                "security_groups": [],
                "self": false,
                "to_port": 0
              }
            ],
            "id": "sg-06c8a0591b55dd268",
            "ingress": [
              {
                "cidr_blocks": [],
                "description": "",
                "from_port": 3000,
                "ipv6_cidr_blocks": [],
                "prefix_list_ids": [],
                "protocol": "tcp",
                "security_groups": [
                  "sg-0cc941aaddf727df0"
                ],
                "self": false,
                "to_port": 3000
              }
            ],
            "name": "application-sg",
            "name_prefix": "",
            "owner_id": "423636639962",
            "region": "ap-south-1",
            "revoke_rules_on_delete": false,
            "tags": {
              "Name": "Application-sg"
            },
            "tags_all": {
              "Name": "Application-sg"
            },
            "timeouts": null,
            "vpc_id": "vpc-0e7a984e1d7478dc6"
          },
          "sensitive_attributes": [],
          "identity_schema_version": 0,
          "identity": {
            "account_id": "423636639962",
            "id": "sg-06c8a0591b55dd268",
            "region": "ap-south-1"
          },
          "private": "eyJlMmJmYjczMC1lY2FhLTExZTYtOGY4OC0zNDM2M2JjN2M0YzAiOnsiY3JlYXRlIjo2MDAwMDAwMDAwMDAsImRlbGV0ZSI6OTAwMDAwMDAwMDAwfSwic2NoZW1hX3ZlcnNpb24iOiIxIn0=",
          "dependencies": [
            "module.Security_groups.aws_security_group.alb-sg",
            "module.networking.aws_vpc.main"
          ]
        }
      ]
    },
    {
      "module": "module.Security_groups",
      "mode": "managed",
      "type": "aws_security_group",
      "name": "db-sg",
      "provider": "provider[\"registry.terraform.io/hashicorp/aws\"]",
      "instances": [
        {
          "schema_version": 1,
          "attributes": {
            "arn": "arn:aws:ec2:ap-south-1:423636639962:security-group/sg-09f32fe450e5a3e23",
            "description": "Database Security group",
            "egress": [
              {
                "cidr_blocks": [
                  "0.0.0.0/0"
                ],
                "description": "",
                "from_port": 0,
                "ipv6_cidr_blocks": [],
                "prefix_list_ids": [],
                "protocol": "-1",
                "security_groups": [],
                "self": false,
                "to_port": 0
              }
            ],
            "id": "sg-09f32fe450e5a3e23",
            "ingress": [
              {
                "cidr_blocks": [],
                "description": "",
                "from_port": 3306,
                "ipv6_cidr_blocks": [],
                "prefix_list_ids": [],
                "protocol": "tcp",
                "security_groups": [
                  "sg-06c8a0591b55dd268"
                ],
                "self": false,
                "to_port": 3306
              }
            ],
            "name": "database-sg",
            "name_prefix": "",
            "owner_id": "423636639962",
            "region": "ap-south-1",
            "revoke_rules_on_delete": false,
            "tags": {
              "Name": "Database-sg"
            },
            "tags_all": {
              "Name": "Database-sg"
            },
            "timeouts": null,
            "vpc_id": "vpc-0e7a984e1d7478dc6"
          },
          "sensitive_attributes": [],
          "identity_schema_version": 0,
          "identity": {
            "account_id": "423636639962",
            "id": "sg-09f32fe450e5a3e23",
            "region": "ap-south-1"
          },
          "private": "eyJlMmJmYjczMC1lY2FhLTExZTYtOGY4OC0zNDM2M2JjN2M0YzAiOnsiY3JlYXRlIjo2MDAwMDAwMDAwMDAsImRlbGV0ZSI6OTAwMDAwMDAwMDAwfSwic2NoZW1hX3ZlcnNpb24iOiIxIn0=",
          "dependencies": [
            "module.Security_groups.aws_security_group.alb-sg",
            "module.Security_groups.aws_security_group.app-sg",
            "module.networking.aws_vpc.main"
          ]
        }
      ]
    },
    {
      "module": "module.alb",
      "mode": "managed",
      "type": "aws_lb",
      "name": "alb",
      "provider": "provider[\"registry.terraform.io/hashicorp/aws\"]",
      "instances": [
        {
          "schema_version": 0,
          "attributes": {
            "access_logs": [
              {
                "bucket": "",
                "enabled": false,
                "prefix": ""
              }
            ],
            "arn": "arn:aws:elasticloadbalancing:ap-south-1:423636639962:loadbalancer/app/three-tier-alb/abf31bbe8fe3f312",
            "arn_suffix": "app/three-tier-alb/abf31bbe8fe3f312",
            "client_keep_alive": 3600,
            "connection_logs": [
              {
                "bucket": "",
                "enabled": false,
                "prefix": ""
              }
            ],
            "customer_owned_ipv4_pool": "",
            "desync_mitigation_mode": "defensive",
            "dns_name": "three-tier-alb-167568697.ap-south-1.elb.amazonaws.com",
            "dns_record_client_routing_policy": null,
            "drop_invalid_header_fields": false,
            "enable_cross_zone_load_balancing": true,
            "enable_deletion_protection": false,
            "enable_http2": true,
            "enable_prefix_for_ipv6_source_nat": "off",
            "enable_tls_version_and_cipher_suite_headers": false,
            "enable_waf_fail_open": false,
            "enable_xff_client_port": false,
            "enable_zonal_shift": false,
            "enforce_security_group_inbound_rules_on_private_link_traffic": "",
            "health_check_logs": [
              {
                "bucket": "",
                "enabled": false,
                "prefix": ""
              }
            ],
            "id": "arn:aws:elasticloadbalancing:ap-south-1:423636639962:loadbalancer/app/three-tier-alb/abf31bbe8fe3f312",
            "idle_timeout": 60,
            "internal": false,
            "ip_address_type": "ipv4",
            "ipam_pools": [],
            "load_balancer_type": "application",
            "minimum_load_balancer_capacity": [],
            "name": "three-tier-alb",
            "name_prefix": "",
            "preserve_host_header": false,
            "region": "ap-south-1",
            "secondary_ips_auto_assigned_per_subnet": null,
            "security_groups": [
              "sg-0cc941aaddf727df0"
            ],
            "subnet_mapping": [
              {
                "allocation_id": "",
                "ipv6_address": "",
                "outpost_id": "",
                "private_ipv4_address": "",
                "subnet_id": "subnet-09971ad74d620a7d0"
              },
              {
                "allocation_id": "",
                "ipv6_address": "",
                "outpost_id": "",
                "private_ipv4_address": "",
                "subnet_id": "subnet-0dc8f60a154e30c15"
              }
            ],
            "subnets": [
              "subnet-09971ad74d620a7d0",
              "subnet-0dc8f60a154e30c15"
            ],
            "tags": {
              "name": "three-tier-alb"
            },
            "tags_all": {
              "name": "three-tier-alb"
            },
            "timeouts": null,
            "vpc_id": "vpc-0e7a984e1d7478dc6",
            "xff_header_processing_mode": "append",
            "zone_id": "ZP97RAFLXTNZK"
          },
          "sensitive_attributes": [],
          "identity_schema_version": 0,
          "identity": {
            "arn": "arn:aws:elasticloadbalancing:ap-south-1:423636639962:loadbalancer/app/three-tier-alb/abf31bbe8fe3f312"
          },
          "private": "eyJlMmJmYjczMC1lY2FhLTExZTYtOGY4OC0zNDM2M2JjN2M0YzAiOnsiY3JlYXRlIjo2MDAwMDAwMDAwMDAsImRlbGV0ZSI6NjAwMDAwMDAwMDAwLCJ1cGRhdGUiOjYwMDAwMDAwMDAwMH19",
          "dependencies": [
            "module.Security_groups.aws_security_group.alb-sg",
            "module.networking.aws_subnet.public-subnet",
            "module.networking.aws_vpc.main"
          ]
        }
      ]
    },
    {
      "module": "module.alb",
      "mode": "managed",
      "type": "aws_lb_listener",
      "name": "http-listener",
      "provider": "provider[\"registry.terraform.io/hashicorp/aws\"]",
      "instances": [
        {
          "schema_version": 0,
          "attributes": {
            "alpn_policy": null,
            "arn": "arn:aws:elasticloadbalancing:ap-south-1:423636639962:listener/app/three-tier-alb/abf31bbe8fe3f312/b672ee46abfc9fd3",
            "certificate_arn": null,
            "default_action": [
              {
                "authenticate_cognito": [],
                "authenticate_oidc": [],
                "fixed_response": [],
                "forward": [],
                "jwt_validation": [],
                "order": 1,
                "redirect": [],
                "target_group_arn": "arn:aws:elasticloadbalancing:ap-south-1:423636639962:targetgroup/Application-TG/17f16abf633f4135",
                "type": "forward"
              }
            ],
            "id": "arn:aws:elasticloadbalancing:ap-south-1:423636639962:listener/app/three-tier-alb/abf31bbe8fe3f312/b672ee46abfc9fd3",
            "load_balancer_arn": "arn:aws:elasticloadbalancing:ap-south-1:423636639962:loadbalancer/app/three-tier-alb/abf31bbe8fe3f312",
            "mutual_authentication": [],
            "port": 80,
            "protocol": "HTTP",
            "region": "ap-south-1",
            "routing_http_request_x_amzn_mtls_clientcert_header_name": null,
            "routing_http_request_x_amzn_mtls_clientcert_issuer_header_name": null,
            "routing_http_request_x_amzn_mtls_clientcert_leaf_header_name": null,
            "routing_http_request_x_amzn_mtls_clientcert_serial_number_header_name": null,
            "routing_http_request_x_amzn_mtls_clientcert_subject_header_name": null,
            "routing_http_request_x_amzn_mtls_clientcert_validity_header_name": null,
            "routing_http_request_x_amzn_tls_cipher_suite_header_name": null,
            "routing_http_request_x_amzn_tls_version_header_name": null,
            "routing_http_response_access_control_allow_credentials_header_value": "",
            "routing_http_response_access_control_allow_headers_header_value": "",
            "routing_http_response_access_control_allow_methods_header_value": "",
            "routing_http_response_access_control_allow_origin_header_value": "",
            "routing_http_response_access_control_expose_headers_header_value": "",
            "routing_http_response_access_control_max_age_header_value": "",
            "routing_http_response_content_security_policy_header_value": "",
            "routing_http_response_server_enabled": true,
            "routing_http_response_strict_transport_security_header_value": "",
            "routing_http_response_x_content_type_options_header_value": "",
            "routing_http_response_x_frame_options_header_value": "",
            "ssl_policy": "",
            "tags": null,
            "tags_all": {},
            "tcp_idle_timeout_seconds": null,
            "timeouts": null
          },
          "sensitive_attributes": [],
          "identity_schema_version": 0,
          "identity": {
            "arn": "arn:aws:elasticloadbalancing:ap-south-1:423636639962:listener/app/three-tier-alb/abf31bbe8fe3f312/b672ee46abfc9fd3"
          },
          "private": "eyJlMmJmYjczMC1lY2FhLTExZTYtOGY4OC0zNDM2M2JjN2M0YzAiOnsiY3JlYXRlIjozMDAwMDAwMDAwMDAsInVwZGF0ZSI6MzAwMDAwMDAwMDAwfX0=",
          "dependencies": [
            "module.Security_groups.aws_security_group.alb-sg",
            "module.alb.aws_lb.alb",
            "module.alb.aws_lb_target_group.app-lb-tg",
            "module.networking.aws_subnet.public-subnet",
            "module.networking.aws_vpc.main"
          ]
        }
      ]
    },
    {
      "module": "module.alb",
      "mode": "managed",
      "type": "aws_lb_target_group",
      "name": "app-lb-tg",
      "provider": "provider[\"registry.terraform.io/hashicorp/aws\"]",
      "instances": [
        {
          "schema_version": 0,
          "attributes": {
            "arn": "arn:aws:elasticloadbalancing:ap-south-1:423636639962:targetgroup/Application-TG/17f16abf633f4135",
            "arn_suffix": "targetgroup/Application-TG/17f16abf633f4135",
            "connection_termination": null,
            "deregistration_delay": "300",
            "health_check": [
              {
                "enabled": true,
                "healthy_threshold": 3,
                "interval": 30,
                "matcher": "200",
                "path": "/",
                "port": "traffic-port",
                "protocol": "HTTP",
                "timeout": 5,
                "unhealthy_threshold": 3
              }
            ],
            "id": "arn:aws:elasticloadbalancing:ap-south-1:423636639962:targetgroup/Application-TG/17f16abf633f4135",
            "ip_address_type": "ipv4",
            "lambda_multi_value_headers_enabled": false,
            "load_balancer_arns": [],
            "load_balancing_algorithm_type": "round_robin",
            "load_balancing_anomaly_mitigation": "off",
            "load_balancing_cross_zone_enabled": "use_load_balancer_configuration",
            "name": "Application-TG",
            "name_prefix": "",
            "port": 80,
            "preserve_client_ip": null,
            "protocol": "HTTP",
            "protocol_version": "HTTP1",
            "proxy_protocol_v2": false,
            "region": "ap-south-1",
            "slow_start": 0,
            "stickiness": [
              {
                "cookie_duration": 86400,
                "cookie_name": "",
                "enabled": false,
                "type": "lb_cookie"
              }
            ],
            "tags": {
              "Name": "Application-TG"
            },
            "tags_all": {
              "Name": "Application-TG"
            },
            "target_control_port": 0,
            "target_failover": [
              {
                "on_deregistration": null,
                "on_unhealthy": null
              }
            ],
            "target_group_health": [
              {
                "dns_failover": [
                  {
                    "minimum_healthy_targets_count": "1",
                    "minimum_healthy_targets_percentage": "off"
                  }
                ],
                "unhealthy_state_routing": [
                  {
                    "minimum_healthy_targets_count": 1,
                    "minimum_healthy_targets_percentage": "off"
                  }
                ]
              }
            ],
            "target_health_state": [
              {
                "enable_unhealthy_connection_termination": null,
                "unhealthy_draining_interval": null
              }
            ],
            "target_type": "instance",
            "vpc_id": "vpc-0e7a984e1d7478dc6"
          },
          "sensitive_attributes": [],
          "identity_schema_version": 0,
          "identity": {
            "arn": "arn:aws:elasticloadbalancing:ap-south-1:423636639962:targetgroup/Application-TG/17f16abf633f4135"
          },
          "private": "bnVsbA==",
          "dependencies": [
            "module.networking.aws_vpc.main"
          ]
        }
      ]
    },
    {
      "module": "module.ec2",
      "mode": "managed",
      "type": "aws_instance",
      "name": "app",
      "provider": "provider[\"registry.terraform.io/hashicorp/aws\"]",
      "instances": [
        {
          "schema_version": 2,
          "attributes": {
            "ami": "ami-00dacbfa5dadee622",
            "arn": "arn:aws:ec2:ap-south-1:423636639962:instance/i-00a66d6c543400d85",
            "associate_public_ip_address": false,
            "availability_zone": "ap-south-1a",
            "capacity_reservation_specification": [
              {
                "capacity_reservation_preference": "open",
                "capacity_reservation_target": []
              }
            ],
            "cpu_options": [
              {
                "amd_sev_snp": "",
                "core_count": 1,
                "nested_virtualization": "",
                "threads_per_core": 2
              }
            ],
            "credit_specification": [
              {
                "cpu_credits": "unlimited"
              }
            ],
            "disable_api_stop": false,
            "disable_api_termination": false,
            "ebs_block_device": [],
            "ebs_optimized": false,
            "enable_primary_ipv6": null,
            "enclave_options": [
              {
                "enabled": false
              }
            ],
            "ephemeral_block_device": [],
            "force_destroy": false,
            "get_password_data": false,
            "hibernation": false,
            "host_id": "",
            "host_resource_group_arn": null,
            "iam_instance_profile": "",
            "id": "i-00a66d6c543400d85",
            "instance_initiated_shutdown_behavior": "stop",
            "instance_lifecycle": "",
            "instance_market_options": [],
            "instance_state": "running",
            "instance_type": "t3.small",
            "ipv6_address_count": 0,
            "ipv6_addresses": [],
            "key_name": "three-tier-tf-key",
            "launch_template": [],
            "maintenance_options": [
              {
                "auto_recovery": "default"
              }
            ],
            "metadata_options": [
              {
                "http_endpoint": "enabled",
                "http_protocol_ipv6": "disabled",
                "http_put_response_hop_limit": 2,
                "http_tokens": "required",
                "instance_metadata_tags": "disabled"
              }
            ],
            "monitoring": false,
            "network_interface": [],
            "outpost_arn": "",
            "password_data": "",
            "placement_group": "",
            "placement_group_id": "",
            "placement_partition_number": 0,
            "primary_network_interface": [
              {
                "delete_on_termination": true,
                "network_interface_id": "eni-0a3ee6747efee08eb"
              }
            ],
            "primary_network_interface_id": "eni-0a3ee6747efee08eb",
            "private_dns": "ip-10-0-3-124.ap-south-1.compute.internal",
            "private_dns_name_options": [
              {
                "enable_resource_name_dns_a_record": false,
                "enable_resource_name_dns_aaaa_record": false,
                "hostname_type": "ip-name"
              }
            ],
            "private_ip": "10.0.3.124",
            "public_dns": "",
            "public_ip": "",
            "region": "ap-south-1",
            "root_block_device": [
              {
                "delete_on_termination": true,
                "device_name": "/dev/xvda",
                "encrypted": false,
                "iops": 3000,
                "kms_key_id": "",
                "tags": {},
                "tags_all": {},
                "throughput": 125,
                "volume_id": "vol-09a0ab687a9338b9d",
                "volume_size": 2,
                "volume_type": "gp3"
              }
            ],
            "secondary_network_interface": [],
            "secondary_private_ips": [],
            "security_groups": [],
            "source_dest_check": true,
            "spot_instance_request_id": "",
            "subnet_id": "subnet-0882460629722a6d6",
            "tags": {
              "Name": "application-server"
            },
            "tags_all": {
              "Name": "application-server"
            },
            "tenancy": "default",
            "timeouts": null,
            "user_data": null,
            "user_data_base64": null,
            "user_data_replace_on_change": false,
            "volume_tags": null,
            "vpc_security_group_ids": [
              "sg-06c8a0591b55dd268"
            ]
          },
          "sensitive_attributes": [],
          "identity_schema_version": 0,
          "identity": {
            "account_id": "423636639962",
            "id": "i-00a66d6c543400d85",
            "region": "ap-south-1"
          },
          "private": "eyJlMmJmYjczMC1lY2FhLTExZTYtOGY4OC0zNDM2M2JjN2M0YzAiOnsiY3JlYXRlIjo2MDAwMDAwMDAwMDAsImRlbGV0ZSI6MTIwMDAwMDAwMDAwMCwicmVhZCI6OTAwMDAwMDAwMDAwLCJ1cGRhdGUiOjYwMDAwMDAwMDAwMH0sInNjaGVtYV92ZXJzaW9uIjoiMiJ9",
          "dependencies": [
            "data.aws_ami.amazon_linux",
            "module.Security_groups.aws_security_group.alb-sg",
            "module.Security_groups.aws_security_group.app-sg",
            "module.keypair.aws_key_pair.key-pair",
            "module.keypair.tls_private_key.key",
            "module.networking.aws_subnet.private-app-subnet",
            "module.networking.aws_vpc.main"
          ]
        }
      ]
    },
    {
      "module": "module.ec2",
      "mode": "managed",
      "type": "aws_lb_target_group_attachment",
      "name": "app",
      "provider": "provider[\"registry.terraform.io/hashicorp/aws\"]",
      "instances": [
        {
          "schema_version": 0,
          "attributes": {
            "availability_zone": null,
            "id": "arn:aws:elasticloadbalancing:ap-south-1:423636639962:targetgroup/Application-TG/17f16abf633f4135,i-00a66d6c543400d85,80",
            "port": 80,
            "quic_server_id": null,
            "region": "ap-south-1",
            "target_group_arn": "arn:aws:elasticloadbalancing:ap-south-1:423636639962:targetgroup/Application-TG/17f16abf633f4135",
            "target_id": "i-00a66d6c543400d85"
          },
          "sensitive_attributes": [],
          "identity_schema_version": 0,
          "identity": {
            "account_id": "423636639962",
            "availability_zone": null,
            "port": 80,
            "quic_server_id": null,
            "region": "ap-south-1",
            "target_group_arn": "arn:aws:elasticloadbalancing:ap-south-1:423636639962:targetgroup/Application-TG/17f16abf633f4135",
            "target_id": "i-00a66d6c543400d85"
          },
          "private": "bnVsbA==",
          "dependencies": [
            "data.aws_ami.amazon_linux",
            "module.Security_groups.aws_security_group.alb-sg",
            "module.Security_groups.aws_security_group.app-sg",
            "module.alb.aws_lb_target_group.app-lb-tg",
            "module.ec2.aws_instance.app",
            "module.keypair.aws_key_pair.key-pair",
            "module.keypair.tls_private_key.key",
            "module.networking.aws_subnet.private-app-subnet",
            "module.networking.aws_vpc.main"
          ]
        }
      ]
    },
    {
      "module": "module.keypair",
      "mode": "managed",
      "type": "aws_key_pair",
      "name": "key-pair",
      "provider": "provider[\"registry.terraform.io/hashicorp/aws\"]",
      "instances": [
        {
          "schema_version": 1,
          "attributes": {
            "arn": "arn:aws:ec2:ap-south-1:423636639962:key-pair/three-tier-tf-key",
            "fingerprint": "5e:09:3a:83:f6:f2:59:28:80:76:8c:cb:fb:d5:a2:85",
            "id": "three-tier-tf-key",
            "key_name": "three-tier-tf-key",
            "key_name_prefix": "",
            "key_pair_id": "key-05cf062bc07673fda",
            "key_type": "rsa",
            "public_key": "ssh-rsa AAAAB3NzaC1yc2EAAAADAQABAAACAQDxBLL5sCImnUCiUDMhjr9jQwYbr7pN1szht0hNv6myXdL/nxZywYV6s9tQfTpVNkQWd2TRPOSpQG6OPPwi280fnvsdHK3jCY7xjowW/r1Om/Xcp8NR24hi/ATnP+ZJpb9Zg3c2/WmWf9sg50RnS8glOf0H9ZSayhR6Dfq+xdOsROVLs9kPgGW2nMdwdWzWqKJ+N/c8xWaoMx7XiU0nHTjmi0dEKKwuIIdlnayrNEJn19vNeEpjbZQGU5WmCwZsXWTvBph/D+C0jjKVSYzuz7PHyHOH7dhmHsFpoWYggHbhrytXCG16LV0kNn1TWeA93tz0ih8TOWlwqGzHSy9Vgs8UaKWeX40gnDbmUNzVXXrGWQkUaPCOqEePEvQlNH7xaA/5f/LWPTgOtASwH0u5jaqMRB+Nnf+z/EESqDuGFtnM8UKUDJiIkUjJFqbNi3ovZ0oguFi1bMGBhsyFHZu2c1K23AnGbFnDgoyBA0QF3oI/WAhBsb4Ld52jorVuqXkJ4mU+xNmpb7FzeChNzwdGNRT+T4vssDyD2hKXXISNVAKNVCIcjePwt+7bJJtEzWCWuEqoNRGKv3jbR0UL+v1ld+Ouc8O9G9LG/bocRIqJ1UoZFZpQwYL8DfXDXpG0RyJRTuiBNPms72PxC20nA2ubULZVD6qRxpXsMvjxEe0TnteALw==",
            "region": "ap-south-1",
            "tags": null,
            "tags_all": {}
          },
          "sensitive_attributes": [],
          "identity_schema_version": 0,
          "private": "eyJzY2hlbWFfdmVyc2lvbiI6IjEifQ==",
          "dependencies": [
            "module.keypair.tls_private_key.key"
          ]
        }
      ]
    },
    {
      "module": "module.keypair",
      "mode": "managed",
      "type": "local_file",
      "name": "pem",
      "provider": "provider[\"registry.terraform.io/hashicorp/local\"]",
      "instances": [
        {
          "schema_version": 0,
          "attributes": {
            "content": "-----BEGIN RSA PRIVATE KEY-----\nMIIJKQIBAAKCAgEA8QSy+bAiJp1AolAzIY6/Y0MGG6+6TdbM4bdITb+psl3S/58W\ncsGFerPbUH06VTZEFndk0TzkqUBujjz8ItvNH577HRyt4wmO8Y6MFv69Tpv13KfD\nUduIYvwE5z/mSaW/WYN3Nv1pln/bIOdEZ0vIJTn9B/WUmsoUeg36vsXTrETlS7PZ\nD4BltpzHcHVs1qiifjf3PMVmqDMe14lNJx045otHRCisLiCHZZ2sqzRCZ9fbzXhK\nY22UBlOVpgsGbF1k7waYfw/gtI4ylUmM7s+zx8hzh+3YZh7BaaFmIIB24a8rVwht\nei1dJDZ9U1ngPd7c9IofEzlpcKhsx0svVYLPFGilnl+NIJw25lDc1V16xlkJFGjw\njqhHjxL0JTR+8WgP+X/y1j04DrQEsB9LuY2qjEQfjZ3/s/xBEqg7hhbZzPFClAyY\niJFIyRamzYt6L2dKILhYtWzBgYbMhR2btnNSttwJxmxZw4KMgQNEBd6CP1gIQbG+\nC3edo6K1bql5CeJlPsTZqW+xc3goTc8HRjUU/k+L7LA8g9oSl1yEjVQCjVQiHI3j\n8Lfu2ySbRM1glrhKqDURir9420dFC/r9ZXfjrnPDvRvSxv26HESKidVKGRWaUMGC\n/A31w16RtEciUU7ogTT5rO9j8QttJwNrm1C2VQ+qkcaV7DL48RHtE57XgC8CAwEA\nAQKCAgBhpMy5maEMUdMYrzM32jQxi7rSxqvM00QoAfAaB5dBev97rkES9tIT9v/Y\nKRPT5+tHytEeb/QXmdHwcEaZ/MCqmecUUUUlYP73YA/jVQru6QJ/hbv80tr7dyyp\nX1r15V+TbU6ECcCYR25Ic0lkK/CHHGolqlmtKEeJd1ZpqY3rEfJvbAp5XERY6kVm\nizwv7xv91MCmbzb619Mb8TU/rngZ9r1FoNC401bnVSzaI47vsSUMpjpE8+Tvdzd+\nkKLmjiPRLrPjblRT8fQORUECk0U7oDsmC7cLEFS9bbUJX+JJ5oTBetmXkP9WJ3k4\npoXRqxOLQtX6HN1Z1fJT/2LK2vb3fWQYZh7yFfVnYJISK2a99X4GTKKJfc/NiNqy\nFAfMVva1XGRG1xISAztEjCqk0F1O8xdF9wdMZ6uHethgsBnnncszAedK1eFTkx3t\n+op0UgqN2l6MgDK8cGsICPzMfUSZK+qWuHQrLZ9Ff2IF2rQKdz5c8YyxLNti0Im7\nsSzLU2rtgz2snPLYDJ1wCPdKPcbL8PrAhW4yd/u7PF8VhwDmcJS5v4Q6Dw4C4mg0\nhzsvvjphIBS0YfilFRmDLnhomzpGUKG9BHiSWhom/CxaLVjBEL+9c+8YrN1OqCzL\n2bg19Nyr4o4ZYaLz1ywia3PyBA3EcnImezSGUXLcE5xrvoaVmQKCAQEA/uDvg3MS\naVe9xpExJaLQ6PXx0dLtwvrBO3ZpKM24MdpBj2fY3k0jcG60+kMap9QEvaiWuPUm\nMvulxL0rMikrmg5vVES8BtJQdqdKbWFW2/C/6d955LfLscesz7SVT1S0QIZhMxdo\n/zsGdQQZkkIisSeh5wh5NakLVSZ7VjTKWjpvRuCFLrXGVBbrYrtwQ59O4WzCB97G\neX9Luha7Ci5e6v5BcQPHfPLjPw7Pyb03Gz8X8rtrh05v1gKurv28GDowAnHLpSQX\n9g43vwgqY8GAwapXCHsOk5aKJgIV+45gEEjH3ONya09PTP9GXAGimmHZvCaF0C5h\nIXqyHFgPwgx19QKCAQEA8hQnKKAm5HC/ItWb2qf/MWwfGm3lO8tA0uPIxBB7KgMx\nNqbwayAEBXOF9qKom2bnKxPOse1pfqTlr/qL1KFv/LAjoSe4FsJlagmgIomqidYp\n4zChgXg1hGscgqekopanv2SOAhb6guizLP9NH6h0Prze2aXgiMdjObhK2scXriJf\n5WFD2o27DLN5+9ctZNVYMXBnXtchmix2m2qSuBG9c76VrgErSoHEu67Zn1ZJkXlL\nLkEPS1LgUrLVZUOivl196ctMbqKpfTNNMxtlEUyZgkwSfHI0HUfFA1fq07hGn0vh\nk8UVaDje7f4YHiFTVfFb5sd7efUZcwmpXx3eH/ljEwKCAQEA+NHIoO/2mmZwuufF\nLfO7tKFdWLRtLnqzp4Qadx4V4n0qoYAExEhT/4/kF6jo3cxqcGij855Hk1/93Ym7\nILX2fef3oTGUyagJqzv3ub5cGEz4Xa2wBquzLDQ9LWwikxai/ZbyTvlcpEYQMK42\n9ISh74Y8VRn9kngbux3dLDRPEzSWq3/GJOqJ2k+hrXpEx48/Z2xQI3TFF5lA6UMF\nh5PrT8e1RUomNoG7fTTNfym8IVo/29RBzg6xuSBXPjgwpwovEkPbRbVtuuT4YQLs\ntwQR2X6chofzm/tLlH1WzoSYnW0fyDE24zHCve0719g00DgUYszMt4Z/hjqMpIUH\npS2a/QKCAQA74ihdsGBumkVuBJFtYamLPEflbdILHJiIkriTZ9BP8EI4VsuadG0K\nPC2jeVFkP+xnh5rWAPjbz0bSZZQ5oUXmqFvn/b9YQfZ8aK0oXg3F0yjBfsI1GNuE\nSkrfN0FOxx3wBpvqgGyv/Yh1VSJq9mzrKCWoiZQlwc0V9jTuMdn1xaMbRxhV9EGV\nPsCqP+yGyQ/sCvZHS8iQLveYMqDgz+Khwz+br8ZZxAg6tWI4PEwupGaopod2BqZf\nTsXjKvwTQ2VmdFgP9kUfJ5WtUtWJlf1TciYQit/BboOZ9CGvBiLSPR8sQtCs24Sq\nMvUcXvoShIZLbIVrAeqtvnIbiXPtTO/pAoIBAQDogFc7Xmdg/y1TnSfd5IsAkBhk\ntQuCCGaT4WcrMyacAbTRUfLR9RljtP7IqbK7PSBGOs5U0FxkY74a1Kq+UzEtkSSl\nUR97Nc8C8H0wYeqQIqYpIco1qTihh2X/WxTALjUb/Q+3hLBCj6bjDSxLXrEfC4vM\n5F29TGoqgwj3EYcwgh01VcxhHGu4LzW6RiwRxKkA+5/xiSKlvsxqPM+J03lPmouz\nDTQjpOFPFc2wPsw+1RozwdWPPlu/gmB21qI/IH2OPVOf+lfu5PIfDpJm+hdmhhJr\nmCASjyFxXOhuiWtsS7eh+0St8cDpE0DiDmvs1Rbjjj4r34k3H+/1cJihf/p/\n-----END RSA PRIVATE KEY-----\n",
            "content_base64": null,
            "content_base64sha256": "SyuGoJvtU7X1uKVYdU/qAITQtDxrmCe6TEQnCCOCuSM=",
            "content_base64sha512": "T2xBy2WP8CGcdb9wtjdtGOZR8cF9z9b9rnqEuIjC1V6pTeUau1OLSdDLVIrY0MJrX5taTFnE9kW8hvKtl60rMA==",
            "content_md5": "e8284caceefb59ca4038836d25560017",
            "content_sha1": "ee2add03e3007e72524719fba779d893dceff24e",
            "content_sha256": "4b2b86a09bed53b5f5b8a558754fea0084d0b43c6b9827ba4c4427082382b923",
            "content_sha512": "4f6c41cb658ff0219c75bf70b6376d18e651f1c17dcfd6fdae7a84b888c2d55ea94de51abb538b49d0cb548ad8d0c26b5f9b5a4c59c4f645bc86f2ad97ad2b30",
            "directory_permission": "0777",
            "file_permission": "400",
            "filename": "three-tier-key.pem",
            "id": "ee2add03e3007e72524719fba779d893dceff24e",
            "sensitive_content": null,
            "source": null
          },
          "sensitive_attributes": [
            [
              {
                "type": "get_attr",
                "value": "content"
              }
            ],
            [
              {
                "type": "get_attr",
                "value": "sensitive_content"
              }
            ]
          ],
          "identity_schema_version": 0,
          "dependencies": [
            "module.keypair.tls_private_key.key"
          ]
        }
      ]
    },
    {
      "module": "module.keypair",
      "mode": "managed",
      "type": "tls_private_key",
      "name": "key",
      "provider": "provider[\"registry.terraform.io/hashicorp/tls\"]",
      "instances": [
        {
          "schema_version": 1,
          "attributes": {
            "algorithm": "RSA",
            "ecdsa_curve": "P224",
            "id": "1f4ba4af46af79a43a11899cb0392161118f47aa",
            "private_key_openssh": "-----BEGIN OPENSSH PRIVATE KEY-----\nb3BlbnNzaC1rZXktdjEAAAAABG5vbmUAAAAEbm9uZQAAAAAAAAABAAACFwAAAAdz\nc2gtcnNhAAAAAwEAAQAAAgEA8QSy+bAiJp1AolAzIY6/Y0MGG6+6TdbM4bdITb+p\nsl3S/58WcsGFerPbUH06VTZEFndk0TzkqUBujjz8ItvNH577HRyt4wmO8Y6MFv69\nTpv13KfDUduIYvwE5z/mSaW/WYN3Nv1pln/bIOdEZ0vIJTn9B/WUmsoUeg36vsXT\nrETlS7PZD4BltpzHcHVs1qiifjf3PMVmqDMe14lNJx045otHRCisLiCHZZ2sqzRC\nZ9fbzXhKY22UBlOVpgsGbF1k7waYfw/gtI4ylUmM7s+zx8hzh+3YZh7BaaFmIIB2\n4a8rVwhtei1dJDZ9U1ngPd7c9IofEzlpcKhsx0svVYLPFGilnl+NIJw25lDc1V16\nxlkJFGjwjqhHjxL0JTR+8WgP+X/y1j04DrQEsB9LuY2qjEQfjZ3/s/xBEqg7hhbZ\nzPFClAyYiJFIyRamzYt6L2dKILhYtWzBgYbMhR2btnNSttwJxmxZw4KMgQNEBd6C\nP1gIQbG+C3edo6K1bql5CeJlPsTZqW+xc3goTc8HRjUU/k+L7LA8g9oSl1yEjVQC\njVQiHI3j8Lfu2ySbRM1glrhKqDURir9420dFC/r9ZXfjrnPDvRvSxv26HESKidVK\nGRWaUMGC/A31w16RtEciUU7ogTT5rO9j8QttJwNrm1C2VQ+qkcaV7DL48RHtE57X\ngC8AAAc4ap6wCWqesAkAAAAHc3NoLXJzYQAAAgEA8QSy+bAiJp1AolAzIY6/Y0MG\nG6+6TdbM4bdITb+psl3S/58WcsGFerPbUH06VTZEFndk0TzkqUBujjz8ItvNH577\nHRyt4wmO8Y6MFv69Tpv13KfDUduIYvwE5z/mSaW/WYN3Nv1pln/bIOdEZ0vIJTn9\nB/WUmsoUeg36vsXTrETlS7PZD4BltpzHcHVs1qiifjf3PMVmqDMe14lNJx045otH\nRCisLiCHZZ2sqzRCZ9fbzXhKY22UBlOVpgsGbF1k7waYfw/gtI4ylUmM7s+zx8hz\nh+3YZh7BaaFmIIB24a8rVwhtei1dJDZ9U1ngPd7c9IofEzlpcKhsx0svVYLPFGil\nnl+NIJw25lDc1V16xlkJFGjwjqhHjxL0JTR+8WgP+X/y1j04DrQEsB9LuY2qjEQf\njZ3/s/xBEqg7hhbZzPFClAyYiJFIyRamzYt6L2dKILhYtWzBgYbMhR2btnNSttwJ\nxmxZw4KMgQNEBd6CP1gIQbG+C3edo6K1bql5CeJlPsTZqW+xc3goTc8HRjUU/k+L\n7LA8g9oSl1yEjVQCjVQiHI3j8Lfu2ySbRM1glrhKqDURir9420dFC/r9ZXfjrnPD\nvRvSxv26HESKidVKGRWaUMGC/A31w16RtEciUU7ogTT5rO9j8QttJwNrm1C2VQ+q\nkcaV7DL48RHtE57XgC8AAAADAQABAAACAGGkzLmZoQxR0xivMzfaNDGLutLGq8zT\nRCgB8BoHl0F6/3uuQRL20hP2/9gpE9Pn60fK0R5v9BeZ0fBwRpn8wKqZ5xRRRSVg\n/vdgD+NVCu7pAn+Fu/zS2vt3LKlfWvXlX5NtToQJwJhHbkhzSWQr8IccaiWqWa0o\nR4l3VmmpjesR8m9sCnlcRFjqRWaLPC/vG/3UwKZvNvrX0xvxNT+ueBn2vUWg0LjT\nVudVLNojju+xJQymOkTz5O93N36QouaOI9Eus+NuVFPx9A5FQQKTRTugOyYLtwsQ\nVL1ttQlf4knmhMF62ZeQ/1YneTimhdGrE4tC1foc3VnV8lP/Ysra9vd9ZBhmHvIV\n9WdgkhIrZr31fgZMool9z82I2rIUB8xW9rVcZEbXEhIDO0SMKqTQXU7zF0X3B0xn\nq4d62GCwGeedyzMB50rV4VOTHe36inRSCo3aXoyAMrxwawgI/Mx9RJkr6pa4dCst\nn0V/YgXatAp3PlzxjLEs22LQibuxLMtTau2DPayc8tgMnXAI90o9xsvw+sCFbjJ3\n+7s8XxWHAOZwlLm/hDoPDgLiaDSHOy++OmEgFLRh+KUVGYMueGibOkZQob0EeJJa\nGib8LFotWMEQv71z7xis3U6oLMvZuDX03KvijhlhovPXLCJrc/IEDcRyciZ7NIZR\nctwTnGu+hpWZAAABAQDogFc7Xmdg/y1TnSfd5IsAkBhktQuCCGaT4WcrMyacAbTR\nUfLR9RljtP7IqbK7PSBGOs5U0FxkY74a1Kq+UzEtkSSlUR97Nc8C8H0wYeqQIqYp\nIco1qTihh2X/WxTALjUb/Q+3hLBCj6bjDSxLXrEfC4vM5F29TGoqgwj3EYcwgh01\nVcxhHGu4LzW6RiwRxKkA+5/xiSKlvsxqPM+J03lPmouzDTQjpOFPFc2wPsw+1Roz\nwdWPPlu/gmB21qI/IH2OPVOf+lfu5PIfDpJm+hdmhhJrmCASjyFxXOhuiWtsS7eh\n+0St8cDpE0DiDmvs1Rbjjj4r34k3H+/1cJihf/p/AAABAQD+4O+DcxJpV73GkTEl\notDo9fHR0u3C+sE7dmkozbgx2kGPZ9jeTSNwbrT6Qxqn1AS9qJa49SYy+6XEvSsy\nKSuaDm9URLwG0lB2p0ptYVbb8L/p33nkt8uxx6zPtJVPVLRAhmEzF2j/OwZ1BBmS\nQiKxJ6HnCHk1qQtVJntWNMpaOm9G4IUutcZUFutiu3BDn07hbMIH3sZ5f0u6FrsK\nLl7q/kFxA8d88uM/Ds/JvTcbPxfyu2uHTm/WAq6u/bwYOjACcculJBf2Dje/CCpj\nwYDBqlcIew6TloomAhX7jmAQSMfc43JrT09M/0ZcAaKaYdm8JoXQLmEherIcWA/C\nDHX1AAABAQDyFCcooCbkcL8i1Zvap/8xbB8abeU7y0DS48jEEHsqAzE2pvBrIAQF\nc4X2oqibZucrE86x7Wl+pOWv+ovUoW/8sCOhJ7gWwmVqCaAiiaqJ1injMKGBeDWE\naxyCp6Silqe/ZI4CFvqC6LMs/00fqHQ+vN7ZpeCIx2M5uEraxxeuIl/lYUPajbsM\ns3n71y1k1VgxcGde1yGaLHabapK4Eb1zvpWuAStKgcS7rtmfVkmReUsuQQ9LUuBS\nstVlQ6K+XX3py0xuoql9M00zG2URTJmCTBJ8cjQdR8UDV+rTuEafS+GTxRVoON7t\n/hgeIVNV8Vvmx3t59RlzCalfHd4f+WMTAAAAAAEC\n-----END OPENSSH PRIVATE KEY-----\n",
            "private_key_pem": "-----BEGIN RSA PRIVATE KEY-----\nMIIJKQIBAAKCAgEA8QSy+bAiJp1AolAzIY6/Y0MGG6+6TdbM4bdITb+psl3S/58W\ncsGFerPbUH06VTZEFndk0TzkqUBujjz8ItvNH577HRyt4wmO8Y6MFv69Tpv13KfD\nUduIYvwE5z/mSaW/WYN3Nv1pln/bIOdEZ0vIJTn9B/WUmsoUeg36vsXTrETlS7PZ\nD4BltpzHcHVs1qiifjf3PMVmqDMe14lNJx045otHRCisLiCHZZ2sqzRCZ9fbzXhK\nY22UBlOVpgsGbF1k7waYfw/gtI4ylUmM7s+zx8hzh+3YZh7BaaFmIIB24a8rVwht\nei1dJDZ9U1ngPd7c9IofEzlpcKhsx0svVYLPFGilnl+NIJw25lDc1V16xlkJFGjw\njqhHjxL0JTR+8WgP+X/y1j04DrQEsB9LuY2qjEQfjZ3/s/xBEqg7hhbZzPFClAyY\niJFIyRamzYt6L2dKILhYtWzBgYbMhR2btnNSttwJxmxZw4KMgQNEBd6CP1gIQbG+\nC3edo6K1bql5CeJlPsTZqW+xc3goTc8HRjUU/k+L7LA8g9oSl1yEjVQCjVQiHI3j\n8Lfu2ySbRM1glrhKqDURir9420dFC/r9ZXfjrnPDvRvSxv26HESKidVKGRWaUMGC\n/A31w16RtEciUU7ogTT5rO9j8QttJwNrm1C2VQ+qkcaV7DL48RHtE57XgC8CAwEA\nAQKCAgBhpMy5maEMUdMYrzM32jQxi7rSxqvM00QoAfAaB5dBev97rkES9tIT9v/Y\nKRPT5+tHytEeb/QXmdHwcEaZ/MCqmecUUUUlYP73YA/jVQru6QJ/hbv80tr7dyyp\nX1r15V+TbU6ECcCYR25Ic0lkK/CHHGolqlmtKEeJd1ZpqY3rEfJvbAp5XERY6kVm\nizwv7xv91MCmbzb619Mb8TU/rngZ9r1FoNC401bnVSzaI47vsSUMpjpE8+Tvdzd+\nkKLmjiPRLrPjblRT8fQORUECk0U7oDsmC7cLEFS9bbUJX+JJ5oTBetmXkP9WJ3k4\npoXRqxOLQtX6HN1Z1fJT/2LK2vb3fWQYZh7yFfVnYJISK2a99X4GTKKJfc/NiNqy\nFAfMVva1XGRG1xISAztEjCqk0F1O8xdF9wdMZ6uHethgsBnnncszAedK1eFTkx3t\n+op0UgqN2l6MgDK8cGsICPzMfUSZK+qWuHQrLZ9Ff2IF2rQKdz5c8YyxLNti0Im7\nsSzLU2rtgz2snPLYDJ1wCPdKPcbL8PrAhW4yd/u7PF8VhwDmcJS5v4Q6Dw4C4mg0\nhzsvvjphIBS0YfilFRmDLnhomzpGUKG9BHiSWhom/CxaLVjBEL+9c+8YrN1OqCzL\n2bg19Nyr4o4ZYaLz1ywia3PyBA3EcnImezSGUXLcE5xrvoaVmQKCAQEA/uDvg3MS\naVe9xpExJaLQ6PXx0dLtwvrBO3ZpKM24MdpBj2fY3k0jcG60+kMap9QEvaiWuPUm\nMvulxL0rMikrmg5vVES8BtJQdqdKbWFW2/C/6d955LfLscesz7SVT1S0QIZhMxdo\n/zsGdQQZkkIisSeh5wh5NakLVSZ7VjTKWjpvRuCFLrXGVBbrYrtwQ59O4WzCB97G\neX9Luha7Ci5e6v5BcQPHfPLjPw7Pyb03Gz8X8rtrh05v1gKurv28GDowAnHLpSQX\n9g43vwgqY8GAwapXCHsOk5aKJgIV+45gEEjH3ONya09PTP9GXAGimmHZvCaF0C5h\nIXqyHFgPwgx19QKCAQEA8hQnKKAm5HC/ItWb2qf/MWwfGm3lO8tA0uPIxBB7KgMx\nNqbwayAEBXOF9qKom2bnKxPOse1pfqTlr/qL1KFv/LAjoSe4FsJlagmgIomqidYp\n4zChgXg1hGscgqekopanv2SOAhb6guizLP9NH6h0Prze2aXgiMdjObhK2scXriJf\n5WFD2o27DLN5+9ctZNVYMXBnXtchmix2m2qSuBG9c76VrgErSoHEu67Zn1ZJkXlL\nLkEPS1LgUrLVZUOivl196ctMbqKpfTNNMxtlEUyZgkwSfHI0HUfFA1fq07hGn0vh\nk8UVaDje7f4YHiFTVfFb5sd7efUZcwmpXx3eH/ljEwKCAQEA+NHIoO/2mmZwuufF\nLfO7tKFdWLRtLnqzp4Qadx4V4n0qoYAExEhT/4/kF6jo3cxqcGij855Hk1/93Ym7\nILX2fef3oTGUyagJqzv3ub5cGEz4Xa2wBquzLDQ9LWwikxai/ZbyTvlcpEYQMK42\n9ISh74Y8VRn9kngbux3dLDRPEzSWq3/GJOqJ2k+hrXpEx48/Z2xQI3TFF5lA6UMF\nh5PrT8e1RUomNoG7fTTNfym8IVo/29RBzg6xuSBXPjgwpwovEkPbRbVtuuT4YQLs\ntwQR2X6chofzm/tLlH1WzoSYnW0fyDE24zHCve0719g00DgUYszMt4Z/hjqMpIUH\npS2a/QKCAQA74ihdsGBumkVuBJFtYamLPEflbdILHJiIkriTZ9BP8EI4VsuadG0K\nPC2jeVFkP+xnh5rWAPjbz0bSZZQ5oUXmqFvn/b9YQfZ8aK0oXg3F0yjBfsI1GNuE\nSkrfN0FOxx3wBpvqgGyv/Yh1VSJq9mzrKCWoiZQlwc0V9jTuMdn1xaMbRxhV9EGV\nPsCqP+yGyQ/sCvZHS8iQLveYMqDgz+Khwz+br8ZZxAg6tWI4PEwupGaopod2BqZf\nTsXjKvwTQ2VmdFgP9kUfJ5WtUtWJlf1TciYQit/BboOZ9CGvBiLSPR8sQtCs24Sq\nMvUcXvoShIZLbIVrAeqtvnIbiXPtTO/pAoIBAQDogFc7Xmdg/y1TnSfd5IsAkBhk\ntQuCCGaT4WcrMyacAbTRUfLR9RljtP7IqbK7PSBGOs5U0FxkY74a1Kq+UzEtkSSl\nUR97Nc8C8H0wYeqQIqYpIco1qTihh2X/WxTALjUb/Q+3hLBCj6bjDSxLXrEfC4vM\n5F29TGoqgwj3EYcwgh01VcxhHGu4LzW6RiwRxKkA+5/xiSKlvsxqPM+J03lPmouz\nDTQjpOFPFc2wPsw+1RozwdWPPlu/gmB21qI/IH2OPVOf+lfu5PIfDpJm+hdmhhJr\nmCASjyFxXOhuiWtsS7eh+0St8cDpE0DiDmvs1Rbjjj4r34k3H+/1cJihf/p/\n-----END RSA PRIVATE KEY-----\n",
            "private_key_pem_pkcs8": "-----BEGIN PRIVATE KEY-----\nMIIJQwIBADANBgkqhkiG9w0BAQEFAASCCS0wggkpAgEAAoICAQDxBLL5sCImnUCi\nUDMhjr9jQwYbr7pN1szht0hNv6myXdL/nxZywYV6s9tQfTpVNkQWd2TRPOSpQG6O\nPPwi280fnvsdHK3jCY7xjowW/r1Om/Xcp8NR24hi/ATnP+ZJpb9Zg3c2/WmWf9sg\n50RnS8glOf0H9ZSayhR6Dfq+xdOsROVLs9kPgGW2nMdwdWzWqKJ+N/c8xWaoMx7X\niU0nHTjmi0dEKKwuIIdlnayrNEJn19vNeEpjbZQGU5WmCwZsXWTvBph/D+C0jjKV\nSYzuz7PHyHOH7dhmHsFpoWYggHbhrytXCG16LV0kNn1TWeA93tz0ih8TOWlwqGzH\nSy9Vgs8UaKWeX40gnDbmUNzVXXrGWQkUaPCOqEePEvQlNH7xaA/5f/LWPTgOtASw\nH0u5jaqMRB+Nnf+z/EESqDuGFtnM8UKUDJiIkUjJFqbNi3ovZ0oguFi1bMGBhsyF\nHZu2c1K23AnGbFnDgoyBA0QF3oI/WAhBsb4Ld52jorVuqXkJ4mU+xNmpb7FzeChN\nzwdGNRT+T4vssDyD2hKXXISNVAKNVCIcjePwt+7bJJtEzWCWuEqoNRGKv3jbR0UL\n+v1ld+Ouc8O9G9LG/bocRIqJ1UoZFZpQwYL8DfXDXpG0RyJRTuiBNPms72PxC20n\nA2ubULZVD6qRxpXsMvjxEe0TnteALwIDAQABAoICAGGkzLmZoQxR0xivMzfaNDGL\nutLGq8zTRCgB8BoHl0F6/3uuQRL20hP2/9gpE9Pn60fK0R5v9BeZ0fBwRpn8wKqZ\n5xRRRSVg/vdgD+NVCu7pAn+Fu/zS2vt3LKlfWvXlX5NtToQJwJhHbkhzSWQr8Icc\naiWqWa0oR4l3VmmpjesR8m9sCnlcRFjqRWaLPC/vG/3UwKZvNvrX0xvxNT+ueBn2\nvUWg0LjTVudVLNojju+xJQymOkTz5O93N36QouaOI9Eus+NuVFPx9A5FQQKTRTug\nOyYLtwsQVL1ttQlf4knmhMF62ZeQ/1YneTimhdGrE4tC1foc3VnV8lP/Ysra9vd9\nZBhmHvIV9WdgkhIrZr31fgZMool9z82I2rIUB8xW9rVcZEbXEhIDO0SMKqTQXU7z\nF0X3B0xnq4d62GCwGeedyzMB50rV4VOTHe36inRSCo3aXoyAMrxwawgI/Mx9RJkr\n6pa4dCstn0V/YgXatAp3PlzxjLEs22LQibuxLMtTau2DPayc8tgMnXAI90o9xsvw\n+sCFbjJ3+7s8XxWHAOZwlLm/hDoPDgLiaDSHOy++OmEgFLRh+KUVGYMueGibOkZQ\nob0EeJJaGib8LFotWMEQv71z7xis3U6oLMvZuDX03KvijhlhovPXLCJrc/IEDcRy\nciZ7NIZRctwTnGu+hpWZAoIBAQD+4O+DcxJpV73GkTElotDo9fHR0u3C+sE7dmko\nzbgx2kGPZ9jeTSNwbrT6Qxqn1AS9qJa49SYy+6XEvSsyKSuaDm9URLwG0lB2p0pt\nYVbb8L/p33nkt8uxx6zPtJVPVLRAhmEzF2j/OwZ1BBmSQiKxJ6HnCHk1qQtVJntW\nNMpaOm9G4IUutcZUFutiu3BDn07hbMIH3sZ5f0u6FrsKLl7q/kFxA8d88uM/Ds/J\nvTcbPxfyu2uHTm/WAq6u/bwYOjACcculJBf2Dje/CCpjwYDBqlcIew6TloomAhX7\njmAQSMfc43JrT09M/0ZcAaKaYdm8JoXQLmEherIcWA/CDHX1AoIBAQDyFCcooCbk\ncL8i1Zvap/8xbB8abeU7y0DS48jEEHsqAzE2pvBrIAQFc4X2oqibZucrE86x7Wl+\npOWv+ovUoW/8sCOhJ7gWwmVqCaAiiaqJ1injMKGBeDWEaxyCp6Silqe/ZI4CFvqC\n6LMs/00fqHQ+vN7ZpeCIx2M5uEraxxeuIl/lYUPajbsMs3n71y1k1VgxcGde1yGa\nLHabapK4Eb1zvpWuAStKgcS7rtmfVkmReUsuQQ9LUuBSstVlQ6K+XX3py0xuoql9\nM00zG2URTJmCTBJ8cjQdR8UDV+rTuEafS+GTxRVoON7t/hgeIVNV8Vvmx3t59Rlz\nCalfHd4f+WMTAoIBAQD40cig7/aaZnC658Ut87u0oV1YtG0uerOnhBp3HhXifSqh\ngATESFP/j+QXqOjdzGpwaKPznkeTX/3dibsgtfZ95/ehMZTJqAmrO/e5vlwYTPhd\nrbAGq7MsND0tbCKTFqL9lvJO+VykRhAwrjb0hKHvhjxVGf2SeBu7Hd0sNE8TNJar\nf8Yk6onaT6GtekTHjz9nbFAjdMUXmUDpQwWHk+tPx7VFSiY2gbt9NM1/KbwhWj/b\n1EHODrG5IFc+ODCnCi8SQ9tFtW265PhhAuy3BBHZfpyGh/Ob+0uUfVbOhJidbR/I\nMTbjMcK97TvX2DTQOBRizMy3hn+GOoykhQelLZr9AoIBADviKF2wYG6aRW4EkW1h\nqYs8R+Vt0gscmIiSuJNn0E/wQjhWy5p0bQo8LaN5UWQ/7GeHmtYA+NvPRtJllDmh\nReaoW+f9v1hB9nxorSheDcXTKMF+wjUY24RKSt83QU7HHfAGm+qAbK/9iHVVImr2\nbOsoJaiJlCXBzRX2NO4x2fXFoxtHGFX0QZU+wKo/7IbJD+wK9kdLyJAu95gyoODP\n4qHDP5uvxlnECDq1Yjg8TC6kZqimh3YGpl9OxeMq/BNDZWZ0WA/2RR8nla1S1YmV\n/VNyJhCK38Fug5n0Ia8GItI9HyxC0KzbhKoy9Rxe+hKEhktshWsB6q2+chuJc+1M\n7+kCggEBAOiAVzteZ2D/LVOdJ93kiwCQGGS1C4IIZpPhZyszJpwBtNFR8tH1GWO0\n/sipsrs9IEY6zlTQXGRjvhrUqr5TMS2RJKVRH3s1zwLwfTBh6pAipikhyjWpOKGH\nZf9bFMAuNRv9D7eEsEKPpuMNLEtesR8Li8zkXb1MaiqDCPcRhzCCHTVVzGEca7gv\nNbpGLBHEqQD7n/GJIqW+zGo8z4nTeU+ai7MNNCOk4U8VzbA+zD7VGjPB1Y8+W7+C\nYHbWoj8gfY49U5/6V+7k8h8Okmb6F2aGEmuYIBKPIXFc6G6Ja2xLt6H7RK3xwOkT\nQOIOa+zVFuOOPivfiTcf7/VwmKF/+n8=\n-----END PRIVATE KEY-----\n",
            "public_key_fingerprint_md5": "5a:b2:ab:a0:3c:3a:81:07:a1:1d:a9:d2:f6:5c:79:9f",
            "public_key_fingerprint_sha256": "SHA256:Mxb8xFAOVGsGqVzRR7VQ+dUD0N/popH+9vIQTotkyeQ",
            "public_key_openssh": "ssh-rsa AAAAB3NzaC1yc2EAAAADAQABAAACAQDxBLL5sCImnUCiUDMhjr9jQwYbr7pN1szht0hNv6myXdL/nxZywYV6s9tQfTpVNkQWd2TRPOSpQG6OPPwi280fnvsdHK3jCY7xjowW/r1Om/Xcp8NR24hi/ATnP+ZJpb9Zg3c2/WmWf9sg50RnS8glOf0H9ZSayhR6Dfq+xdOsROVLs9kPgGW2nMdwdWzWqKJ+N/c8xWaoMx7XiU0nHTjmi0dEKKwuIIdlnayrNEJn19vNeEpjbZQGU5WmCwZsXWTvBph/D+C0jjKVSYzuz7PHyHOH7dhmHsFpoWYggHbhrytXCG16LV0kNn1TWeA93tz0ih8TOWlwqGzHSy9Vgs8UaKWeX40gnDbmUNzVXXrGWQkUaPCOqEePEvQlNH7xaA/5f/LWPTgOtASwH0u5jaqMRB+Nnf+z/EESqDuGFtnM8UKUDJiIkUjJFqbNi3ovZ0oguFi1bMGBhsyFHZu2c1K23AnGbFnDgoyBA0QF3oI/WAhBsb4Ld52jorVuqXkJ4mU+xNmpb7FzeChNzwdGNRT+T4vssDyD2hKXXISNVAKNVCIcjePwt+7bJJtEzWCWuEqoNRGKv3jbR0UL+v1ld+Ouc8O9G9LG/bocRIqJ1UoZFZpQwYL8DfXDXpG0RyJRTuiBNPms72PxC20nA2ubULZVD6qRxpXsMvjxEe0TnteALw==\n",
            "public_key_pem": "-----BEGIN PUBLIC KEY-----\nMIICIjANBgkqhkiG9w0BAQEFAAOCAg8AMIICCgKCAgEA8QSy+bAiJp1AolAzIY6/\nY0MGG6+6TdbM4bdITb+psl3S/58WcsGFerPbUH06VTZEFndk0TzkqUBujjz8ItvN\nH577HRyt4wmO8Y6MFv69Tpv13KfDUduIYvwE5z/mSaW/WYN3Nv1pln/bIOdEZ0vI\nJTn9B/WUmsoUeg36vsXTrETlS7PZD4BltpzHcHVs1qiifjf3PMVmqDMe14lNJx04\n5otHRCisLiCHZZ2sqzRCZ9fbzXhKY22UBlOVpgsGbF1k7waYfw/gtI4ylUmM7s+z\nx8hzh+3YZh7BaaFmIIB24a8rVwhtei1dJDZ9U1ngPd7c9IofEzlpcKhsx0svVYLP\nFGilnl+NIJw25lDc1V16xlkJFGjwjqhHjxL0JTR+8WgP+X/y1j04DrQEsB9LuY2q\njEQfjZ3/s/xBEqg7hhbZzPFClAyYiJFIyRamzYt6L2dKILhYtWzBgYbMhR2btnNS\nttwJxmxZw4KMgQNEBd6CP1gIQbG+C3edo6K1bql5CeJlPsTZqW+xc3goTc8HRjUU\n/k+L7LA8g9oSl1yEjVQCjVQiHI3j8Lfu2ySbRM1glrhKqDURir9420dFC/r9ZXfj\nrnPDvRvSxv26HESKidVKGRWaUMGC/A31w16RtEciUU7ogTT5rO9j8QttJwNrm1C2\nVQ+qkcaV7DL48RHtE57XgC8CAwEAAQ==\n-----END PUBLIC KEY-----\n",
            "rsa_bits": 4096
          },
          "sensitive_attributes": [
            [
              {
                "type": "get_attr",
                "value": "private_key_openssh"
              }
            ],
            [
              {
                "type": "get_attr",
                "value": "private_key_pem"
              }
            ],
            [
              {
                "type": "get_attr",
                "value": "private_key_pem_pkcs8"
              }
            ]
          ],
          "identity_schema_version": 0
        }
      ]
    },
    {
      "module": "module.networking",
      "mode": "managed",
      "type": "aws_eip",
      "name": "eip",
      "provider": "provider[\"registry.terraform.io/hashicorp/aws\"]",
      "instances": [
        {
          "schema_version": 0,
          "attributes": {
            "address": null,
            "allocation_id": "eipalloc-094db883d4dfaa668",
            "arn": "arn:aws:ec2:ap-south-1:423636639962:elastic-ip/eipalloc-094db883d4dfaa668",
            "associate_with_private_ip": null,
            "association_id": "",
            "carrier_ip": "",
            "customer_owned_ip": "",
            "customer_owned_ipv4_pool": "",
            "domain": "vpc",
            "id": "eipalloc-094db883d4dfaa668",
            "instance": "",
            "ipam_pool_id": "",
            "network_border_group": "ap-south-1",
            "network_interface": "",
            "private_dns": "",
            "private_ip": "",
            "ptr_record": "",
            "public_dns": "ec2-13-127-207-144.ap-south-1.compute.amazonaws.com",
            "public_ip": "13.127.207.144",
            "public_ipv4_pool": "amazon",
            "region": "ap-south-1",
            "tags": {
              "Name": "Elastic-ip"
            },
            "tags_all": {
              "Name": "Elastic-ip"
            },
            "timeouts": null
          },
          "sensitive_attributes": [],
          "identity_schema_version": 0,
          "identity": {
            "account_id": "423636639962",
            "id": "eipalloc-094db883d4dfaa668",
            "region": "ap-south-1"
          },
          "private": "eyJlMmJmYjczMC1lY2FhLTExZTYtOGY4OC0zNDM2M2JjN2M0YzAiOnsiZGVsZXRlIjoxODAwMDAwMDAwMDAsInJlYWQiOjkwMDAwMDAwMDAwMCwidXBkYXRlIjozMDAwMDAwMDAwMDB9fQ=="
        }
      ]
    },
    {
      "module": "module.networking",
      "mode": "managed",
      "type": "aws_internet_gateway",
      "name": "igw",
      "provider": "provider[\"registry.terraform.io/hashicorp/aws\"]",
      "instances": [
        {
          "schema_version": 0,
          "attributes": {
            "arn": "arn:aws:ec2:ap-south-1:423636639962:internet-gateway/igw-0ff89275a1ee5a175",
            "id": "igw-0ff89275a1ee5a175",
            "owner_id": "423636639962",
            "region": "ap-south-1",
            "tags": {
              "Name": "cloudethix-Internet-Gateway"
            },
            "tags_all": {
              "Name": "cloudethix-Internet-Gateway"
            },
            "timeouts": null,
            "vpc_id": "vpc-0e7a984e1d7478dc6"
          },
          "sensitive_attributes": [],
          "identity_schema_version": 0,
          "identity": {
            "account_id": "423636639962",
            "id": "igw-0ff89275a1ee5a175",
            "region": "ap-south-1"
          },
          "private": "eyJlMmJmYjczMC1lY2FhLTExZTYtOGY4OC0zNDM2M2JjN2M0YzAiOnsiY3JlYXRlIjoxMjAwMDAwMDAwMDAwLCJkZWxldGUiOjEyMDAwMDAwMDAwMDAsInVwZGF0ZSI6MTIwMDAwMDAwMDAwMH19",
          "dependencies": [
            "module.networking.aws_vpc.main"
          ]
        }
      ]
    },
    {
      "module": "module.networking",
      "mode": "managed",
      "type": "aws_nat_gateway",
      "name": "nat",
      "provider": "provider[\"registry.terraform.io/hashicorp/aws\"]",
      "instances": [
        {
          "schema_version": 0,
          "attributes": {
            "allocation_id": "eipalloc-094db883d4dfaa668",
            "association_id": "eipassoc-04126bc873dd2ea7d",
            "auto_provision_zones": null,
            "auto_scaling_ips": null,
            "availability_mode": "zonal",
            "availability_zone_address": [],
            "connectivity_type": "public",
            "id": "nat-05c83273f9436f5e8",
            "network_interface_id": "eni-06400336c8dbdf694",
            "private_ip": "10.0.1.188",
            "public_ip": "13.127.207.144",
            "region": "ap-south-1",
            "regional_nat_gateway_address": [],
            "regional_nat_gateway_auto_mode": null,
            "route_table_id": null,
            "secondary_allocation_ids": [],
            "secondary_private_ip_address_count": 0,
            "secondary_private_ip_addresses": [],
            "subnet_id": "subnet-09971ad74d620a7d0",
            "tags": {
              "Name": "three tier nat-Gateway"
            },
            "tags_all": {
              "Name": "three tier nat-Gateway"
            },
            "timeouts": null,
            "vpc_id": "vpc-0e7a984e1d7478dc6"
          },
          "sensitive_attributes": [],
          "identity_schema_version": 0,
          "identity": {
            "account_id": "423636639962",
            "id": "nat-05c83273f9436f5e8",
            "region": "ap-south-1"
          },
          "private": "eyJlMmJmYjczMC1lY2FhLTExZTYtOGY4OC0zNDM2M2JjN2M0YzAiOnsiY3JlYXRlIjo2MDAwMDAwMDAwMDAsImRlbGV0ZSI6MTgwMDAwMDAwMDAwMCwidXBkYXRlIjo2MDAwMDAwMDAwMDB9fQ==",
          "dependencies": [
            "module.networking.aws_eip.eip",
            "module.networking.aws_internet_gateway.igw",
            "module.networking.aws_subnet.public-subnet",
            "module.networking.aws_vpc.main"
          ]
        }
      ]
    },
    {
      "module": "module.networking",
      "mode": "managed",
      "type": "aws_route_table",
      "name": "database-rt",
      "provider": "provider[\"registry.terraform.io/hashicorp/aws\"]",
      "instances": [
        {
          "schema_version": 0,
          "attributes": {
            "arn": "arn:aws:ec2:ap-south-1:423636639962:route-table/rtb-0f290de5066d0aa58",
            "id": "rtb-0f290de5066d0aa58",
            "owner_id": "423636639962",
            "propagating_vgws": [],
            "region": "ap-south-1",
            "route": [],
            "tags": {
              "Name": "Database-rt"
            },
            "tags_all": {
              "Name": "Database-rt"
            },
            "timeouts": null,
            "vpc_id": "vpc-0e7a984e1d7478dc6"
          },
          "sensitive_attributes": [],
          "identity_schema_version": 0,
          "identity": {
            "account_id": "423636639962",
            "id": "rtb-0f290de5066d0aa58",
            "region": "ap-south-1"
          },
          "private": "eyJlMmJmYjczMC1lY2FhLTExZTYtOGY4OC0zNDM2M2JjN2M0YzAiOnsiY3JlYXRlIjozMDAwMDAwMDAwMDAsImRlbGV0ZSI6MzAwMDAwMDAwMDAwLCJ1cGRhdGUiOjEyMDAwMDAwMDAwMH19",
          "dependencies": [
            "module.networking.aws_vpc.main"
          ]
        }
      ]
    },
    {
      "module": "module.networking",
      "mode": "managed",
      "type": "aws_route_table",
      "name": "private-rt",
      "provider": "provider[\"registry.terraform.io/hashicorp/aws\"]",
      "instances": [
        {
          "schema_version": 0,
          "attributes": {
            "arn": "arn:aws:ec2:ap-south-1:423636639962:route-table/rtb-04c1fda96b43ecac9",
            "id": "rtb-04c1fda96b43ecac9",
            "owner_id": "423636639962",
            "propagating_vgws": [],
            "region": "ap-south-1",
            "route": [
              {
                "carrier_gateway_id": "",
                "cidr_block": "0.0.0.0/0",
                "core_network_arn": "",
                "destination_prefix_list_id": "",
                "egress_only_gateway_id": "",
                "gateway_id": "",
                "ipv6_cidr_block": "",
                "local_gateway_id": "",
                "nat_gateway_id": "nat-05c83273f9436f5e8",
                "network_interface_id": "",
                "odb_network_arn": "",
                "transit_gateway_id": "",
                "vpc_endpoint_id": "",
                "vpc_peering_connection_id": ""
              }
            ],
            "tags": {
              "Name": "private-rt"
            },
            "tags_all": {
              "Name": "private-rt"
            },
            "timeouts": null,
            "vpc_id": "vpc-0e7a984e1d7478dc6"
          },
          "sensitive_attributes": [],
          "identity_schema_version": 0,
          "identity": {
            "account_id": "423636639962",
            "id": "rtb-04c1fda96b43ecac9",
            "region": "ap-south-1"
          },
          "private": "eyJlMmJmYjczMC1lY2FhLTExZTYtOGY4OC0zNDM2M2JjN2M0YzAiOnsiY3JlYXRlIjozMDAwMDAwMDAwMDAsImRlbGV0ZSI6MzAwMDAwMDAwMDAwLCJ1cGRhdGUiOjEyMDAwMDAwMDAwMH19",
          "dependencies": [
            "module.networking.aws_eip.eip",
            "module.networking.aws_internet_gateway.igw",
            "module.networking.aws_nat_gateway.nat",
            "module.networking.aws_subnet.public-subnet",
            "module.networking.aws_vpc.main"
          ]
        }
      ]
    },
    {
      "module": "module.networking",
      "mode": "managed",
      "type": "aws_route_table",
      "name": "public-rt",
      "provider": "provider[\"registry.terraform.io/hashicorp/aws\"]",
      "instances": [
        {
          "schema_version": 0,
          "attributes": {
            "arn": "arn:aws:ec2:ap-south-1:423636639962:route-table/rtb-0fe9aa387e46f25bb",
            "id": "rtb-0fe9aa387e46f25bb",
            "owner_id": "423636639962",
            "propagating_vgws": [],
            "region": "ap-south-1",
            "route": [
              {
                "carrier_gateway_id": "",
                "cidr_block": "0.0.0.0/0",
                "core_network_arn": "",
                "destination_prefix_list_id": "",
                "egress_only_gateway_id": "",
                "gateway_id": "igw-0ff89275a1ee5a175",
                "ipv6_cidr_block": "",
                "local_gateway_id": "",
                "nat_gateway_id": "",
                "network_interface_id": "",
                "odb_network_arn": "",
                "transit_gateway_id": "",
                "vpc_endpoint_id": "",
                "vpc_peering_connection_id": ""
              }
            ],
            "tags": {
              "Name": "public-rt"
            },
            "tags_all": {
              "Name": "public-rt"
            },
            "timeouts": null,
            "vpc_id": "vpc-0e7a984e1d7478dc6"
          },
          "sensitive_attributes": [],
          "identity_schema_version": 0,
          "identity": {
            "account_id": "423636639962",
            "id": "rtb-0fe9aa387e46f25bb",
            "region": "ap-south-1"
          },
          "private": "eyJlMmJmYjczMC1lY2FhLTExZTYtOGY4OC0zNDM2M2JjN2M0YzAiOnsiY3JlYXRlIjozMDAwMDAwMDAwMDAsImRlbGV0ZSI6MzAwMDAwMDAwMDAwLCJ1cGRhdGUiOjEyMDAwMDAwMDAwMH19",
          "dependencies": [
            "module.networking.aws_internet_gateway.igw",
            "module.networking.aws_vpc.main"
          ]
        }
      ]
    },
    {
      "module": "module.networking",
      "mode": "managed",
      "type": "aws_route_table_association",
      "name": "database",
      "provider": "provider[\"registry.terraform.io/hashicorp/aws\"]",
      "instances": [
        {
          "index_key": 0,
          "schema_version": 0,
          "attributes": {
            "gateway_id": "",
            "id": "rtbassoc-07b805ded56640686",
            "region": "ap-south-1",
            "route_table_id": "rtb-0f290de5066d0aa58",
            "subnet_id": "subnet-046a0348a4dead7a9",
            "timeouts": null
          },
          "sensitive_attributes": [],
          "identity_schema_version": 0,
          "identity": {
            "account_id": "423636639962",
            "id": "rtbassoc-07b805ded56640686",
            "region": "ap-south-1"
          },
          "private": "eyJlMmJmYjczMC1lY2FhLTExZTYtOGY4OC0zNDM2M2JjN2M0YzAiOnsiY3JlYXRlIjozMDAwMDAwMDAwMDAsImRlbGV0ZSI6MzAwMDAwMDAwMDAwLCJ1cGRhdGUiOjEyMDAwMDAwMDAwMH19",
          "dependencies": [
            "module.networking.aws_route_table.database-rt",
            "module.networking.aws_subnet.private-db-subnet",
            "module.networking.aws_vpc.main"
          ]
        },
        {
          "index_key": 1,
          "schema_version": 0,
          "attributes": {
            "gateway_id": "",
            "id": "rtbassoc-0b04a9358f662c11e",
            "region": "ap-south-1",
            "route_table_id": "rtb-0f290de5066d0aa58",
            "subnet_id": "subnet-0e73dd03a203cf45f",
            "timeouts": null
          },
          "sensitive_attributes": [],
          "identity_schema_version": 0,
          "identity": {
            "account_id": "423636639962",
            "id": "rtbassoc-0b04a9358f662c11e",
            "region": "ap-south-1"
          },
          "private": "eyJlMmJmYjczMC1lY2FhLTExZTYtOGY4OC0zNDM2M2JjN2M0YzAiOnsiY3JlYXRlIjozMDAwMDAwMDAwMDAsImRlbGV0ZSI6MzAwMDAwMDAwMDAwLCJ1cGRhdGUiOjEyMDAwMDAwMDAwMH19",
          "dependencies": [
            "module.networking.aws_route_table.database-rt",
            "module.networking.aws_subnet.private-db-subnet",
            "module.networking.aws_vpc.main"
          ]
        }
      ]
    },
    {
      "module": "module.networking",
      "mode": "managed",
      "type": "aws_route_table_association",
      "name": "private",
      "provider": "provider[\"registry.terraform.io/hashicorp/aws\"]",
      "instances": [
        {
          "index_key": 0,
          "schema_version": 0,
          "attributes": {
            "gateway_id": "",
            "id": "rtbassoc-04d58eb106530e4e3",
            "region": "ap-south-1",
            "route_table_id": "rtb-04c1fda96b43ecac9",
            "subnet_id": "subnet-0882460629722a6d6",
            "timeouts": null
          },
          "sensitive_attributes": [],
          "identity_schema_version": 0,
          "identity": {
            "account_id": "423636639962",
            "id": "rtbassoc-04d58eb106530e4e3",
            "region": "ap-south-1"
          },
          "private": "eyJlMmJmYjczMC1lY2FhLTExZTYtOGY4OC0zNDM2M2JjN2M0YzAiOnsiY3JlYXRlIjozMDAwMDAwMDAwMDAsImRlbGV0ZSI6MzAwMDAwMDAwMDAwLCJ1cGRhdGUiOjEyMDAwMDAwMDAwMH19",
          "dependencies": [
            "module.networking.aws_eip.eip",
            "module.networking.aws_internet_gateway.igw",
            "module.networking.aws_nat_gateway.nat",
            "module.networking.aws_route_table.private-rt",
            "module.networking.aws_subnet.private-app-subnet",
            "module.networking.aws_subnet.public-subnet",
            "module.networking.aws_vpc.main"
          ]
        },
        {
          "index_key": 1,
          "schema_version": 0,
          "attributes": {
            "gateway_id": "",
            "id": "rtbassoc-08f42100630104daf",
            "region": "ap-south-1",
            "route_table_id": "rtb-04c1fda96b43ecac9",
            "subnet_id": "subnet-0f18ed813fdc511dd",
            "timeouts": null
          },
          "sensitive_attributes": [],
          "identity_schema_version": 0,
          "identity": {
            "account_id": "423636639962",
            "id": "rtbassoc-08f42100630104daf",
            "region": "ap-south-1"
          },
          "private": "eyJlMmJmYjczMC1lY2FhLTExZTYtOGY4OC0zNDM2M2JjN2M0YzAiOnsiY3JlYXRlIjozMDAwMDAwMDAwMDAsImRlbGV0ZSI6MzAwMDAwMDAwMDAwLCJ1cGRhdGUiOjEyMDAwMDAwMDAwMH19",
          "dependencies": [
            "module.networking.aws_eip.eip",
            "module.networking.aws_internet_gateway.igw",
            "module.networking.aws_nat_gateway.nat",
            "module.networking.aws_route_table.private-rt",
            "module.networking.aws_subnet.private-app-subnet",
            "module.networking.aws_subnet.public-subnet",
            "module.networking.aws_vpc.main"
          ]
        }
      ]
    },
    {
      "module": "module.networking",
      "mode": "managed",
      "type": "aws_route_table_association",
      "name": "public",
      "provider": "provider[\"registry.terraform.io/hashicorp/aws\"]",
      "instances": [
        {
          "index_key": 0,
          "schema_version": 0,
          "attributes": {
            "gateway_id": "",
            "id": "rtbassoc-0b8b245236671a3fb",
            "region": "ap-south-1",
            "route_table_id": "rtb-0fe9aa387e46f25bb",
            "subnet_id": "subnet-09971ad74d620a7d0",
            "timeouts": null
          },
          "sensitive_attributes": [],
          "identity_schema_version": 0,
          "identity": {
            "account_id": "423636639962",
            "id": "rtbassoc-0b8b245236671a3fb",
            "region": "ap-south-1"
          },
          "private": "eyJlMmJmYjczMC1lY2FhLTExZTYtOGY4OC0zNDM2M2JjN2M0YzAiOnsiY3JlYXRlIjozMDAwMDAwMDAwMDAsImRlbGV0ZSI6MzAwMDAwMDAwMDAwLCJ1cGRhdGUiOjEyMDAwMDAwMDAwMH19",
          "dependencies": [
            "module.networking.aws_internet_gateway.igw",
            "module.networking.aws_route_table.public-rt",
            "module.networking.aws_subnet.public-subnet",
            "module.networking.aws_vpc.main"
          ]
        },
        {
          "index_key": 1,
          "schema_version": 0,
          "attributes": {
            "gateway_id": "",
            "id": "rtbassoc-098f892ba93112641",
            "region": "ap-south-1",
            "route_table_id": "rtb-0fe9aa387e46f25bb",
            "subnet_id": "subnet-0dc8f60a154e30c15",
            "timeouts": null
          },
          "sensitive_attributes": [],
          "identity_schema_version": 0,
          "identity": {
            "account_id": "423636639962",
            "id": "rtbassoc-098f892ba93112641",
            "region": "ap-south-1"
          },
          "private": "eyJlMmJmYjczMC1lY2FhLTExZTYtOGY4OC0zNDM2M2JjN2M0YzAiOnsiY3JlYXRlIjozMDAwMDAwMDAwMDAsImRlbGV0ZSI6MzAwMDAwMDAwMDAwLCJ1cGRhdGUiOjEyMDAwMDAwMDAwMH19",
          "dependencies": [
            "module.networking.aws_internet_gateway.igw",
            "module.networking.aws_route_table.public-rt",
            "module.networking.aws_subnet.public-subnet",
            "module.networking.aws_vpc.main"
          ]
        }
      ]
    },
    {
      "module": "module.networking",
      "mode": "managed",
      "type": "aws_subnet",
      "name": "private-app-subnet",
      "provider": "provider[\"registry.terraform.io/hashicorp/aws\"]",
      "instances": [
        {
          "index_key": 0,
          "schema_version": 1,
          "attributes": {
            "arn": "arn:aws:ec2:ap-south-1:423636639962:subnet/subnet-0882460629722a6d6",
            "assign_ipv6_address_on_creation": false,
            "availability_zone": "ap-south-1a",
            "availability_zone_id": "aps1-az1",
            "cidr_block": "10.0.3.0/24",
            "customer_owned_ipv4_pool": "",
            "enable_dns64": false,
            "enable_lni_at_device_index": 0,
            "enable_resource_name_dns_a_record_on_launch": false,
            "enable_resource_name_dns_aaaa_record_on_launch": false,
            "id": "subnet-0882460629722a6d6",
            "ipv4_ipam_pool_id": null,
            "ipv4_netmask_length": null,
            "ipv6_cidr_block": "",
            "ipv6_cidr_block_association_id": "",
            "ipv6_ipam_pool_id": null,
            "ipv6_native": false,
            "ipv6_netmask_length": null,
            "map_customer_owned_ip_on_launch": false,
            "map_public_ip_on_launch": false,
            "outpost_arn": "",
            "owner_id": "423636639962",
            "private_dns_hostname_type_on_launch": "ip-name",
            "region": "ap-south-1",
            "tags": {
              "Name": "App_Subnet-1"
            },
            "tags_all": {
              "Name": "App_Subnet-1"
            },
            "timeouts": null,
            "vpc_id": "vpc-0e7a984e1d7478dc6"
          },
          "sensitive_attributes": [],
          "identity_schema_version": 0,
          "identity": {
            "account_id": "423636639962",
            "id": "subnet-0882460629722a6d6",
            "region": "ap-south-1"
          },
          "private": "eyJlMmJmYjczMC1lY2FhLTExZTYtOGY4OC0zNDM2M2JjN2M0YzAiOnsiY3JlYXRlIjo2MDAwMDAwMDAwMDAsImRlbGV0ZSI6MTIwMDAwMDAwMDAwMH0sInNjaGVtYV92ZXJzaW9uIjoiMSJ9",
          "dependencies": [
            "module.networking.aws_vpc.main"
          ]
        },
        {
          "index_key": 1,
          "schema_version": 1,
          "attributes": {
            "arn": "arn:aws:ec2:ap-south-1:423636639962:subnet/subnet-0f18ed813fdc511dd",
            "assign_ipv6_address_on_creation": false,
            "availability_zone": "ap-south-1b",
            "availability_zone_id": "aps1-az3",
            "cidr_block": "10.0.4.0/24",
            "customer_owned_ipv4_pool": "",
            "enable_dns64": false,
            "enable_lni_at_device_index": 0,
            "enable_resource_name_dns_a_record_on_launch": false,
            "enable_resource_name_dns_aaaa_record_on_launch": false,
            "id": "subnet-0f18ed813fdc511dd",
            "ipv4_ipam_pool_id": null,
            "ipv4_netmask_length": null,
            "ipv6_cidr_block": "",
            "ipv6_cidr_block_association_id": "",
            "ipv6_ipam_pool_id": null,
            "ipv6_native": false,
            "ipv6_netmask_length": null,
            "map_customer_owned_ip_on_launch": false,
            "map_public_ip_on_launch": false,
            "outpost_arn": "",
            "owner_id": "423636639962",
            "private_dns_hostname_type_on_launch": "ip-name",
            "region": "ap-south-1",
            "tags": {
              "Name": "App_Subnet-2"
            },
            "tags_all": {
              "Name": "App_Subnet-2"
            },
            "timeouts": null,
            "vpc_id": "vpc-0e7a984e1d7478dc6"
          },
          "sensitive_attributes": [],
          "identity_schema_version": 0,
          "identity": {
            "account_id": "423636639962",
            "id": "subnet-0f18ed813fdc511dd",
            "region": "ap-south-1"
          },
          "private": "eyJlMmJmYjczMC1lY2FhLTExZTYtOGY4OC0zNDM2M2JjN2M0YzAiOnsiY3JlYXRlIjo2MDAwMDAwMDAwMDAsImRlbGV0ZSI6MTIwMDAwMDAwMDAwMH0sInNjaGVtYV92ZXJzaW9uIjoiMSJ9",
          "dependencies": [
            "module.networking.aws_vpc.main"
          ]
        }
      ]
    },
    {
      "module": "module.networking",
      "mode": "managed",
      "type": "aws_subnet",
      "name": "private-db-subnet",
      "provider": "provider[\"registry.terraform.io/hashicorp/aws\"]",
      "instances": [
        {
          "index_key": 0,
          "schema_version": 1,
          "attributes": {
            "arn": "arn:aws:ec2:ap-south-1:423636639962:subnet/subnet-046a0348a4dead7a9",
            "assign_ipv6_address_on_creation": false,
            "availability_zone": "ap-south-1a",
            "availability_zone_id": "aps1-az1",
            "cidr_block": "10.0.5.0/24",
            "customer_owned_ipv4_pool": "",
            "enable_dns64": false,
            "enable_lni_at_device_index": 0,
            "enable_resource_name_dns_a_record_on_launch": false,
            "enable_resource_name_dns_aaaa_record_on_launch": false,
            "id": "subnet-046a0348a4dead7a9",
            "ipv4_ipam_pool_id": null,
            "ipv4_netmask_length": null,
            "ipv6_cidr_block": "",
            "ipv6_cidr_block_association_id": "",
            "ipv6_ipam_pool_id": null,
            "ipv6_native": false,
            "ipv6_netmask_length": null,
            "map_customer_owned_ip_on_launch": false,
            "map_public_ip_on_launch": false,
            "outpost_arn": "",
            "owner_id": "423636639962",
            "private_dns_hostname_type_on_launch": "ip-name",
            "region": "ap-south-1",
            "tags": {
              "Name": "DB_Subnet-1"
            },
            "tags_all": {
              "Name": "DB_Subnet-1"
            },
            "timeouts": null,
            "vpc_id": "vpc-0e7a984e1d7478dc6"
          },
          "sensitive_attributes": [],
          "identity_schema_version": 0,
          "identity": {
            "account_id": "423636639962",
            "id": "subnet-046a0348a4dead7a9",
            "region": "ap-south-1"
          },
          "private": "eyJlMmJmYjczMC1lY2FhLTExZTYtOGY4OC0zNDM2M2JjN2M0YzAiOnsiY3JlYXRlIjo2MDAwMDAwMDAwMDAsImRlbGV0ZSI6MTIwMDAwMDAwMDAwMH0sInNjaGVtYV92ZXJzaW9uIjoiMSJ9",
          "dependencies": [
            "module.networking.aws_vpc.main"
          ]
        },
        {
          "index_key": 1,
          "schema_version": 1,
          "attributes": {
            "arn": "arn:aws:ec2:ap-south-1:423636639962:subnet/subnet-0e73dd03a203cf45f",
            "assign_ipv6_address_on_creation": false,
            "availability_zone": "ap-south-1b",
            "availability_zone_id": "aps1-az3",
            "cidr_block": "10.0.6.0/24",
            "customer_owned_ipv4_pool": "",
            "enable_dns64": false,
            "enable_lni_at_device_index": 0,
            "enable_resource_name_dns_a_record_on_launch": false,
            "enable_resource_name_dns_aaaa_record_on_launch": false,
            "id": "subnet-0e73dd03a203cf45f",
            "ipv4_ipam_pool_id": null,
            "ipv4_netmask_length": null,
            "ipv6_cidr_block": "",
            "ipv6_cidr_block_association_id": "",
            "ipv6_ipam_pool_id": null,
            "ipv6_native": false,
            "ipv6_netmask_length": null,
            "map_customer_owned_ip_on_launch": false,
            "map_public_ip_on_launch": false,
            "outpost_arn": "",
            "owner_id": "423636639962",
            "private_dns_hostname_type_on_launch": "ip-name",
            "region": "ap-south-1",
            "tags": {
              "Name": "DB_Subnet-2"
            },
            "tags_all": {
              "Name": "DB_Subnet-2"
            },
            "timeouts": null,
            "vpc_id": "vpc-0e7a984e1d7478dc6"
          },
          "sensitive_attributes": [],
          "identity_schema_version": 0,
          "identity": {
            "account_id": "423636639962",
            "id": "subnet-0e73dd03a203cf45f",
            "region": "ap-south-1"
          },
          "private": "eyJlMmJmYjczMC1lY2FhLTExZTYtOGY4OC0zNDM2M2JjN2M0YzAiOnsiY3JlYXRlIjo2MDAwMDAwMDAwMDAsImRlbGV0ZSI6MTIwMDAwMDAwMDAwMH0sInNjaGVtYV92ZXJzaW9uIjoiMSJ9",
          "dependencies": [
            "module.networking.aws_vpc.main"
          ]
        }
      ]
    },
    {
      "module": "module.networking",
      "mode": "managed",
      "type": "aws_subnet",
      "name": "public-subnet",
      "provider": "provider[\"registry.terraform.io/hashicorp/aws\"]",
      "instances": [
        {
          "index_key": 0,
          "schema_version": 1,
          "attributes": {
            "arn": "arn:aws:ec2:ap-south-1:423636639962:subnet/subnet-09971ad74d620a7d0",
            "assign_ipv6_address_on_creation": false,
            "availability_zone": "ap-south-1a",
            "availability_zone_id": "aps1-az1",
            "cidr_block": "10.0.1.0/24",
            "customer_owned_ipv4_pool": "",
            "enable_dns64": false,
            "enable_lni_at_device_index": 0,
            "enable_resource_name_dns_a_record_on_launch": false,
            "enable_resource_name_dns_aaaa_record_on_launch": false,
            "id": "subnet-09971ad74d620a7d0",
            "ipv4_ipam_pool_id": null,
            "ipv4_netmask_length": null,
            "ipv6_cidr_block": "",
            "ipv6_cidr_block_association_id": "",
            "ipv6_ipam_pool_id": null,
            "ipv6_native": false,
            "ipv6_netmask_length": null,
            "map_customer_owned_ip_on_launch": false,
            "map_public_ip_on_launch": true,
            "outpost_arn": "",
            "owner_id": "423636639962",
            "private_dns_hostname_type_on_launch": "ip-name",
            "region": "ap-south-1",
            "tags": {
              "Name": "public-subnet-1"
            },
            "tags_all": {
              "Name": "public-subnet-1"
            },
            "timeouts": null,
            "vpc_id": "vpc-0e7a984e1d7478dc6"
          },
          "sensitive_attributes": [],
          "identity_schema_version": 0,
          "identity": {
            "account_id": "423636639962",
            "id": "subnet-09971ad74d620a7d0",
            "region": "ap-south-1"
          },
          "private": "eyJlMmJmYjczMC1lY2FhLTExZTYtOGY4OC0zNDM2M2JjN2M0YzAiOnsiY3JlYXRlIjo2MDAwMDAwMDAwMDAsImRlbGV0ZSI6MTIwMDAwMDAwMDAwMH0sInNjaGVtYV92ZXJzaW9uIjoiMSJ9",
          "dependencies": [
            "module.networking.aws_vpc.main"
          ]
        },
        {
          "index_key": 1,
          "schema_version": 1,
          "attributes": {
            "arn": "arn:aws:ec2:ap-south-1:423636639962:subnet/subnet-0dc8f60a154e30c15",
            "assign_ipv6_address_on_creation": false,
            "availability_zone": "ap-south-1b",
            "availability_zone_id": "aps1-az3",
            "cidr_block": "10.0.2.0/24",
            "customer_owned_ipv4_pool": "",
            "enable_dns64": false,
            "enable_lni_at_device_index": 0,
            "enable_resource_name_dns_a_record_on_launch": false,
            "enable_resource_name_dns_aaaa_record_on_launch": false,
            "id": "subnet-0dc8f60a154e30c15",
            "ipv4_ipam_pool_id": null,
            "ipv4_netmask_length": null,
            "ipv6_cidr_block": "",
            "ipv6_cidr_block_association_id": "",
            "ipv6_ipam_pool_id": null,
            "ipv6_native": false,
            "ipv6_netmask_length": null,
            "map_customer_owned_ip_on_launch": false,
            "map_public_ip_on_launch": true,
            "outpost_arn": "",
            "owner_id": "423636639962",
            "private_dns_hostname_type_on_launch": "ip-name",
            "region": "ap-south-1",
            "tags": {
              "Name": "public-subnet-2"
            },
            "tags_all": {
              "Name": "public-subnet-2"
            },
            "timeouts": null,
            "vpc_id": "vpc-0e7a984e1d7478dc6"
          },
          "sensitive_attributes": [],
          "identity_schema_version": 0,
          "identity": {
            "account_id": "423636639962",
            "id": "subnet-0dc8f60a154e30c15",
            "region": "ap-south-1"
          },
          "private": "eyJlMmJmYjczMC1lY2FhLTExZTYtOGY4OC0zNDM2M2JjN2M0YzAiOnsiY3JlYXRlIjo2MDAwMDAwMDAwMDAsImRlbGV0ZSI6MTIwMDAwMDAwMDAwMH0sInNjaGVtYV92ZXJzaW9uIjoiMSJ9",
          "dependencies": [
            "module.networking.aws_vpc.main"
          ]
        }
      ]
    },
    {
      "module": "module.networking",
      "mode": "managed",
      "type": "aws_vpc",
      "name": "main",
      "provider": "provider[\"registry.terraform.io/hashicorp/aws\"]",
      "instances": [
        {
          "schema_version": 1,
          "attributes": {
            "arn": "arn:aws:ec2:ap-south-1:423636639962:vpc/vpc-0e7a984e1d7478dc6",
            "assign_generated_ipv6_cidr_block": false,
            "cidr_block": "10.0.0.0/16",
            "default_network_acl_id": "acl-03a830a529cc3723f",
            "default_route_table_id": "rtb-09c6e7dac2c7a2d11",
            "default_security_group_id": "sg-0aaa6c3d78430b05b",
            "dhcp_options_id": "dopt-0b75782504462beb4",
            "enable_dns_hostnames": true,
            "enable_dns_support": true,
            "enable_network_address_usage_metrics": false,
            "id": "vpc-0e7a984e1d7478dc6",
            "instance_tenancy": "default",
            "ipv4_ipam_pool_id": null,
            "ipv4_netmask_length": null,
            "ipv6_association_id": "",
            "ipv6_cidr_block": "",
            "ipv6_cidr_block_network_border_group": "",
            "ipv6_ipam_pool_id": "",
            "ipv6_netmask_length": 0,
            "main_route_table_id": "rtb-09c6e7dac2c7a2d11",
            "owner_id": "423636639962",
            "region": "ap-south-1",
            "tags": {
              "Name": "cloudethix-vpc"
            },
            "tags_all": {
              "Name": "cloudethix-vpc"
            }
          },
          "sensitive_attributes": [],
          "identity_schema_version": 0,
          "identity": {
            "account_id": "423636639962",
            "id": "vpc-0e7a984e1d7478dc6",
            "region": "ap-south-1"
          },
          "private": "eyJzY2hlbWFfdmVyc2lvbiI6IjEifQ=="
        }
      ]
    },
    {
      "module": "module.rds",
      "mode": "managed",
      "type": "aws_db_instance",
      "name": "rds-db",
      "provider": "provider[\"registry.terraform.io/hashicorp/aws\"]",
      "instances": [
        {
          "schema_version": 2,
          "attributes": {
            "address": "three-tier-db.c9e08egmmmsp.ap-south-1.rds.amazonaws.com",
            "allocated_storage": 20,
            "allow_major_version_upgrade": null,
            "apply_immediately": false,
            "arn": "arn:aws:rds:ap-south-1:423636639962:db:three-tier-db",
            "auto_minor_version_upgrade": true,
            "availability_zone": "ap-south-1b",
            "backup_retention_period": 0,
            "backup_target": "region",
            "backup_window": "23:21-23:51",
            "blue_green_update": [],
            "ca_cert_identifier": "rds-ca-rsa2048-g1",
            "character_set_name": "",
            "copy_tags_to_snapshot": false,
            "custom_iam_instance_profile": "",
            "customer_owned_ip_enabled": false,
            "database_insights_mode": "standard",
            "db_name": "cloudethix",
            "db_subnet_group_name": "three-tier-db-subnet-group",
            "dedicated_log_volume": false,
            "delete_automated_backups": true,
            "deletion_protection": false,
            "domain": "",
            "domain_auth_secret_arn": "",
            "domain_dns_ips": null,
            "domain_fqdn": "",
            "domain_iam_role_name": "",
            "domain_ou": "",
            "enabled_cloudwatch_logs_exports": null,
            "endpoint": "three-tier-db.c9e08egmmmsp.ap-south-1.rds.amazonaws.com:3306",
            "engine": "mysql",
            "engine_lifecycle_support": "open-source-rds-extended-support",
            "engine_version": "8.0",
            "engine_version_actual": "8.0.46",
            "final_snapshot_identifier": null,
            "hosted_zone_id": "Z2VFMSZA74J7XZ",
            "iam_database_authentication_enabled": false,
            "id": "db-VOQUCJGQRX4LGMCBHNVJ3IGRMY",
            "identifier": "three-tier-db",
            "identifier_prefix": "",
            "instance_class": "db.t3.micro",
            "iops": 0,
            "kms_key_id": "",
            "latest_restorable_time": "",
            "license_model": "general-public-license",
            "listener_endpoint": [],
            "maintenance_window": "thu:11:25-thu:11:55",
            "manage_master_user_password": null,
            "master_user_secret": [],
            "master_user_secret_kms_key_id": null,
            "max_allocated_storage": 0,
            "monitoring_interval": 0,
            "monitoring_role_arn": "",
            "multi_az": false,
            "nchar_character_set_name": "",
            "network_type": "IPV4",
            "option_group_name": "default:mysql-8-0",
            "parameter_group_name": "default.mysql8.0",
            "password": "Avej1234",
            "password_wo": null,
            "password_wo_version": null,
            "performance_insights_enabled": false,
            "performance_insights_kms_key_id": "",
            "performance_insights_retention_period": 0,
            "port": 3306,
            "publicly_accessible": false,
            "region": "ap-south-1",
            "replica_mode": "",
            "replicas": [],
            "replicate_source_db": "",
            "resource_id": "db-VOQUCJGQRX4LGMCBHNVJ3IGRMY",
            "restore_to_point_in_time": [],
            "s3_import": [],
            "skip_final_snapshot": true,
            "snapshot_identifier": null,
            "status": "available",
            "storage_encrypted": false,
            "storage_throughput": 0,
            "storage_type": "gp2",
            "tags": {
              "Name": "three-tier-db"
            },
            "tags_all": {
              "Name": "three-tier-db"
            },
            "timeouts": null,
            "timezone": "",
            "upgrade_rollout_order": "second",
            "upgrade_storage_config": null,
            "username": "Avej",
            "vpc_security_group_ids": [
              "sg-09f32fe450e5a3e23"
            ]
          },
          "sensitive_attributes": [
            [
              {
                "type": "get_attr",
                "value": "password"
              }
            ],
            [
              {
                "type": "get_attr",
                "value": "password_wo"
              }
            ]
          ],
          "identity_schema_version": 0,
          "private": "eyJlMmJmYjczMC1lY2FhLTExZTYtOGY4OC0zNDM2M2JjN2M0YzAiOnsiY3JlYXRlIjozMDAwMDAwMDAwMDAwLCJkZWxldGUiOjM2MDAwMDAwMDAwMDAsInVwZGF0ZSI6NDgwMDAwMDAwMDAwMH0sInNjaGVtYV92ZXJzaW9uIjoiMiJ9",
          "dependencies": [
            "module.Security_groups.aws_security_group.alb-sg",
            "module.Security_groups.aws_security_group.app-sg",
            "module.Security_groups.aws_security_group.db-sg",
            "module.networking.aws_subnet.public-subnet",
            "module.networking.aws_vpc.main",
            "module.rds.aws_db_subnet_group.db-subnet-grp"
          ]
        }
      ]
    },
    {
      "module": "module.rds",
      "mode": "managed",
      "type": "aws_db_subnet_group",
      "name": "db-subnet-grp",
      "provider": "provider[\"registry.terraform.io/hashicorp/aws\"]",
      "instances": [
        {
          "schema_version": 0,
          "attributes": {
            "arn": "arn:aws:rds:ap-south-1:423636639962:subgrp:three-tier-db-subnet-group",
            "description": "Managed by Terraform",
            "id": "three-tier-db-subnet-group",
            "name": "three-tier-db-subnet-group",
            "name_prefix": "",
            "region": "ap-south-1",
            "subnet_ids": [
              "subnet-09971ad74d620a7d0",
              "subnet-0dc8f60a154e30c15"
            ],
            "supported_network_types": [
              "IPV4"
            ],
            "tags": {
              "Name": "three-tier-db-subnet-group"
            },
            "tags_all": {
              "Name": "three-tier-db-subnet-group"
            },
            "vpc_id": "vpc-0e7a984e1d7478dc6"
          },
          "sensitive_attributes": [],
          "identity_schema_version": 0,
          "identity": {
            "account_id": "423636639962",
            "name": "three-tier-db-subnet-group",
            "region": "ap-south-1"
          },
          "private": "bnVsbA==",
          "dependencies": [
            "module.networking.aws_subnet.public-subnet",
            "module.networking.aws_vpc.main"
          ]
        }
      ]
    }
  ],
  "check_results": null
}
